// !$*UTF8*$!
{
	archiveVersion = 1;
	classes = {
	};
	objectVersion = 52;
	objects = {

/* Begin PBXBuildFile section */
		1F09E6C623F3024500967828 /* NotificationAuthorizationRequestResult.swift in Sources */ = {isa = PBXBuildFile; fileRef = 1F09E6C523F3024500967828 /* NotificationAuthorizationRequestResult.swift */; };
		1F09E6C723F3024500967828 /* NotificationAuthorizationRequestResult.swift in Sources */ = {isa = PBXBuildFile; fileRef = 1F09E6C523F3024500967828 /* NotificationAuthorizationRequestResult.swift */; };
		1F09E6CF23F4936500967828 /* ShareResult.swift in Sources */ = {isa = PBXBuildFile; fileRef = 1F09E6CE23F4936500967828 /* ShareResult.swift */; };
		1F09E6D223F74DD300967828 /* SignInEventType.swift in Sources */ = {isa = PBXBuildFile; fileRef = 1F09E6D123F74DD300967828 /* SignInEventType.swift */; };
		1F09E6D323F74DD300967828 /* SignInEventType.swift in Sources */ = {isa = PBXBuildFile; fileRef = 1F09E6D123F74DD300967828 /* SignInEventType.swift */; };
		1F09E6D523F74E3200967828 /* SignInEvent.swift in Sources */ = {isa = PBXBuildFile; fileRef = 1F09E6D423F74E3200967828 /* SignInEvent.swift */; };
		1F09E6D623F74E3200967828 /* SignInEvent.swift in Sources */ = {isa = PBXBuildFile; fileRef = 1F09E6D423F74E3200967828 /* SignInEvent.swift */; };
		1F09E6D823F74E7400967828 /* InitializationEvent.swift in Sources */ = {isa = PBXBuildFile; fileRef = 1F09E6D723F74E7400967828 /* InitializationEvent.swift */; };
		1F09E6D923F74E7400967828 /* InitializationEvent.swift in Sources */ = {isa = PBXBuildFile; fileRef = 1F09E6D723F74E7400967828 /* InitializationEvent.swift */; };
		1F09E6DB23F84BD800967828 /* NotificationAuthorizationStatus.swift in Sources */ = {isa = PBXBuildFile; fileRef = 1F09E6DA23F84BD800967828 /* NotificationAuthorizationStatus.swift */; };
		1F09E6DC23F84BD800967828 /* NotificationAuthorizationStatus.swift in Sources */ = {isa = PBXBuildFile; fileRef = 1F09E6DA23F84BD800967828 /* NotificationAuthorizationStatus.swift */; };
		1F09E6DE23F84CA600967828 /* SignInEventResponse.swift in Sources */ = {isa = PBXBuildFile; fileRef = 1F09E6DD23F84CA600967828 /* SignInEventResponse.swift */; };
		1F09E6DF23F84CA600967828 /* SignInEventResponse.swift in Sources */ = {isa = PBXBuildFile; fileRef = 1F09E6DD23F84CA600967828 /* SignInEventResponse.swift */; };
		1F09E6E12409E3F400967828 /* WebAuthRequest.swift in Sources */ = {isa = PBXBuildFile; fileRef = 1F09E6E02409E3F400967828 /* WebAuthRequest.swift */; };
		1F09E6E22409E3F400967828 /* WebAuthRequest.swift in Sources */ = {isa = PBXBuildFile; fileRef = 1F09E6E02409E3F400967828 /* WebAuthRequest.swift */; };
		1F09E6E42409E5F700967828 /* WebAuthResponse.swift in Sources */ = {isa = PBXBuildFile; fileRef = 1F09E6E32409E5F700967828 /* WebAuthResponse.swift */; };
		1F09E6E52409E5F700967828 /* WebAuthResponse.swift in Sources */ = {isa = PBXBuildFile; fileRef = 1F09E6E32409E5F700967828 /* WebAuthResponse.swift */; };
		1F13B4C021CB167500EE6927 /* AppDelegate.swift in Sources */ = {isa = PBXBuildFile; fileRef = 1F13B4BF21CB167500EE6927 /* AppDelegate.swift */; };
		1F13B4C721CB167700EE6927 /* Assets.xcassets in Resources */ = {isa = PBXBuildFile; fileRef = 1F13B4C621CB167700EE6927 /* Assets.xcassets */; };
		1F13B4CA21CB167700EE6927 /* LaunchScreen.storyboard in Resources */ = {isa = PBXBuildFile; fileRef = 1F13B4C821CB167700EE6927 /* LaunchScreen.storyboard */; };
		1F13B4D321CC117300EE6927 /* WebKit.framework in Frameworks */ = {isa = PBXBuildFile; fileRef = 1F13B4D221CC117300EE6927 /* WebKit.framework */; };
		1F13B4D821CC667D00EE6927 /* WebAppViewController.swift in Sources */ = {isa = PBXBuildFile; fileRef = 1F13B4D721CC667D00EE6927 /* WebAppViewController.swift */; };
		1F13B4E821D2906E00EE6927 /* ArticleViewController.swift in Sources */ = {isa = PBXBuildFile; fileRef = 1F13B4E721D2906E00EE6927 /* ArticleViewController.swift */; };
		1F13B4EB21D2AAA900EE6927 /* UserPage.swift in Sources */ = {isa = PBXBuildFile; fileRef = 1F13B4EA21D2AAA900EE6927 /* UserPage.swift */; };
		1F13B4ED21D2ABA300EE6927 /* Article.swift in Sources */ = {isa = PBXBuildFile; fileRef = 1F13B4EC21D2ABA300EE6927 /* Article.swift */; };
		1F13B4EF21D2B3DE00EE6927 /* ArticleLookupResult.swift in Sources */ = {isa = PBXBuildFile; fileRef = 1F13B4EE21D2B3DE00EE6927 /* ArticleLookupResult.swift */; };
		1F13B4F121D2B48200EE6927 /* PageParseResult.swift in Sources */ = {isa = PBXBuildFile; fileRef = 1F13B4F021D2B48200EE6927 /* PageParseResult.swift */; };
		1F13B4F321D2B58300EE6927 /* ArticleParseResult.swift in Sources */ = {isa = PBXBuildFile; fileRef = 1F13B4F221D2B58300EE6927 /* ArticleParseResult.swift */; };
		1F13B4F521D2B5A300EE6927 /* SourceParseResult.swift in Sources */ = {isa = PBXBuildFile; fileRef = 1F13B4F421D2B5A300EE6927 /* SourceParseResult.swift */; };
		1F13B4F721D2B5DA00EE6927 /* AuthorParseResult.swift in Sources */ = {isa = PBXBuildFile; fileRef = 1F13B4F621D2B5DA00EE6927 /* AuthorParseResult.swift */; };
		1F13B4F921D2B5E700EE6927 /* PageLinkParseResult.swift in Sources */ = {isa = PBXBuildFile; fileRef = 1F13B4F821D2B5E700EE6927 /* PageLinkParseResult.swift */; };
		1F13B4FB21D2D04900EE6927 /* ReadStateCommitData.swift in Sources */ = {isa = PBXBuildFile; fileRef = 1F13B4FA21D2D04900EE6927 /* ReadStateCommitData.swift */; };
		1F13B4FD21D2D0B500EE6927 /* ArticleViewControllerParams.swift in Sources */ = {isa = PBXBuildFile; fileRef = 1F13B4FC21D2D0B500EE6927 /* ArticleViewControllerParams.swift */; };
		1F19471821DEDA0800D1599D /* DateDecodingStrategy.swift in Sources */ = {isa = PBXBuildFile; fileRef = 1F19471721DEDA0800D1599D /* DateDecodingStrategy.swift */; };
		1F19471A21DEF3A700D1599D /* CommitReadStateEvent.swift in Sources */ = {isa = PBXBuildFile; fileRef = 1F19471921DEF3A700D1599D /* CommitReadStateEvent.swift */; };
		1F19471D21DF004A00D1599D /* Message.swift in Sources */ = {isa = PBXBuildFile; fileRef = 1F19471C21DF004A00D1599D /* Message.swift */; };
		1F19471F21DF005C00D1599D /* CallEnvelope.swift in Sources */ = {isa = PBXBuildFile; fileRef = 1F19471E21DF005C00D1599D /* CallEnvelope.swift */; };
		1F19472121DF006B00D1599D /* ResponseEnvelope.swift in Sources */ = {isa = PBXBuildFile; fileRef = 1F19472021DF006B00D1599D /* ResponseEnvelope.swift */; };
		1F19472321DF007A00D1599D /* ResponseCallback.swift in Sources */ = {isa = PBXBuildFile; fileRef = 1F19472221DF007A00D1599D /* ResponseCallback.swift */; };
		1F19472721DF0F4200D1599D /* ArticleUpdatedEvent.swift in Sources */ = {isa = PBXBuildFile; fileRef = 1F19472621DF0F4200D1599D /* ArticleUpdatedEvent.swift */; };
		1F19476621E4033200D1599D /* WebViewContainerState.swift in Sources */ = {isa = PBXBuildFile; fileRef = 1F19476521E4033200D1599D /* WebViewContainerState.swift */; };
		1F19477221E8255900D1599D /* ShareViewController.swift in Sources */ = {isa = PBXBuildFile; fileRef = 1F19477121E8255900D1599D /* ShareViewController.swift */; };
		1F19477521E8255900D1599D /* MainInterface.storyboard in Resources */ = {isa = PBXBuildFile; fileRef = 1F19477321E8255900D1599D /* MainInterface.storyboard */; };
		1F19477921E8255900D1599D /* share-extension.appex in Embed App Extensions */ = {isa = PBXBuildFile; fileRef = 1F19476F21E8255900D1599D /* share-extension.appex */; settings = {ATTRIBUTES = (RemoveHeadersOnCopy, ); }; };
		1F19479121EA98AC00D1599D /* ArticleProcessing.swift in Sources */ = {isa = PBXBuildFile; fileRef = 1F19479021EA98AC00D1599D /* ArticleProcessing.swift */; };
		1F19479421EA9C1900D1599D /* APIServerURLSession.swift in Sources */ = {isa = PBXBuildFile; fileRef = 1F19479321EA9C1900D1599D /* APIServerURLSession.swift */; };
		1F19479721EAA42E00D1599D /* MessageWebView.swift in Sources */ = {isa = PBXBuildFile; fileRef = 1F19479621EAA42E00D1599D /* MessageWebView.swift */; };
		1F19479A21EAA93B00D1599D /* MessageWebViewDelegate.swift in Sources */ = {isa = PBXBuildFile; fileRef = 1F19479921EAA93B00D1599D /* MessageWebViewDelegate.swift */; };
		1F19479F21EAAA9100D1599D /* WebViewContainer.swift in Sources */ = {isa = PBXBuildFile; fileRef = 1F19479E21EAAA9100D1599D /* WebViewContainer.swift */; };
		1F1947A121EAAF7200D1599D /* HTMLTagReplacement.swift in Sources */ = {isa = PBXBuildFile; fileRef = 1F1947A021EAAF7200D1599D /* HTMLTagReplacement.swift */; };
		1F1947A921EAB0FA00D1599D /* ArticleProcessing.swift in Sources */ = {isa = PBXBuildFile; fileRef = 1F19479021EA98AC00D1599D /* ArticleProcessing.swift */; };
		1F1947AA21EAB0FA00D1599D /* HTMLTagReplacement.swift in Sources */ = {isa = PBXBuildFile; fileRef = 1F1947A021EAAF7200D1599D /* HTMLTagReplacement.swift */; };
		1F1947AD21EAB0FA00D1599D /* Message.swift in Sources */ = {isa = PBXBuildFile; fileRef = 1F19471C21DF004A00D1599D /* Message.swift */; };
		1F1947AE21EAB0FA00D1599D /* CallEnvelope.swift in Sources */ = {isa = PBXBuildFile; fileRef = 1F19471E21DF005C00D1599D /* CallEnvelope.swift */; };
		1F1947AF21EAB0FA00D1599D /* ResponseEnvelope.swift in Sources */ = {isa = PBXBuildFile; fileRef = 1F19472021DF006B00D1599D /* ResponseEnvelope.swift */; };
		1F1947B021EAB0FA00D1599D /* ResponseCallback.swift in Sources */ = {isa = PBXBuildFile; fileRef = 1F19472221DF007A00D1599D /* ResponseCallback.swift */; };
		1F1947B221EAB0FA00D1599D /* MessageWebView.swift in Sources */ = {isa = PBXBuildFile; fileRef = 1F19479621EAA42E00D1599D /* MessageWebView.swift */; };
		1F1947B321EAB0FA00D1599D /* MessageWebViewDelegate.swift in Sources */ = {isa = PBXBuildFile; fileRef = 1F19479921EAA93B00D1599D /* MessageWebViewDelegate.swift */; };
		1F1947B421EAB0FA00D1599D /* APIServerURLSession.swift in Sources */ = {isa = PBXBuildFile; fileRef = 1F19479321EA9C1900D1599D /* APIServerURLSession.swift */; };
		1F1947B621EAB3E600D1599D /* WebViewContainerDelegate.swift in Sources */ = {isa = PBXBuildFile; fileRef = 1F1947B521EAB3E600D1599D /* WebViewContainerDelegate.swift */; };
		1F1947B721EABB0400D1599D /* DateDecodingStrategy.swift in Sources */ = {isa = PBXBuildFile; fileRef = 1F19471721DEDA0800D1599D /* DateDecodingStrategy.swift */; };
		1F1947B821EAC5A800D1599D /* UserPage.swift in Sources */ = {isa = PBXBuildFile; fileRef = 1F13B4EA21D2AAA900EE6927 /* UserPage.swift */; };
		1F1947B921EAC5A800D1599D /* Article.swift in Sources */ = {isa = PBXBuildFile; fileRef = 1F13B4EC21D2ABA300EE6927 /* Article.swift */; };
		1F1947BA21EAC5A800D1599D /* ArticleLookupResult.swift in Sources */ = {isa = PBXBuildFile; fileRef = 1F13B4EE21D2B3DE00EE6927 /* ArticleLookupResult.swift */; };
		1F1947BB21EAC5A800D1599D /* PageParseResult.swift in Sources */ = {isa = PBXBuildFile; fileRef = 1F13B4F021D2B48200EE6927 /* PageParseResult.swift */; };
		1F1947BC21EAC5A800D1599D /* ArticleParseResult.swift in Sources */ = {isa = PBXBuildFile; fileRef = 1F13B4F221D2B58300EE6927 /* ArticleParseResult.swift */; };
		1F1947BD21EAC5A800D1599D /* SourceParseResult.swift in Sources */ = {isa = PBXBuildFile; fileRef = 1F13B4F421D2B5A300EE6927 /* SourceParseResult.swift */; };
		1F1947BE21EAC5A800D1599D /* AuthorParseResult.swift in Sources */ = {isa = PBXBuildFile; fileRef = 1F13B4F621D2B5DA00EE6927 /* AuthorParseResult.swift */; };
		1F1947BF21EAC5A800D1599D /* PageLinkParseResult.swift in Sources */ = {isa = PBXBuildFile; fileRef = 1F13B4F821D2B5E700EE6927 /* PageLinkParseResult.swift */; };
		1F1947C021EAC5A800D1599D /* ReadStateCommitData.swift in Sources */ = {isa = PBXBuildFile; fileRef = 1F13B4FA21D2D04900EE6927 /* ReadStateCommitData.swift */; };
		1F1947C521EAC5A800D1599D /* CommitReadStateEvent.swift in Sources */ = {isa = PBXBuildFile; fileRef = 1F19471921DEF3A700D1599D /* CommitReadStateEvent.swift */; };
		1F1947C621EAC5A800D1599D /* ArticleUpdatedEvent.swift in Sources */ = {isa = PBXBuildFile; fileRef = 1F19472621DF0F4200D1599D /* ArticleUpdatedEvent.swift */; };
		1F1947C721EBA49E00D1599D /* WebKit.framework in Frameworks */ = {isa = PBXBuildFile; fileRef = 1F13B4D221CC117300EE6927 /* WebKit.framework */; };
		1F2E54D122C50129002D52E6 /* LeaderboardBadge.swift in Sources */ = {isa = PBXBuildFile; fileRef = 1F2E54D022C50129002D52E6 /* LeaderboardBadge.swift */; };
		1F2E54D222C50129002D52E6 /* LeaderboardBadge.swift in Sources */ = {isa = PBXBuildFile; fileRef = 1F2E54D022C50129002D52E6 /* LeaderboardBadge.swift */; };
		1F4D985922FF0AFA009076D1 /* ArticleProcessingMode.swift in Sources */ = {isa = PBXBuildFile; fileRef = 1F4D985822FF0AFA009076D1 /* ArticleProcessingMode.swift */; };
		1F4D985A22FF0AFA009076D1 /* ArticleProcessingMode.swift in Sources */ = {isa = PBXBuildFile; fileRef = 1F4D985822FF0AFA009076D1 /* ArticleProcessingMode.swift */; };
		1F53AAEB2200B9DD0002C6FB /* ArticleReference.swift in Sources */ = {isa = PBXBuildFile; fileRef = 1F53AAEA2200B9DD0002C6FB /* ArticleReference.swift */; };
		1F53AAED220115710002C6FB /* SharedCookieStore.swift in Sources */ = {isa = PBXBuildFile; fileRef = 1F53AAEC220115710002C6FB /* SharedCookieStore.swift */; };
		1F53AAEE220115710002C6FB /* SharedCookieStore.swift in Sources */ = {isa = PBXBuildFile; fileRef = 1F53AAEC220115710002C6FB /* SharedCookieStore.swift */; };
		1F5B32C0238B1BC50060B693 /* ArticleFlair.swift in Sources */ = {isa = PBXBuildFile; fileRef = 1F5B32BF238B1BC50060B693 /* ArticleFlair.swift */; };
		1F5B32C1238B1BC50060B693 /* ArticleFlair.swift in Sources */ = {isa = PBXBuildFile; fileRef = 1F5B32BF238B1BC50060B693 /* ArticleFlair.swift */; };
		1F5B32C3238B1C3E0060B693 /* CommentAddendum.swift in Sources */ = {isa = PBXBuildFile; fileRef = 1F5B32C2238B1C3E0060B693 /* CommentAddendum.swift */; };
		1F5B32C4238B1C3E0060B693 /* CommentAddendum.swift in Sources */ = {isa = PBXBuildFile; fileRef = 1F5B32C2238B1C3E0060B693 /* CommentAddendum.swift */; };
		1F5B32C6238B1D590060B693 /* CommentAddendumForm.swift in Sources */ = {isa = PBXBuildFile; fileRef = 1F5B32C5238B1D590060B693 /* CommentAddendumForm.swift */; };
		1F5B32C7238B1D590060B693 /* CommentAddendumForm.swift in Sources */ = {isa = PBXBuildFile; fileRef = 1F5B32C5238B1D590060B693 /* CommentAddendumForm.swift */; };
		1F5B32C9238B1DA30060B693 /* CommentRevisionForm.swift in Sources */ = {isa = PBXBuildFile; fileRef = 1F5B32C8238B1DA30060B693 /* CommentRevisionForm.swift */; };
		1F5B32CA238B1DA30060B693 /* CommentRevisionForm.swift in Sources */ = {isa = PBXBuildFile; fileRef = 1F5B32C8238B1DA30060B693 /* CommentRevisionForm.swift */; };
		1F5B32CC238B1DC80060B693 /* CommentDeletionForm.swift in Sources */ = {isa = PBXBuildFile; fileRef = 1F5B32CB238B1DC80060B693 /* CommentDeletionForm.swift */; };
		1F5B32CD238B1DC80060B693 /* CommentDeletionForm.swift in Sources */ = {isa = PBXBuildFile; fileRef = 1F5B32CB238B1DC80060B693 /* CommentDeletionForm.swift */; };
		1F5FB903250FBAAD00DABE16 /* DisplayTheme.swift in Sources */ = {isa = PBXBuildFile; fileRef = 1F5FB902250FBAAD00DABE16 /* DisplayTheme.swift */; };
		1F5FB904250FBAAD00DABE16 /* DisplayTheme.swift in Sources */ = {isa = PBXBuildFile; fileRef = 1F5FB902250FBAAD00DABE16 /* DisplayTheme.swift */; };
		1F5FB906250FBAE200DABE16 /* DisplayPreference.swift in Sources */ = {isa = PBXBuildFile; fileRef = 1F5FB905250FBAE200DABE16 /* DisplayPreference.swift */; };
		1F5FB907250FBAE200DABE16 /* DisplayPreference.swift in Sources */ = {isa = PBXBuildFile; fileRef = 1F5FB905250FBAE200DABE16 /* DisplayPreference.swift */; };
		1F5FB909250FF74800DABE16 /* DisplayPreferenceService.swift in Sources */ = {isa = PBXBuildFile; fileRef = 1F5FB908250FF74800DABE16 /* DisplayPreferenceService.swift */; };
		1F71E9E123560DCA000F869D /* LocalStorage.swift in Sources */ = {isa = PBXBuildFile; fileRef = 1F71E9E023560DCA000F869D /* LocalStorage.swift */; };
		1F71E9E223560DCA000F869D /* LocalStorage.swift in Sources */ = {isa = PBXBuildFile; fileRef = 1F71E9E023560DCA000F869D /* LocalStorage.swift */; };
		1F71E9E42356177E000F869D /* DeviceRegistrationForm.swift in Sources */ = {isa = PBXBuildFile; fileRef = 1F71E9E32356177E000F869D /* DeviceRegistrationForm.swift */; };
		1F71E9E52356177E000F869D /* DeviceRegistrationForm.swift in Sources */ = {isa = PBXBuildFile; fileRef = 1F71E9E32356177E000F869D /* DeviceRegistrationForm.swift */; };
		1F71E9E723563049000F869D /* NotificationService.swift in Sources */ = {isa = PBXBuildFile; fileRef = 1F71E9E623563049000F869D /* NotificationService.swift */; };
		1F71E9EA235676F8000F869D /* DeviceInfo.swift in Sources */ = {isa = PBXBuildFile; fileRef = 1F71E9E9235676F8000F869D /* DeviceInfo.swift */; };
		1F71E9EB235676F8000F869D /* DeviceInfo.swift in Sources */ = {isa = PBXBuildFile; fileRef = 1F71E9E9235676F8000F869D /* DeviceInfo.swift */; };
		1F71E9ED23578148000F869D /* PushAuthDenailForm.swift in Sources */ = {isa = PBXBuildFile; fileRef = 1F71E9EC23578148000F869D /* PushAuthDenailForm.swift */; };
		1F71E9EE23578148000F869D /* PushAuthDenailForm.swift in Sources */ = {isa = PBXBuildFile; fileRef = 1F71E9EC23578148000F869D /* PushAuthDenailForm.swift */; };
		1F71E9F0235B54EF000F869D /* AppActivationEvent.swift in Sources */ = {isa = PBXBuildFile; fileRef = 1F71E9EF235B54EF000F869D /* AppActivationEvent.swift */; };
		1F71E9F1235B54EF000F869D /* AppActivationEvent.swift in Sources */ = {isa = PBXBuildFile; fileRef = 1F71E9EF235B54EF000F869D /* AppActivationEvent.swift */; };
		1F755A43239C4B8200124191 /* SafariViewControllerExtensions.swift in Sources */ = {isa = PBXBuildFile; fileRef = 1F755A42239C4B8200124191 /* SafariViewControllerExtensions.swift */; };
		1F7870712295B88A003493DE /* WebViewScript.swift in Sources */ = {isa = PBXBuildFile; fileRef = 1FDBBC7322109CED00E03051 /* WebViewScript.swift */; };
		1F80C94D21ED53AF0060819F /* AlertViewController.swift in Sources */ = {isa = PBXBuildFile; fileRef = 1F80C94C21ED53AF0060819F /* AlertViewController.swift */; };
		1F83DEA024606250008561FF /* ArticleIssueReportRequest.swift in Sources */ = {isa = PBXBuildFile; fileRef = 1F83DE9F24606250008561FF /* ArticleIssueReportRequest.swift */; };
		1F83DEA124606250008561FF /* ArticleIssueReportRequest.swift in Sources */ = {isa = PBXBuildFile; fileRef = 1F83DE9F24606250008561FF /* ArticleIssueReportRequest.swift */; };
		1F83DEA72463303F008561FF /* FadeInAnimator.swift in Sources */ = {isa = PBXBuildFile; fileRef = 1F83DEA62463303F008561FF /* FadeInAnimator.swift */; };
		1F83DEA924633302008561FF /* FadeOutAnimator.swift in Sources */ = {isa = PBXBuildFile; fileRef = 1F83DEA824633302008561FF /* FadeOutAnimator.swift */; };
		1F8768B3223187BB002B5D16 /* SemanticVersion.swift in Sources */ = {isa = PBXBuildFile; fileRef = 1FDBBC7722109D0F00E03051 /* SemanticVersion.swift */; };
		1F8768B522318829002B5D16 /* SharedBundleInfo.swift in Sources */ = {isa = PBXBuildFile; fileRef = 1F8768B422318829002B5D16 /* SharedBundleInfo.swift */; };
		1F8768B622318829002B5D16 /* SharedBundleInfo.swift in Sources */ = {isa = PBXBuildFile; fileRef = 1F8768B422318829002B5D16 /* SharedBundleInfo.swift */; };
		1F8768B822318B54002B5D16 /* AppBundleInfo.swift in Sources */ = {isa = PBXBuildFile; fileRef = 1F8768B722318B54002B5D16 /* AppBundleInfo.swift */; };
		1F8768BA2231AC0D002B5D16 /* ShareData.swift in Sources */ = {isa = PBXBuildFile; fileRef = 1F8768B92231AC0D002B5D16 /* ShareData.swift */; };
		1F8768BC22381137002B5D16 /* ClipboardReferrer.swift in Sources */ = {isa = PBXBuildFile; fileRef = 1F8768BB22381137002B5D16 /* ClipboardReferrer.swift */; };
		1F8768C02239C04B002B5D16 /* ShareDataStringSource.swift in Sources */ = {isa = PBXBuildFile; fileRef = 1F8768BF2239C04B002B5D16 /* ShareDataStringSource.swift */; };
		1F8768C22239CD70002B5D16 /* EmailShareData.swift in Sources */ = {isa = PBXBuildFile; fileRef = 1F8768C12239CD70002B5D16 /* EmailShareData.swift */; };
		1F8768C4223AE0B0002B5D16 /* ShareBlockerSource.swift in Sources */ = {isa = PBXBuildFile; fileRef = 1F8768C3223AE0B0002B5D16 /* ShareBlockerSource.swift */; };
		1F8768C6223AF9B6002B5D16 /* ShareDataURLSource.swift in Sources */ = {isa = PBXBuildFile; fileRef = 1F8768C5223AF9B6002B5D16 /* ShareDataURLSource.swift */; };
		1F8768D0225F9EA4002B5D16 /* SharingExtensions.swift in Sources */ = {isa = PBXBuildFile; fileRef = 1F8768CF225F9EA4002B5D16 /* SharingExtensions.swift */; };
		1F8768D222692AB8002B5D16 /* CommentForm.swift in Sources */ = {isa = PBXBuildFile; fileRef = 1F8768D122692AB8002B5D16 /* CommentForm.swift */; };
		1F8768D322692AB8002B5D16 /* CommentForm.swift in Sources */ = {isa = PBXBuildFile; fileRef = 1F8768D122692AB8002B5D16 /* CommentForm.swift */; };
		1F8768D522692B7F002B5D16 /* CommentThread.swift in Sources */ = {isa = PBXBuildFile; fileRef = 1F8768D422692B7F002B5D16 /* CommentThread.swift */; };
		1F8768D622692B7F002B5D16 /* CommentThread.swift in Sources */ = {isa = PBXBuildFile; fileRef = 1F8768D422692B7F002B5D16 /* CommentThread.swift */; };
		1F8768D822693700002B5D16 /* UserAccount.swift in Sources */ = {isa = PBXBuildFile; fileRef = 1F8768D722693700002B5D16 /* UserAccount.swift */; };
		1F8768D922693700002B5D16 /* UserAccount.swift in Sources */ = {isa = PBXBuildFile; fileRef = 1F8768D722693700002B5D16 /* UserAccount.swift */; };
		1F8768DB2269390D002B5D16 /* UserAccountRole.swift in Sources */ = {isa = PBXBuildFile; fileRef = 1F8768DA2269390D002B5D16 /* UserAccountRole.swift */; };
		1F8768DC2269390D002B5D16 /* UserAccountRole.swift in Sources */ = {isa = PBXBuildFile; fileRef = 1F8768DA2269390D002B5D16 /* UserAccountRole.swift */; };
		1F8768DE2270C4B5002B5D16 /* PostCommentResult.swift in Sources */ = {isa = PBXBuildFile; fileRef = 1F8768DD2270C4B5002B5D16 /* PostCommentResult.swift */; };
		1F8768DF2270C4B5002B5D16 /* PostCommentResult.swift in Sources */ = {isa = PBXBuildFile; fileRef = 1F8768DD2270C4B5002B5D16 /* PostCommentResult.swift */; };
		1F9D8F61244CCC7500466895 /* TwitterRequestToken.swift in Sources */ = {isa = PBXBuildFile; fileRef = 1F9D8F60244CCC7500466895 /* TwitterRequestToken.swift */; };
		1F9D8F62244CCC7500466895 /* TwitterRequestToken.swift in Sources */ = {isa = PBXBuildFile; fileRef = 1F9D8F60244CCC7500466895 /* TwitterRequestToken.swift */; };
		1F9D8F64244CFDA400466895 /* TwitterCredentialLinkForm.swift in Sources */ = {isa = PBXBuildFile; fileRef = 1F9D8F63244CFDA400466895 /* TwitterCredentialLinkForm.swift */; };
		1F9D8F65244CFDA400466895 /* TwitterCredentialLinkForm.swift in Sources */ = {isa = PBXBuildFile; fileRef = 1F9D8F63244CFDA400466895 /* TwitterCredentialLinkForm.swift */; };
		1F9D8F67244CFF0400466895 /* AuthServiceProvider.swift in Sources */ = {isa = PBXBuildFile; fileRef = 1F9D8F66244CFF0400466895 /* AuthServiceProvider.swift */; };
		1F9D8F68244CFF0400466895 /* AuthServiceProvider.swift in Sources */ = {isa = PBXBuildFile; fileRef = 1F9D8F66244CFF0400466895 /* AuthServiceProvider.swift */; };
		1F9D8F6A244CFF1600466895 /* AuthServiceAccountAssociation.swift in Sources */ = {isa = PBXBuildFile; fileRef = 1F9D8F69244CFF1600466895 /* AuthServiceAccountAssociation.swift */; };
		1F9D8F6B244CFF1600466895 /* AuthServiceAccountAssociation.swift in Sources */ = {isa = PBXBuildFile; fileRef = 1F9D8F69244CFF1600466895 /* AuthServiceAccountAssociation.swift */; };
		1FA91D05235BC54500E3EDE2 /* AlertStatus.swift in Sources */ = {isa = PBXBuildFile; fileRef = 1FA91D04235BC54500E3EDE2 /* AlertStatus.swift */; };
		1FA91D06235BC54500E3EDE2 /* AlertStatus.swift in Sources */ = {isa = PBXBuildFile; fileRef = 1FA91D04235BC54500E3EDE2 /* AlertStatus.swift */; };
		1FA91D08235BC77400E3EDE2 /* NotificationServiceDelegate.swift in Sources */ = {isa = PBXBuildFile; fileRef = 1FA91D07235BC77400E3EDE2 /* NotificationServiceDelegate.swift */; };
		1FA91D0A235FAA2100E3EDE2 /* PushViewForm.swift in Sources */ = {isa = PBXBuildFile; fileRef = 1FA91D09235FAA2100E3EDE2 /* PushViewForm.swift */; };
		1FA91D0B235FAA2100E3EDE2 /* PushViewForm.swift in Sources */ = {isa = PBXBuildFile; fileRef = 1FA91D09235FAA2100E3EDE2 /* PushViewForm.swift */; };
		1FA91D0D235FAA2F00E3EDE2 /* PushReplyForm.swift in Sources */ = {isa = PBXBuildFile; fileRef = 1FA91D0C235FAA2F00E3EDE2 /* PushReplyForm.swift */; };
		1FA91D0E235FAA2F00E3EDE2 /* PushReplyForm.swift in Sources */ = {isa = PBXBuildFile; fileRef = 1FA91D0C235FAA2F00E3EDE2 /* PushReplyForm.swift */; };
		1FACDABA25164639006B7E64 /* Cocoa.framework in Frameworks */ = {isa = PBXBuildFile; fileRef = 1FACDAB925164639006B7E64 /* Cocoa.framework */; };
		1FACDABD25164639006B7E64 /* SafariWebExtensionHandler.swift in Sources */ = {isa = PBXBuildFile; fileRef = 1FACDABC25164639006B7E64 /* SafariWebExtensionHandler.swift */; };
		1FACDAED251675C5006B7E64 /* safari-extension.appex in Embed App Extensions */ = {isa = PBXBuildFile; fileRef = 1FACDAB825164639006B7E64 /* safari-extension.appex */; platformFilter = maccatalyst; settings = {ATTRIBUTES = (RemoveHeadersOnCopy, ); }; };
		1FC0D616231AD1C200E4DD9A /* PostComment.swift in Sources */ = {isa = PBXBuildFile; fileRef = 1FC0D615231AD1C200E4DD9A /* PostComment.swift */; };
		1FC0D617231AD1C200E4DD9A /* PostComment.swift in Sources */ = {isa = PBXBuildFile; fileRef = 1FC0D615231AD1C200E4DD9A /* PostComment.swift */; };
		1FC0D619231AD23100E4DD9A /* Post.swift in Sources */ = {isa = PBXBuildFile; fileRef = 1FC0D618231AD23100E4DD9A /* Post.swift */; };
		1FC0D61A231AD23100E4DD9A /* Post.swift in Sources */ = {isa = PBXBuildFile; fileRef = 1FC0D618231AD23100E4DD9A /* Post.swift */; };
		1FC0D61C231AD29500E4DD9A /* PostForm.swift in Sources */ = {isa = PBXBuildFile; fileRef = 1FC0D61B231AD29500E4DD9A /* PostForm.swift */; };
		1FC0D61D231AD29500E4DD9A /* PostForm.swift in Sources */ = {isa = PBXBuildFile; fileRef = 1FC0D61B231AD29500E4DD9A /* PostForm.swift */; };
		1FDBBC7422109CED00E03051 /* WebViewScript.swift in Sources */ = {isa = PBXBuildFile; fileRef = 1FDBBC7322109CED00E03051 /* WebViewScript.swift */; };
		1FDBBC7622109CFA00E03051 /* ScriptUpdater.swift in Sources */ = {isa = PBXBuildFile; fileRef = 1FDBBC7522109CFA00E03051 /* ScriptUpdater.swift */; };
		1FDBBC7822109D0F00E03051 /* SemanticVersion.swift in Sources */ = {isa = PBXBuildFile; fileRef = 1FDBBC7722109D0F00E03051 /* SemanticVersion.swift */; };
		1FDBBC7B2210E31300E03051 /* share-extension.js in Resources */ = {isa = PBXBuildFile; fileRef = 1FDBBC7A2210E31300E03051 /* share-extension.js */; };
		1FDBBC7D221229B500E03051 /* reader.js in Resources */ = {isa = PBXBuildFile; fileRef = 1FDBBC7C221229B500E03051 /* reader.js */; };
		1FDBBC8522173D9400E03051 /* Rating.swift in Sources */ = {isa = PBXBuildFile; fileRef = 1FDBBC8422173D9400E03051 /* Rating.swift */; };
		1FDBBC8622173D9400E03051 /* Rating.swift in Sources */ = {isa = PBXBuildFile; fileRef = 1FDBBC8422173D9400E03051 /* Rating.swift */; };
		1FEFD0CA244777EC00C059AC /* TempHTTPCookieStorage.swift in Sources */ = {isa = PBXBuildFile; fileRef = 1FEFD0C9244777EC00C059AC /* TempHTTPCookieStorage.swift */; };
		1FEFD0CB244777EC00C059AC /* TempHTTPCookieStorage.swift in Sources */ = {isa = PBXBuildFile; fileRef = 1FEFD0C9244777EC00C059AC /* TempHTTPCookieStorage.swift */; };
/* End PBXBuildFile section */

/* Begin PBXContainerItemProxy section */
		1F19477721E8255900D1599D /* PBXContainerItemProxy */ = {
			isa = PBXContainerItemProxy;
			containerPortal = 1F13B4B421CB167500EE6927 /* Project object */;
			proxyType = 1;
			remoteGlobalIDString = 1F19476E21E8255900D1599D;
			remoteInfo = "share-extension";
		};
		1FACDAEE251675C5006B7E64 /* PBXContainerItemProxy */ = {
			isa = PBXContainerItemProxy;
			containerPortal = 1F13B4B421CB167500EE6927 /* Project object */;
			proxyType = 1;
			remoteGlobalIDString = 1FACDAB725164639006B7E64;
			remoteInfo = "safari-extension";
		};
/* End PBXContainerItemProxy section */

/* Begin PBXCopyFilesBuildPhase section */
		1F19477D21E8255900D1599D /* Embed App Extensions */ = {
			isa = PBXCopyFilesBuildPhase;
			buildActionMask = 2147483647;
			dstPath = "";
			dstSubfolderSpec = 13;
			files = (
				1FACDAED251675C5006B7E64 /* safari-extension.appex in Embed App Extensions */,
				1F19477921E8255900D1599D /* share-extension.appex in Embed App Extensions */,
			);
			name = "Embed App Extensions";
			runOnlyForDeploymentPostprocessing = 0;
		};
/* End PBXCopyFilesBuildPhase section */

/* Begin PBXFileReference section */
		1F09E6C523F3024500967828 /* NotificationAuthorizationRequestResult.swift */ = {isa = PBXFileReference; lastKnownFileType = sourcecode.swift; path = NotificationAuthorizationRequestResult.swift; sourceTree = "<group>"; };
		1F09E6CE23F4936500967828 /* ShareResult.swift */ = {isa = PBXFileReference; lastKnownFileType = sourcecode.swift; path = ShareResult.swift; sourceTree = "<group>"; };
		1F09E6D123F74DD300967828 /* SignInEventType.swift */ = {isa = PBXFileReference; lastKnownFileType = sourcecode.swift; path = SignInEventType.swift; sourceTree = "<group>"; };
		1F09E6D423F74E3200967828 /* SignInEvent.swift */ = {isa = PBXFileReference; lastKnownFileType = sourcecode.swift; path = SignInEvent.swift; sourceTree = "<group>"; };
		1F09E6D723F74E7400967828 /* InitializationEvent.swift */ = {isa = PBXFileReference; lastKnownFileType = sourcecode.swift; path = InitializationEvent.swift; sourceTree = "<group>"; };
		1F09E6DA23F84BD800967828 /* NotificationAuthorizationStatus.swift */ = {isa = PBXFileReference; lastKnownFileType = sourcecode.swift; path = NotificationAuthorizationStatus.swift; sourceTree = "<group>"; };
		1F09E6DD23F84CA600967828 /* SignInEventResponse.swift */ = {isa = PBXFileReference; lastKnownFileType = sourcecode.swift; path = SignInEventResponse.swift; sourceTree = "<group>"; };
		1F09E6E02409E3F400967828 /* WebAuthRequest.swift */ = {isa = PBXFileReference; lastKnownFileType = sourcecode.swift; path = WebAuthRequest.swift; sourceTree = "<group>"; };
		1F09E6E32409E5F700967828 /* WebAuthResponse.swift */ = {isa = PBXFileReference; lastKnownFileType = sourcecode.swift; path = WebAuthResponse.swift; sourceTree = "<group>"; };
		1F13B4BC21CB167500EE6927 /* ios.app */ = {isa = PBXFileReference; explicitFileType = wrapper.application; includeInIndex = 0; path = ios.app; sourceTree = BUILT_PRODUCTS_DIR; };
		1F13B4BF21CB167500EE6927 /* AppDelegate.swift */ = {isa = PBXFileReference; lastKnownFileType = sourcecode.swift; path = AppDelegate.swift; sourceTree = "<group>"; };
		1F13B4C621CB167700EE6927 /* Assets.xcassets */ = {isa = PBXFileReference; lastKnownFileType = folder.assetcatalog; path = Assets.xcassets; sourceTree = "<group>"; };
		1F13B4C921CB167700EE6927 /* Base */ = {isa = PBXFileReference; lastKnownFileType = file.storyboard; name = Base; path = Base.lproj/LaunchScreen.storyboard; sourceTree = "<group>"; };
		1F13B4D221CC117300EE6927 /* WebKit.framework */ = {isa = PBXFileReference; lastKnownFileType = wrapper.framework; name = WebKit.framework; path = System/Library/Frameworks/WebKit.framework; sourceTree = SDKROOT; };
		1F13B4D721CC667D00EE6927 /* WebAppViewController.swift */ = {isa = PBXFileReference; lastKnownFileType = sourcecode.swift; path = WebAppViewController.swift; sourceTree = "<group>"; };
		1F13B4E721D2906E00EE6927 /* ArticleViewController.swift */ = {isa = PBXFileReference; lastKnownFileType = sourcecode.swift; path = ArticleViewController.swift; sourceTree = "<group>"; };
		1F13B4EA21D2AAA900EE6927 /* UserPage.swift */ = {isa = PBXFileReference; lastKnownFileType = sourcecode.swift; path = UserPage.swift; sourceTree = "<group>"; };
		1F13B4EC21D2ABA300EE6927 /* Article.swift */ = {isa = PBXFileReference; lastKnownFileType = sourcecode.swift; path = Article.swift; sourceTree = "<group>"; };
		1F13B4EE21D2B3DE00EE6927 /* ArticleLookupResult.swift */ = {isa = PBXFileReference; lastKnownFileType = sourcecode.swift; path = ArticleLookupResult.swift; sourceTree = "<group>"; };
		1F13B4F021D2B48200EE6927 /* PageParseResult.swift */ = {isa = PBXFileReference; lastKnownFileType = sourcecode.swift; path = PageParseResult.swift; sourceTree = "<group>"; };
		1F13B4F221D2B58300EE6927 /* ArticleParseResult.swift */ = {isa = PBXFileReference; lastKnownFileType = sourcecode.swift; path = ArticleParseResult.swift; sourceTree = "<group>"; };
		1F13B4F421D2B5A300EE6927 /* SourceParseResult.swift */ = {isa = PBXFileReference; lastKnownFileType = sourcecode.swift; path = SourceParseResult.swift; sourceTree = "<group>"; };
		1F13B4F621D2B5DA00EE6927 /* AuthorParseResult.swift */ = {isa = PBXFileReference; lastKnownFileType = sourcecode.swift; path = AuthorParseResult.swift; sourceTree = "<group>"; };
		1F13B4F821D2B5E700EE6927 /* PageLinkParseResult.swift */ = {isa = PBXFileReference; lastKnownFileType = sourcecode.swift; path = PageLinkParseResult.swift; sourceTree = "<group>"; };
		1F13B4FA21D2D04900EE6927 /* ReadStateCommitData.swift */ = {isa = PBXFileReference; lastKnownFileType = sourcecode.swift; path = ReadStateCommitData.swift; sourceTree = "<group>"; };
		1F13B4FC21D2D0B500EE6927 /* ArticleViewControllerParams.swift */ = {isa = PBXFileReference; lastKnownFileType = sourcecode.swift; path = ArticleViewControllerParams.swift; sourceTree = "<group>"; };
		1F19471721DEDA0800D1599D /* DateDecodingStrategy.swift */ = {isa = PBXFileReference; lastKnownFileType = sourcecode.swift; path = DateDecodingStrategy.swift; sourceTree = "<group>"; };
		1F19471921DEF3A700D1599D /* CommitReadStateEvent.swift */ = {isa = PBXFileReference; lastKnownFileType = sourcecode.swift; path = CommitReadStateEvent.swift; sourceTree = "<group>"; };
		1F19471C21DF004A00D1599D /* Message.swift */ = {isa = PBXFileReference; lastKnownFileType = sourcecode.swift; path = Message.swift; sourceTree = "<group>"; };
		1F19471E21DF005C00D1599D /* CallEnvelope.swift */ = {isa = PBXFileReference; lastKnownFileType = sourcecode.swift; path = CallEnvelope.swift; sourceTree = "<group>"; };
		1F19472021DF006B00D1599D /* ResponseEnvelope.swift */ = {isa = PBXFileReference; lastKnownFileType = sourcecode.swift; path = ResponseEnvelope.swift; sourceTree = "<group>"; };
		1F19472221DF007A00D1599D /* ResponseCallback.swift */ = {isa = PBXFileReference; lastKnownFileType = sourcecode.swift; path = ResponseCallback.swift; sourceTree = "<group>"; };
		1F19472621DF0F4200D1599D /* ArticleUpdatedEvent.swift */ = {isa = PBXFileReference; lastKnownFileType = sourcecode.swift; path = ArticleUpdatedEvent.swift; sourceTree = "<group>"; };
		1F19473A21E105C100D1599D /* ios.entitlements */ = {isa = PBXFileReference; lastKnownFileType = text.plist.entitlements; path = ios.entitlements; sourceTree = "<group>"; };
		1F19476521E4033200D1599D /* WebViewContainerState.swift */ = {isa = PBXFileReference; lastKnownFileType = sourcecode.swift; path = WebViewContainerState.swift; sourceTree = "<group>"; };
		1F19476721E5552900D1599D /* Debug.plist */ = {isa = PBXFileReference; fileEncoding = 4; lastKnownFileType = text.plist.xml; path = Debug.plist; sourceTree = "<group>"; };
		1F19476821E5552900D1599D /* Release.plist */ = {isa = PBXFileReference; fileEncoding = 4; lastKnownFileType = text.plist.xml; path = Release.plist; sourceTree = "<group>"; };
		1F19476F21E8255900D1599D /* share-extension.appex */ = {isa = PBXFileReference; explicitFileType = "wrapper.app-extension"; includeInIndex = 0; path = "share-extension.appex"; sourceTree = BUILT_PRODUCTS_DIR; };
		1F19477121E8255900D1599D /* ShareViewController.swift */ = {isa = PBXFileReference; lastKnownFileType = sourcecode.swift; path = ShareViewController.swift; sourceTree = "<group>"; };
		1F19477421E8255900D1599D /* Base */ = {isa = PBXFileReference; lastKnownFileType = file.storyboard; name = Base; path = Base.lproj/MainInterface.storyboard; sourceTree = "<group>"; };
		1F19477E21E90C2900D1599D /* Release.plist */ = {isa = PBXFileReference; fileEncoding = 4; lastKnownFileType = text.plist.xml; path = Release.plist; sourceTree = "<group>"; };
		1F19477F21E90C2900D1599D /* Debug.plist */ = {isa = PBXFileReference; fileEncoding = 4; lastKnownFileType = text.plist.xml; path = Debug.plist; sourceTree = "<group>"; };
		1F19478221E9545D00D1599D /* share-extension.entitlements */ = {isa = PBXFileReference; lastKnownFileType = text.plist.entitlements; path = "share-extension.entitlements"; sourceTree = "<group>"; };
		1F19479021EA98AC00D1599D /* ArticleProcessing.swift */ = {isa = PBXFileReference; lastKnownFileType = sourcecode.swift; path = ArticleProcessing.swift; sourceTree = "<group>"; };
		1F19479321EA9C1900D1599D /* APIServerURLSession.swift */ = {isa = PBXFileReference; lastKnownFileType = sourcecode.swift; path = APIServerURLSession.swift; sourceTree = "<group>"; };
		1F19479621EAA42E00D1599D /* MessageWebView.swift */ = {isa = PBXFileReference; lastKnownFileType = sourcecode.swift; path = MessageWebView.swift; sourceTree = "<group>"; };
		1F19479921EAA93B00D1599D /* MessageWebViewDelegate.swift */ = {isa = PBXFileReference; lastKnownFileType = sourcecode.swift; path = MessageWebViewDelegate.swift; sourceTree = "<group>"; };
		1F19479E21EAAA9100D1599D /* WebViewContainer.swift */ = {isa = PBXFileReference; lastKnownFileType = sourcecode.swift; path = WebViewContainer.swift; sourceTree = "<group>"; };
		1F1947A021EAAF7200D1599D /* HTMLTagReplacement.swift */ = {isa = PBXFileReference; lastKnownFileType = sourcecode.swift; path = HTMLTagReplacement.swift; sourceTree = "<group>"; };
		1F1947B521EAB3E600D1599D /* WebViewContainerDelegate.swift */ = {isa = PBXFileReference; lastKnownFileType = sourcecode.swift; path = WebViewContainerDelegate.swift; sourceTree = "<group>"; };
		1F2E54D022C50129002D52E6 /* LeaderboardBadge.swift */ = {isa = PBXFileReference; lastKnownFileType = sourcecode.swift; path = LeaderboardBadge.swift; sourceTree = "<group>"; };
		1F4D985822FF0AFA009076D1 /* ArticleProcessingMode.swift */ = {isa = PBXFileReference; lastKnownFileType = sourcecode.swift; path = ArticleProcessingMode.swift; sourceTree = "<group>"; };
		1F53AAEA2200B9DD0002C6FB /* ArticleReference.swift */ = {isa = PBXFileReference; lastKnownFileType = sourcecode.swift; path = ArticleReference.swift; sourceTree = "<group>"; };
		1F53AAEC220115710002C6FB /* SharedCookieStore.swift */ = {isa = PBXFileReference; lastKnownFileType = sourcecode.swift; path = SharedCookieStore.swift; sourceTree = "<group>"; };
		1F5B32BF238B1BC50060B693 /* ArticleFlair.swift */ = {isa = PBXFileReference; lastKnownFileType = sourcecode.swift; path = ArticleFlair.swift; sourceTree = "<group>"; };
		1F5B32C2238B1C3E0060B693 /* CommentAddendum.swift */ = {isa = PBXFileReference; lastKnownFileType = sourcecode.swift; path = CommentAddendum.swift; sourceTree = "<group>"; };
		1F5B32C5238B1D590060B693 /* CommentAddendumForm.swift */ = {isa = PBXFileReference; lastKnownFileType = sourcecode.swift; path = CommentAddendumForm.swift; sourceTree = "<group>"; };
		1F5B32C8238B1DA30060B693 /* CommentRevisionForm.swift */ = {isa = PBXFileReference; lastKnownFileType = sourcecode.swift; path = CommentRevisionForm.swift; sourceTree = "<group>"; };
		1F5B32CB238B1DC80060B693 /* CommentDeletionForm.swift */ = {isa = PBXFileReference; lastKnownFileType = sourcecode.swift; path = CommentDeletionForm.swift; sourceTree = "<group>"; };
		1F5FB902250FBAAD00DABE16 /* DisplayTheme.swift */ = {isa = PBXFileReference; lastKnownFileType = sourcecode.swift; path = DisplayTheme.swift; sourceTree = "<group>"; };
		1F5FB905250FBAE200DABE16 /* DisplayPreference.swift */ = {isa = PBXFileReference; lastKnownFileType = sourcecode.swift; path = DisplayPreference.swift; sourceTree = "<group>"; };
		1F5FB908250FF74800DABE16 /* DisplayPreferenceService.swift */ = {isa = PBXFileReference; lastKnownFileType = sourcecode.swift; path = DisplayPreferenceService.swift; sourceTree = "<group>"; };
		1F71E9E023560DCA000F869D /* LocalStorage.swift */ = {isa = PBXFileReference; lastKnownFileType = sourcecode.swift; path = LocalStorage.swift; sourceTree = "<group>"; };
		1F71E9E32356177E000F869D /* DeviceRegistrationForm.swift */ = {isa = PBXFileReference; lastKnownFileType = sourcecode.swift; path = DeviceRegistrationForm.swift; sourceTree = "<group>"; };
		1F71E9E623563049000F869D /* NotificationService.swift */ = {isa = PBXFileReference; lastKnownFileType = sourcecode.swift; path = NotificationService.swift; sourceTree = "<group>"; };
		1F71E9E9235676F8000F869D /* DeviceInfo.swift */ = {isa = PBXFileReference; lastKnownFileType = sourcecode.swift; path = DeviceInfo.swift; sourceTree = "<group>"; };
		1F71E9EC23578148000F869D /* PushAuthDenailForm.swift */ = {isa = PBXFileReference; lastKnownFileType = sourcecode.swift; path = PushAuthDenailForm.swift; sourceTree = "<group>"; };
		1F71E9EF235B54EF000F869D /* AppActivationEvent.swift */ = {isa = PBXFileReference; lastKnownFileType = sourcecode.swift; path = AppActivationEvent.swift; sourceTree = "<group>"; };
		1F755A42239C4B8200124191 /* SafariViewControllerExtensions.swift */ = {isa = PBXFileReference; lastKnownFileType = sourcecode.swift; path = SafariViewControllerExtensions.swift; sourceTree = "<group>"; };
		1F80C94C21ED53AF0060819F /* AlertViewController.swift */ = {isa = PBXFileReference; lastKnownFileType = sourcecode.swift; path = AlertViewController.swift; sourceTree = "<group>"; };
		1F83DE9F24606250008561FF /* ArticleIssueReportRequest.swift */ = {isa = PBXFileReference; lastKnownFileType = sourcecode.swift; path = ArticleIssueReportRequest.swift; sourceTree = "<group>"; };
		1F83DEA62463303F008561FF /* FadeInAnimator.swift */ = {isa = PBXFileReference; lastKnownFileType = sourcecode.swift; path = FadeInAnimator.swift; sourceTree = "<group>"; };
		1F83DEA824633302008561FF /* FadeOutAnimator.swift */ = {isa = PBXFileReference; lastKnownFileType = sourcecode.swift; path = FadeOutAnimator.swift; sourceTree = "<group>"; };
		1F8768B422318829002B5D16 /* SharedBundleInfo.swift */ = {isa = PBXFileReference; lastKnownFileType = sourcecode.swift; path = SharedBundleInfo.swift; sourceTree = "<group>"; };
		1F8768B722318B54002B5D16 /* AppBundleInfo.swift */ = {isa = PBXFileReference; lastKnownFileType = sourcecode.swift; path = AppBundleInfo.swift; sourceTree = "<group>"; };
		1F8768B92231AC0D002B5D16 /* ShareData.swift */ = {isa = PBXFileReference; lastKnownFileType = sourcecode.swift; path = ShareData.swift; sourceTree = "<group>"; };
		1F8768BB22381137002B5D16 /* ClipboardReferrer.swift */ = {isa = PBXFileReference; lastKnownFileType = sourcecode.swift; path = ClipboardReferrer.swift; sourceTree = "<group>"; };
		1F8768BF2239C04B002B5D16 /* ShareDataStringSource.swift */ = {isa = PBXFileReference; lastKnownFileType = sourcecode.swift; path = ShareDataStringSource.swift; sourceTree = "<group>"; };
		1F8768C12239CD70002B5D16 /* EmailShareData.swift */ = {isa = PBXFileReference; lastKnownFileType = sourcecode.swift; path = EmailShareData.swift; sourceTree = "<group>"; };
		1F8768C3223AE0B0002B5D16 /* ShareBlockerSource.swift */ = {isa = PBXFileReference; lastKnownFileType = sourcecode.swift; path = ShareBlockerSource.swift; sourceTree = "<group>"; };
		1F8768C5223AF9B6002B5D16 /* ShareDataURLSource.swift */ = {isa = PBXFileReference; lastKnownFileType = sourcecode.swift; path = ShareDataURLSource.swift; sourceTree = "<group>"; };
		1F8768CF225F9EA4002B5D16 /* SharingExtensions.swift */ = {isa = PBXFileReference; lastKnownFileType = sourcecode.swift; path = SharingExtensions.swift; sourceTree = "<group>"; };
		1F8768D122692AB8002B5D16 /* CommentForm.swift */ = {isa = PBXFileReference; lastKnownFileType = sourcecode.swift; path = CommentForm.swift; sourceTree = "<group>"; };
		1F8768D422692B7F002B5D16 /* CommentThread.swift */ = {isa = PBXFileReference; lastKnownFileType = sourcecode.swift; path = CommentThread.swift; sourceTree = "<group>"; };
		1F8768D722693700002B5D16 /* UserAccount.swift */ = {isa = PBXFileReference; lastKnownFileType = sourcecode.swift; path = UserAccount.swift; sourceTree = "<group>"; };
		1F8768DA2269390D002B5D16 /* UserAccountRole.swift */ = {isa = PBXFileReference; lastKnownFileType = sourcecode.swift; path = UserAccountRole.swift; sourceTree = "<group>"; };
		1F8768DD2270C4B5002B5D16 /* PostCommentResult.swift */ = {isa = PBXFileReference; lastKnownFileType = sourcecode.swift; path = PostCommentResult.swift; sourceTree = "<group>"; };
		1F9D8F60244CCC7500466895 /* TwitterRequestToken.swift */ = {isa = PBXFileReference; lastKnownFileType = sourcecode.swift; path = TwitterRequestToken.swift; sourceTree = "<group>"; };
		1F9D8F63244CFDA400466895 /* TwitterCredentialLinkForm.swift */ = {isa = PBXFileReference; lastKnownFileType = sourcecode.swift; path = TwitterCredentialLinkForm.swift; sourceTree = "<group>"; };
		1F9D8F66244CFF0400466895 /* AuthServiceProvider.swift */ = {isa = PBXFileReference; lastKnownFileType = sourcecode.swift; path = AuthServiceProvider.swift; sourceTree = "<group>"; };
		1F9D8F69244CFF1600466895 /* AuthServiceAccountAssociation.swift */ = {isa = PBXFileReference; lastKnownFileType = sourcecode.swift; path = AuthServiceAccountAssociation.swift; sourceTree = "<group>"; };
		1FA91D04235BC54500E3EDE2 /* AlertStatus.swift */ = {isa = PBXFileReference; lastKnownFileType = sourcecode.swift; path = AlertStatus.swift; sourceTree = "<group>"; };
		1FA91D07235BC77400E3EDE2 /* NotificationServiceDelegate.swift */ = {isa = PBXFileReference; lastKnownFileType = sourcecode.swift; path = NotificationServiceDelegate.swift; sourceTree = "<group>"; };
		1FA91D09235FAA2100E3EDE2 /* PushViewForm.swift */ = {isa = PBXFileReference; lastKnownFileType = sourcecode.swift; path = PushViewForm.swift; sourceTree = "<group>"; };
		1FA91D0C235FAA2F00E3EDE2 /* PushReplyForm.swift */ = {isa = PBXFileReference; lastKnownFileType = sourcecode.swift; path = PushReplyForm.swift; sourceTree = "<group>"; };
		1FACDAB825164639006B7E64 /* safari-extension.appex */ = {isa = PBXFileReference; explicitFileType = "wrapper.app-extension"; includeInIndex = 0; path = "safari-extension.appex"; sourceTree = BUILT_PRODUCTS_DIR; };
		1FACDAB925164639006B7E64 /* Cocoa.framework */ = {isa = PBXFileReference; lastKnownFileType = wrapper.framework; name = Cocoa.framework; path = Library/Frameworks/Cocoa.framework; sourceTree = DEVELOPER_DIR; };
		1FACDABC25164639006B7E64 /* SafariWebExtensionHandler.swift */ = {isa = PBXFileReference; lastKnownFileType = sourcecode.swift; path = SafariWebExtensionHandler.swift; sourceTree = "<group>"; };
		1FACDACF25164639006B7E64 /* Info.plist */ = {isa = PBXFileReference; lastKnownFileType = text.plist.xml; path = Info.plist; sourceTree = "<group>"; };
		1FACDAD025164639006B7E64 /* safari_extension.entitlements */ = {isa = PBXFileReference; lastKnownFileType = text.plist.entitlements; path = safari_extension.entitlements; sourceTree = "<group>"; };
		1FC0D615231AD1C200E4DD9A /* PostComment.swift */ = {isa = PBXFileReference; lastKnownFileType = sourcecode.swift; path = PostComment.swift; sourceTree = "<group>"; };
		1FC0D618231AD23100E4DD9A /* Post.swift */ = {isa = PBXFileReference; lastKnownFileType = sourcecode.swift; path = Post.swift; sourceTree = "<group>"; };
		1FC0D61B231AD29500E4DD9A /* PostForm.swift */ = {isa = PBXFileReference; lastKnownFileType = sourcecode.swift; path = PostForm.swift; sourceTree = "<group>"; };
		1FDBBC7322109CED00E03051 /* WebViewScript.swift */ = {isa = PBXFileReference; lastKnownFileType = sourcecode.swift; path = WebViewScript.swift; sourceTree = "<group>"; };
		1FDBBC7522109CFA00E03051 /* ScriptUpdater.swift */ = {isa = PBXFileReference; lastKnownFileType = sourcecode.swift; name = ScriptUpdater.swift; path = Scripts/ScriptUpdater.swift; sourceTree = "<group>"; };
		1FDBBC7722109D0F00E03051 /* SemanticVersion.swift */ = {isa = PBXFileReference; lastKnownFileType = sourcecode.swift; path = SemanticVersion.swift; sourceTree = "<group>"; };
		1FDBBC7A2210E31300E03051 /* share-extension.js */ = {isa = PBXFileReference; fileEncoding = 4; lastKnownFileType = sourcecode.javascript; path = "share-extension.js"; sourceTree = "<group>"; };
		1FDBBC7C221229B500E03051 /* reader.js */ = {isa = PBXFileReference; fileEncoding = 4; lastKnownFileType = sourcecode.javascript; path = reader.js; sourceTree = "<group>"; };
		1FDBBC8422173D9400E03051 /* Rating.swift */ = {isa = PBXFileReference; lastKnownFileType = sourcecode.swift; path = Rating.swift; sourceTree = "<group>"; };
		1FEFD0C9244777EC00C059AC /* TempHTTPCookieStorage.swift */ = {isa = PBXFileReference; lastKnownFileType = sourcecode.swift; path = TempHTTPCookieStorage.swift; sourceTree = "<group>"; };
/* End PBXFileReference section */

/* Begin PBXFrameworksBuildPhase section */
		1F13B4B921CB167500EE6927 /* Frameworks */ = {
			isa = PBXFrameworksBuildPhase;
			buildActionMask = 2147483647;
			files = (
				1F13B4D321CC117300EE6927 /* WebKit.framework in Frameworks */,
			);
			runOnlyForDeploymentPostprocessing = 0;
		};
		1F19476C21E8255900D1599D /* Frameworks */ = {
			isa = PBXFrameworksBuildPhase;
			buildActionMask = 2147483647;
			files = (
				1F1947C721EBA49E00D1599D /* WebKit.framework in Frameworks */,
			);
			runOnlyForDeploymentPostprocessing = 0;
		};
		1FACDAB525164639006B7E64 /* Frameworks */ = {
			isa = PBXFrameworksBuildPhase;
			buildActionMask = 2147483647;
			files = (
				1FACDABA25164639006B7E64 /* Cocoa.framework in Frameworks */,
			);
			runOnlyForDeploymentPostprocessing = 0;
		};
/* End PBXFrameworksBuildPhase section */

/* Begin PBXGroup section */
		1F13B4B321CB167500EE6927 = {
			isa = PBXGroup;
			children = (
				1F19478621EA747E00D1599D /* common */,
				1F13B4D121CC117300EE6927 /* Frameworks */,
				1F13B4BE21CB167500EE6927 /* ios */,
				1F13B4BD21CB167500EE6927 /* Products */,
				1FACDABB25164639006B7E64 /* safari-extension */,
				1F19477021E8255900D1599D /* share-extension */,
			);
			sourceTree = "<group>";
		};
		1F13B4BD21CB167500EE6927 /* Products */ = {
			isa = PBXGroup;
			children = (
				1F13B4BC21CB167500EE6927 /* ios.app */,
				1F19476F21E8255900D1599D /* share-extension.appex */,
				1FACDAB825164639006B7E64 /* safari-extension.appex */,
			);
			name = Products;
			sourceTree = "<group>";
		};
		1F13B4BE21CB167500EE6927 /* ios */ = {
			isa = PBXGroup;
			children = (
				1F13B4D421CC334400EE6927 /* ViewControllers */,
				1F19479D21EAAA6E00D1599D /* WebViewUI */,
				1F8768B722318B54002B5D16 /* AppBundleInfo.swift */,
				1F13B4BF21CB167500EE6927 /* AppDelegate.swift */,
				1F13B4C621CB167700EE6927 /* Assets.xcassets */,
				1F19476721E5552900D1599D /* Debug.plist */,
				1F5FB908250FF74800DABE16 /* DisplayPreferenceService.swift */,
				1F19473A21E105C100D1599D /* ios.entitlements */,
				1F13B4C821CB167700EE6927 /* LaunchScreen.storyboard */,
				1F71E9E623563049000F869D /* NotificationService.swift */,
				1FA91D07235BC77400E3EDE2 /* NotificationServiceDelegate.swift */,
				1FDBBC7C221229B500E03051 /* reader.js */,
				1F19476821E5552900D1599D /* Release.plist */,
				1FDBBC7522109CFA00E03051 /* ScriptUpdater.swift */,
			);
			path = ios;
			sourceTree = "<group>";
		};
		1F13B4D121CC117300EE6927 /* Frameworks */ = {
			isa = PBXGroup;
			children = (
				1F13B4D221CC117300EE6927 /* WebKit.framework */,
				1FACDAB925164639006B7E64 /* Cocoa.framework */,
			);
			name = Frameworks;
			sourceTree = "<group>";
		};
		1F13B4D421CC334400EE6927 /* ViewControllers */ = {
			isa = PBXGroup;
			children = (
				1F755A41239C4B5200124191 /* SafariViewController */,
				1F8768CE225F9E84002B5D16 /* Sharing */,
				1F53AAEA2200B9DD0002C6FB /* ArticleReference.swift */,
				1F13B4E721D2906E00EE6927 /* ArticleViewController.swift */,
				1F13B4FC21D2D0B500EE6927 /* ArticleViewControllerParams.swift */,
				1F8768BB22381137002B5D16 /* ClipboardReferrer.swift */,
				1F83DEA62463303F008561FF /* FadeInAnimator.swift */,
				1F83DEA824633302008561FF /* FadeOutAnimator.swift */,
				1F13B4D721CC667D00EE6927 /* WebAppViewController.swift */,
			);
			path = ViewControllers;
			sourceTree = "<group>";
		};
		1F13B4E921D2AA9500EE6927 /* Models */ = {
			isa = PBXGroup;
			children = (
				1FA91D04235BC54500E3EDE2 /* AlertStatus.swift */,
				1F71E9EF235B54EF000F869D /* AppActivationEvent.swift */,
				1F13B4EC21D2ABA300EE6927 /* Article.swift */,
				1F5B32BF238B1BC50060B693 /* ArticleFlair.swift */,
				1F83DE9F24606250008561FF /* ArticleIssueReportRequest.swift */,
				1F13B4EE21D2B3DE00EE6927 /* ArticleLookupResult.swift */,
				1F13B4F221D2B58300EE6927 /* ArticleParseResult.swift */,
				1F19472621DF0F4200D1599D /* ArticleUpdatedEvent.swift */,
				1F13B4F621D2B5DA00EE6927 /* AuthorParseResult.swift */,
				1F9D8F69244CFF1600466895 /* AuthServiceAccountAssociation.swift */,
				1F9D8F66244CFF0400466895 /* AuthServiceProvider.swift */,
				1F5B32C2238B1C3E0060B693 /* CommentAddendum.swift */,
				1F5B32C5238B1D590060B693 /* CommentAddendumForm.swift */,
				1F5B32CB238B1DC80060B693 /* CommentDeletionForm.swift */,
				1F8768D122692AB8002B5D16 /* CommentForm.swift */,
				1F5B32C8238B1DA30060B693 /* CommentRevisionForm.swift */,
				1F8768D422692B7F002B5D16 /* CommentThread.swift */,
				1F19471921DEF3A700D1599D /* CommitReadStateEvent.swift */,
				1F71E9E9235676F8000F869D /* DeviceInfo.swift */,
				1F71E9E32356177E000F869D /* DeviceRegistrationForm.swift */,
				1F5FB902250FBAAD00DABE16 /* DisplayTheme.swift */,
				1F5FB905250FBAE200DABE16 /* DisplayPreference.swift */,
				1F09E6D723F74E7400967828 /* InitializationEvent.swift */,
				1F2E54D022C50129002D52E6 /* LeaderboardBadge.swift */,
				1F09E6C523F3024500967828 /* NotificationAuthorizationRequestResult.swift */,
				1F09E6DA23F84BD800967828 /* NotificationAuthorizationStatus.swift */,
				1F13B4F821D2B5E700EE6927 /* PageLinkParseResult.swift */,
				1F13B4F021D2B48200EE6927 /* PageParseResult.swift */,
				1FC0D618231AD23100E4DD9A /* Post.swift */,
				1FC0D615231AD1C200E4DD9A /* PostComment.swift */,
				1F8768DD2270C4B5002B5D16 /* PostCommentResult.swift */,
				1FC0D61B231AD29500E4DD9A /* PostForm.swift */,
				1FA91D0C235FAA2F00E3EDE2 /* PushReplyForm.swift */,
				1FA91D09235FAA2100E3EDE2 /* PushViewForm.swift */,
				1F71E9EC23578148000F869D /* PushAuthDenailForm.swift */,
				1FDBBC8422173D9400E03051 /* Rating.swift */,
				1F13B4FA21D2D04900EE6927 /* ReadStateCommitData.swift */,
				1F09E6D423F74E3200967828 /* SignInEvent.swift */,
				1F09E6DD23F84CA600967828 /* SignInEventResponse.swift */,
				1F09E6D123F74DD300967828 /* SignInEventType.swift */,
				1F13B4F421D2B5A300EE6927 /* SourceParseResult.swift */,
				1F9D8F63244CFDA400466895 /* TwitterCredentialLinkForm.swift */,
				1F9D8F60244CCC7500466895 /* TwitterRequestToken.swift */,
				1F8768D722693700002B5D16 /* UserAccount.swift */,
				1F8768DA2269390D002B5D16 /* UserAccountRole.swift */,
				1F13B4EA21D2AAA900EE6927 /* UserPage.swift */,
				1F09E6E02409E3F400967828 /* WebAuthRequest.swift */,
				1F09E6E32409E5F700967828 /* WebAuthResponse.swift */,
			);
			path = Models;
			sourceTree = "<group>";
		};
		1F19471621DED9DE00D1599D /* JSONDecoder */ = {
			isa = PBXGroup;
			children = (
				1F19471721DEDA0800D1599D /* DateDecodingStrategy.swift */,
			);
			path = JSONDecoder;
			sourceTree = "<group>";
		};
		1F19471B21DF003800D1599D /* WebViewMessaging */ = {
			isa = PBXGroup;
			children = (
				1F19471E21DF005C00D1599D /* CallEnvelope.swift */,
				1F19471C21DF004A00D1599D /* Message.swift */,
				1F19479621EAA42E00D1599D /* MessageWebView.swift */,
				1F19479921EAA93B00D1599D /* MessageWebViewDelegate.swift */,
				1F19472221DF007A00D1599D /* ResponseCallback.swift */,
				1F19472021DF006B00D1599D /* ResponseEnvelope.swift */,
			);
			path = WebViewMessaging;
			sourceTree = "<group>";
		};
		1F19477021E8255900D1599D /* share-extension */ = {
			isa = PBXGroup;
			children = (
				1F80C94C21ED53AF0060819F /* AlertViewController.swift */,
				1F19477F21E90C2900D1599D /* Debug.plist */,
				1F19477321E8255900D1599D /* MainInterface.storyboard */,
				1F19477E21E90C2900D1599D /* Release.plist */,
				1FDBBC7A2210E31300E03051 /* share-extension.js */,
				1F19478221E9545D00D1599D /* share-extension.entitlements */,
				1F19477121E8255900D1599D /* ShareViewController.swift */,
			);
			path = "share-extension";
			sourceTree = "<group>";
		};
		1F19478621EA747E00D1599D /* common */ = {
			isa = PBXGroup;
			children = (
				1F19478F21EA7BC500D1599D /* ArticleProcessing */,
				1F19471621DED9DE00D1599D /* JSONDecoder */,
				1F13B4E921D2AA9500EE6927 /* Models */,
				1F19471B21DF003800D1599D /* WebViewMessaging */,
				1F19479321EA9C1900D1599D /* APIServerURLSession.swift */,
				1F71E9E023560DCA000F869D /* LocalStorage.swift */,
				1FDBBC7722109D0F00E03051 /* SemanticVersion.swift */,
				1F8768B422318829002B5D16 /* SharedBundleInfo.swift */,
				1F53AAEC220115710002C6FB /* SharedCookieStore.swift */,
				1FEFD0C9244777EC00C059AC /* TempHTTPCookieStorage.swift */,
				1FDBBC7322109CED00E03051 /* WebViewScript.swift */,
			);
			path = common;
			sourceTree = "<group>";
		};
		1F19478F21EA7BC500D1599D /* ArticleProcessing */ = {
			isa = PBXGroup;
			children = (
				1F19479021EA98AC00D1599D /* ArticleProcessing.swift */,
				1F4D985822FF0AFA009076D1 /* ArticleProcessingMode.swift */,
				1F1947A021EAAF7200D1599D /* HTMLTagReplacement.swift */,
			);
			path = ArticleProcessing;
			sourceTree = "<group>";
		};
		1F19479D21EAAA6E00D1599D /* WebViewUI */ = {
			isa = PBXGroup;
			children = (
				1F19479E21EAAA9100D1599D /* WebViewContainer.swift */,
				1F1947B521EAB3E600D1599D /* WebViewContainerDelegate.swift */,
				1F19476521E4033200D1599D /* WebViewContainerState.swift */,
			);
			path = WebViewUI;
			sourceTree = "<group>";
		};
		1F755A41239C4B5200124191 /* SafariViewController */ = {
			isa = PBXGroup;
			children = (
				1F755A42239C4B8200124191 /* SafariViewControllerExtensions.swift */,
			);
			path = SafariViewController;
			sourceTree = "<group>";
		};
		1F8768CE225F9E84002B5D16 /* Sharing */ = {
			isa = PBXGroup;
			children = (
				1F8768C12239CD70002B5D16 /* EmailShareData.swift */,
				1F8768C3223AE0B0002B5D16 /* ShareBlockerSource.swift */,
				1F8768B92231AC0D002B5D16 /* ShareData.swift */,
				1F8768BF2239C04B002B5D16 /* ShareDataStringSource.swift */,
				1F8768C5223AF9B6002B5D16 /* ShareDataURLSource.swift */,
				1F8768CF225F9EA4002B5D16 /* SharingExtensions.swift */,
				1F09E6CE23F4936500967828 /* ShareResult.swift */,
			);
			path = Sharing;
			sourceTree = "<group>";
		};
		1FACDABB25164639006B7E64 /* safari-extension */ = {
			isa = PBXGroup;
			children = (
				1FACDABE25164639006B7E64 /* Resources */,
				1FACDACF25164639006B7E64 /* Info.plist */,
				1FACDAD025164639006B7E64 /* safari_extension.entitlements */,
				1FACDABC25164639006B7E64 /* SafariWebExtensionHandler.swift */,
			);
			path = "safari-extension";
			sourceTree = "<group>";
		};
		1FACDABE25164639006B7E64 /* Resources */ = {
			isa = PBXGroup;
			children = (
			);
			path = Resources;
			sourceTree = "<group>";
		};
/* End PBXGroup section */

/* Begin PBXNativeTarget section */
		1F13B4BB21CB167500EE6927 /* ios */ = {
			isa = PBXNativeTarget;
			buildConfigurationList = 1F13B4CE21CB167700EE6927 /* Build configuration list for PBXNativeTarget "ios" */;
			buildPhases = (
				1F13B4B821CB167500EE6927 /* Sources */,
				1F13B4B921CB167500EE6927 /* Frameworks */,
				1F13B4BA21CB167500EE6927 /* Resources */,
				1F19477D21E8255900D1599D /* Embed App Extensions */,
			);
			buildRules = (
			);
			dependencies = (
				1F19477821E8255900D1599D /* PBXTargetDependency */,
				1FACDAEF251675C5006B7E64 /* PBXTargetDependency */,
			);
			name = ios;
			productName = ios;
			productReference = 1F13B4BC21CB167500EE6927 /* ios.app */;
			productType = "com.apple.product-type.application";
		};
		1F19476E21E8255900D1599D /* share-extension */ = {
			isa = PBXNativeTarget;
			buildConfigurationList = 1F19477A21E8255900D1599D /* Build configuration list for PBXNativeTarget "share-extension" */;
			buildPhases = (
				1F19476B21E8255900D1599D /* Sources */,
				1F19476C21E8255900D1599D /* Frameworks */,
				1F19476D21E8255900D1599D /* Resources */,
			);
			buildRules = (
			);
			dependencies = (
			);
			name = "share-extension";
			productName = "share-extension";
			productReference = 1F19476F21E8255900D1599D /* share-extension.appex */;
			productType = "com.apple.product-type.app-extension";
		};
		1FACDAB725164639006B7E64 /* safari-extension */ = {
			isa = PBXNativeTarget;
			buildConfigurationList = 1FACDAD325164639006B7E64 /* Build configuration list for PBXNativeTarget "safari-extension" */;
			buildPhases = (
				1FACDAB425164639006B7E64 /* Sources */,
				1FACDAB525164639006B7E64 /* Frameworks */,
				1FACDAB625164639006B7E64 /* Resources */,
			);
			buildRules = (
			);
			dependencies = (
			);
			name = "safari-extension";
			productName = "safari-extension";
			productReference = 1FACDAB825164639006B7E64 /* safari-extension.appex */;
			productType = "com.apple.product-type.app-extension";
		};
/* End PBXNativeTarget section */

/* Begin PBXProject section */
		1F13B4B421CB167500EE6927 /* Project object */ = {
			isa = PBXProject;
			attributes = {
				LastSwiftUpdateCheck = 1200;
				LastUpgradeCheck = 1200;
				ORGANIZATIONNAME = "reallyread.it, inc.";
				TargetAttributes = {
					1F13B4BB21CB167500EE6927 = {
						CreatedOnToolsVersion = 10.1;
						LastSwiftMigration = 1110;
						SystemCapabilities = {
							com.apple.ApplicationGroups.iOS = {
								enabled = 1;
							};
							com.apple.SafariKeychain = {
								enabled = 1;
							};
						};
					};
					1F19476E21E8255900D1599D = {
						CreatedOnToolsVersion = 10.1;
						LastSwiftMigration = 1110;
						SystemCapabilities = {
							com.apple.ApplicationGroups.iOS = {
								enabled = 1;
							};
						};
					};
					1FACDAB725164639006B7E64 = {
						CreatedOnToolsVersion = 12.0;
					};
				};
			};
			buildConfigurationList = 1F13B4B721CB167500EE6927 /* Build configuration list for PBXProject "ios" */;
			compatibilityVersion = "Xcode 9.3";
			developmentRegion = en;
			hasScannedForEncodings = 0;
			knownRegions = (
				en,
				Base,
			);
			mainGroup = 1F13B4B321CB167500EE6927;
			productRefGroup = 1F13B4BD21CB167500EE6927 /* Products */;
			projectDirPath = "";
			projectRoot = "";
			targets = (
				1F13B4BB21CB167500EE6927 /* ios */,
				1F19476E21E8255900D1599D /* share-extension */,
				1FACDAB725164639006B7E64 /* safari-extension */,
			);
		};
/* End PBXProject section */

/* Begin PBXResourcesBuildPhase section */
		1F13B4BA21CB167500EE6927 /* Resources */ = {
			isa = PBXResourcesBuildPhase;
			buildActionMask = 2147483647;
			files = (
				1F13B4CA21CB167700EE6927 /* LaunchScreen.storyboard in Resources */,
				1F13B4C721CB167700EE6927 /* Assets.xcassets in Resources */,
				1FDBBC7D221229B500E03051 /* reader.js in Resources */,
			);
			runOnlyForDeploymentPostprocessing = 0;
		};
		1F19476D21E8255900D1599D /* Resources */ = {
			isa = PBXResourcesBuildPhase;
			buildActionMask = 2147483647;
			files = (
				1FDBBC7B2210E31300E03051 /* share-extension.js in Resources */,
				1F19477521E8255900D1599D /* MainInterface.storyboard in Resources */,
			);
			runOnlyForDeploymentPostprocessing = 0;
		};
		1FACDAB625164639006B7E64 /* Resources */ = {
			isa = PBXResourcesBuildPhase;
			buildActionMask = 2147483647;
			files = (
			);
			runOnlyForDeploymentPostprocessing = 0;
		};
/* End PBXResourcesBuildPhase section */

/* Begin PBXSourcesBuildPhase section */
		1F13B4B821CB167500EE6927 /* Sources */ = {
			isa = PBXSourcesBuildPhase;
			buildActionMask = 2147483647;
			files = (
				1F13B4F521D2B5A300EE6927 /* SourceParseResult.swift in Sources */,
				1F13B4F721D2B5DA00EE6927 /* AuthorParseResult.swift in Sources */,
				1F8768D0225F9EA4002B5D16 /* SharingExtensions.swift in Sources */,
				1F8768D222692AB8002B5D16 /* CommentForm.swift in Sources */,
				1F71E9F0235B54EF000F869D /* AppActivationEvent.swift in Sources */,
				1FA91D05235BC54500E3EDE2 /* AlertStatus.swift in Sources */,
				1F9D8F64244CFDA400466895 /* TwitterCredentialLinkForm.swift in Sources */,
				1F5FB906250FBAE200DABE16 /* DisplayPreference.swift in Sources */,
				1F8768B822318B54002B5D16 /* AppBundleInfo.swift in Sources */,
				1F13B4D821CC667D00EE6927 /* WebAppViewController.swift in Sources */,
				1F71E9E723563049000F869D /* NotificationService.swift in Sources */,
				1F8768B522318829002B5D16 /* SharedBundleInfo.swift in Sources */,
				1F8768DB2269390D002B5D16 /* UserAccountRole.swift in Sources */,
				1F83DEA024606250008561FF /* ArticleIssueReportRequest.swift in Sources */,
				1F83DEA924633302008561FF /* FadeOutAnimator.swift in Sources */,
				1F755A43239C4B8200124191 /* SafariViewControllerExtensions.swift in Sources */,
				1F8768D822693700002B5D16 /* UserAccount.swift in Sources */,
				1F5B32CC238B1DC80060B693 /* CommentDeletionForm.swift in Sources */,
				1F19479F21EAAA9100D1599D /* WebViewContainer.swift in Sources */,
				1F71E9E123560DCA000F869D /* LocalStorage.swift in Sources */,
				1F8768C4223AE0B0002B5D16 /* ShareBlockerSource.swift in Sources */,
				1F8768BC22381137002B5D16 /* ClipboardReferrer.swift in Sources */,
				1F19476621E4033200D1599D /* WebViewContainerState.swift in Sources */,
				1F5B32C9238B1DA30060B693 /* CommentRevisionForm.swift in Sources */,
				1F19471A21DEF3A700D1599D /* CommitReadStateEvent.swift in Sources */,
				1F8768D522692B7F002B5D16 /* CommentThread.swift in Sources */,
				1F8768DE2270C4B5002B5D16 /* PostCommentResult.swift in Sources */,
				1F83DEA72463303F008561FF /* FadeInAnimator.swift in Sources */,
				1F19471F21DF005C00D1599D /* CallEnvelope.swift in Sources */,
				1F8768C02239C04B002B5D16 /* ShareDataStringSource.swift in Sources */,
				1FDBBC8522173D9400E03051 /* Rating.swift in Sources */,
				1F13B4F321D2B58300EE6927 /* ArticleParseResult.swift in Sources */,
				1F9D8F67244CFF0400466895 /* AuthServiceProvider.swift in Sources */,
				1F13B4FB21D2D04900EE6927 /* ReadStateCommitData.swift in Sources */,
				1F8768C6223AF9B6002B5D16 /* ShareDataURLSource.swift in Sources */,
				1F5B32C3238B1C3E0060B693 /* CommentAddendum.swift in Sources */,
				1F53AAEB2200B9DD0002C6FB /* ArticleReference.swift in Sources */,
				1F19479121EA98AC00D1599D /* ArticleProcessing.swift in Sources */,
				1F13B4EB21D2AAA900EE6927 /* UserPage.swift in Sources */,
				1F09E6D223F74DD300967828 /* SignInEventType.swift in Sources */,
				1FC0D61C231AD29500E4DD9A /* PostForm.swift in Sources */,
				1F13B4E821D2906E00EE6927 /* ArticleViewController.swift in Sources */,
				1F09E6CF23F4936500967828 /* ShareResult.swift in Sources */,
				1F19472321DF007A00D1599D /* ResponseCallback.swift in Sources */,
				1FDBBC7622109CFA00E03051 /* ScriptUpdater.swift in Sources */,
				1F53AAED220115710002C6FB /* SharedCookieStore.swift in Sources */,
				1F8768BA2231AC0D002B5D16 /* ShareData.swift in Sources */,
				1F19479A21EAA93B00D1599D /* MessageWebViewDelegate.swift in Sources */,
				1FEFD0CA244777EC00C059AC /* TempHTTPCookieStorage.swift in Sources */,
				1F8768C22239CD70002B5D16 /* EmailShareData.swift in Sources */,
				1F09E6E42409E5F700967828 /* WebAuthResponse.swift in Sources */,
				1F09E6C623F3024500967828 /* NotificationAuthorizationRequestResult.swift in Sources */,
				1FC0D619231AD23100E4DD9A /* Post.swift in Sources */,
				1FDBBC7422109CED00E03051 /* WebViewScript.swift in Sources */,
				1F19471821DEDA0800D1599D /* DateDecodingStrategy.swift in Sources */,
				1F5FB903250FBAAD00DABE16 /* DisplayTheme.swift in Sources */,
				1F13B4EF21D2B3DE00EE6927 /* ArticleLookupResult.swift in Sources */,
				1F09E6D823F74E7400967828 /* InitializationEvent.swift in Sources */,
				1FDBBC7822109D0F00E03051 /* SemanticVersion.swift in Sources */,
				1F19479721EAA42E00D1599D /* MessageWebView.swift in Sources */,
				1F19479421EA9C1900D1599D /* APIServerURLSession.swift in Sources */,
				1F5B32C0238B1BC50060B693 /* ArticleFlair.swift in Sources */,
				1F1947A121EAAF7200D1599D /* HTMLTagReplacement.swift in Sources */,
				1FA91D0D235FAA2F00E3EDE2 /* PushReplyForm.swift in Sources */,
				1F13B4C021CB167500EE6927 /* AppDelegate.swift in Sources */,
				1F5B32C6238B1D590060B693 /* CommentAddendumForm.swift in Sources */,
				1F13B4F121D2B48200EE6927 /* PageParseResult.swift in Sources */,
				1F19472721DF0F4200D1599D /* ArticleUpdatedEvent.swift in Sources */,
				1F71E9E42356177E000F869D /* DeviceRegistrationForm.swift in Sources */,
				1F71E9ED23578148000F869D /* PushAuthDenailForm.swift in Sources */,
				1FA91D08235BC77400E3EDE2 /* NotificationServiceDelegate.swift in Sources */,
				1F4D985922FF0AFA009076D1 /* ArticleProcessingMode.swift in Sources */,
				1F09E6DE23F84CA600967828 /* SignInEventResponse.swift in Sources */,
				1F5FB909250FF74800DABE16 /* DisplayPreferenceService.swift in Sources */,
				1F71E9EA235676F8000F869D /* DeviceInfo.swift in Sources */,
				1F2E54D122C50129002D52E6 /* LeaderboardBadge.swift in Sources */,
				1F19471D21DF004A00D1599D /* Message.swift in Sources */,
				1F13B4F921D2B5E700EE6927 /* PageLinkParseResult.swift in Sources */,
				1F09E6DB23F84BD800967828 /* NotificationAuthorizationStatus.swift in Sources */,
				1F9D8F61244CCC7500466895 /* TwitterRequestToken.swift in Sources */,
				1F13B4ED21D2ABA300EE6927 /* Article.swift in Sources */,
				1FA91D0A235FAA2100E3EDE2 /* PushViewForm.swift in Sources */,
				1F1947B621EAB3E600D1599D /* WebViewContainerDelegate.swift in Sources */,
				1F19472121DF006B00D1599D /* ResponseEnvelope.swift in Sources */,
				1F9D8F6A244CFF1600466895 /* AuthServiceAccountAssociation.swift in Sources */,
				1F09E6E12409E3F400967828 /* WebAuthRequest.swift in Sources */,
				1F13B4FD21D2D0B500EE6927 /* ArticleViewControllerParams.swift in Sources */,
				1F09E6D523F74E3200967828 /* SignInEvent.swift in Sources */,
				1FC0D616231AD1C200E4DD9A /* PostComment.swift in Sources */,
			);
			runOnlyForDeploymentPostprocessing = 0;
		};
		1F19476B21E8255900D1599D /* Sources */ = {
			isa = PBXSourcesBuildPhase;
			buildActionMask = 2147483647;
			files = (
				1F1947AA21EAB0FA00D1599D /* HTMLTagReplacement.swift in Sources */,
				1F1947C521EAC5A800D1599D /* CommitReadStateEvent.swift in Sources */,
				1F53AAEE220115710002C6FB /* SharedCookieStore.swift in Sources */,
				1F9D8F6B244CFF1600466895 /* AuthServiceAccountAssociation.swift in Sources */,
				1F8768D322692AB8002B5D16 /* CommentForm.swift in Sources */,
				1F1947BF21EAC5A800D1599D /* PageLinkParseResult.swift in Sources */,
				1F5B32C1238B1BC50060B693 /* ArticleFlair.swift in Sources */,
				1F71E9F1235B54EF000F869D /* AppActivationEvent.swift in Sources */,
				1FA91D0E235FAA2F00E3EDE2 /* PushReplyForm.swift in Sources */,
				1F1947B821EAC5A800D1599D /* UserPage.swift in Sources */,
				1F1947AF21EAB0FA00D1599D /* ResponseEnvelope.swift in Sources */,
				1F71E9EB235676F8000F869D /* DeviceInfo.swift in Sources */,
				1F1947A921EAB0FA00D1599D /* ArticleProcessing.swift in Sources */,
				1F1947B221EAB0FA00D1599D /* MessageWebView.swift in Sources */,
				1F5B32CD238B1DC80060B693 /* CommentDeletionForm.swift in Sources */,
				1F1947AD21EAB0FA00D1599D /* Message.swift in Sources */,
				1F09E6C723F3024500967828 /* NotificationAuthorizationRequestResult.swift in Sources */,
				1F1947BA21EAC5A800D1599D /* ArticleLookupResult.swift in Sources */,
				1F9D8F68244CFF0400466895 /* AuthServiceProvider.swift in Sources */,
				1F71E9EE23578148000F869D /* PushAuthDenailForm.swift in Sources */,
				1FDBBC8622173D9400E03051 /* Rating.swift in Sources */,
				1F5B32C7238B1D590060B693 /* CommentAddendumForm.swift in Sources */,
				1F1947BB21EAC5A800D1599D /* PageParseResult.swift in Sources */,
				1F8768DC2269390D002B5D16 /* UserAccountRole.swift in Sources */,
				1F1947AE21EAB0FA00D1599D /* CallEnvelope.swift in Sources */,
				1F2E54D222C50129002D52E6 /* LeaderboardBadge.swift in Sources */,
				1F5B32C4238B1C3E0060B693 /* CommentAddendum.swift in Sources */,
				1F83DEA124606250008561FF /* ArticleIssueReportRequest.swift in Sources */,
				1F8768D922693700002B5D16 /* UserAccount.swift in Sources */,
				1F9D8F65244CFDA400466895 /* TwitterCredentialLinkForm.swift in Sources */,
				1FC0D61D231AD29500E4DD9A /* PostForm.swift in Sources */,
				1FC0D617231AD1C200E4DD9A /* PostComment.swift in Sources */,
				1F8768B622318829002B5D16 /* SharedBundleInfo.swift in Sources */,
				1F1947BD21EAC5A800D1599D /* SourceParseResult.swift in Sources */,
				1F9D8F62244CCC7500466895 /* TwitterRequestToken.swift in Sources */,
				1F5FB907250FBAE200DABE16 /* DisplayPreference.swift in Sources */,
				1FA91D06235BC54500E3EDE2 /* AlertStatus.swift in Sources */,
				1F80C94D21ED53AF0060819F /* AlertViewController.swift in Sources */,
				1F5B32CA238B1DA30060B693 /* CommentRevisionForm.swift in Sources */,
				1F71E9E52356177E000F869D /* DeviceRegistrationForm.swift in Sources */,
				1F4D985A22FF0AFA009076D1 /* ArticleProcessingMode.swift in Sources */,
				1F1947BC21EAC5A800D1599D /* ArticleParseResult.swift in Sources */,
				1F8768B3223187BB002B5D16 /* SemanticVersion.swift in Sources */,
				1F1947B021EAB0FA00D1599D /* ResponseCallback.swift in Sources */,
				1FA91D0B235FAA2100E3EDE2 /* PushViewForm.swift in Sources */,
				1F1947BE21EAC5A800D1599D /* AuthorParseResult.swift in Sources */,
				1F09E6E22409E3F400967828 /* WebAuthRequest.swift in Sources */,
				1F1947C621EAC5A800D1599D /* ArticleUpdatedEvent.swift in Sources */,
				1F8768DF2270C4B5002B5D16 /* PostCommentResult.swift in Sources */,
				1FEFD0CB244777EC00C059AC /* TempHTTPCookieStorage.swift in Sources */,
				1F09E6D623F74E3200967828 /* SignInEvent.swift in Sources */,
				1FC0D61A231AD23100E4DD9A /* Post.swift in Sources */,
				1F09E6E52409E5F700967828 /* WebAuthResponse.swift in Sources */,
				1F09E6DC23F84BD800967828 /* NotificationAuthorizationStatus.swift in Sources */,
				1F1947B721EABB0400D1599D /* DateDecodingStrategy.swift in Sources */,
				1F09E6DF23F84CA600967828 /* SignInEventResponse.swift in Sources */,
				1F1947B321EAB0FA00D1599D /* MessageWebViewDelegate.swift in Sources */,
				1F7870712295B88A003493DE /* WebViewScript.swift in Sources */,
				1F1947C021EAC5A800D1599D /* ReadStateCommitData.swift in Sources */,
				1F5FB904250FBAAD00DABE16 /* DisplayTheme.swift in Sources */,
				1F1947B921EAC5A800D1599D /* Article.swift in Sources */,
				1F09E6D923F74E7400967828 /* InitializationEvent.swift in Sources */,
				1F09E6D323F74DD300967828 /* SignInEventType.swift in Sources */,
				1F8768D622692B7F002B5D16 /* CommentThread.swift in Sources */,
				1F71E9E223560DCA000F869D /* LocalStorage.swift in Sources */,
				1F19477221E8255900D1599D /* ShareViewController.swift in Sources */,
				1F1947B421EAB0FA00D1599D /* APIServerURLSession.swift in Sources */,
			);
			runOnlyForDeploymentPostprocessing = 0;
		};
		1FACDAB425164639006B7E64 /* Sources */ = {
			isa = PBXSourcesBuildPhase;
			buildActionMask = 2147483647;
			files = (
				1FACDABD25164639006B7E64 /* SafariWebExtensionHandler.swift in Sources */,
			);
			runOnlyForDeploymentPostprocessing = 0;
		};
/* End PBXSourcesBuildPhase section */

/* Begin PBXTargetDependency section */
		1F19477821E8255900D1599D /* PBXTargetDependency */ = {
			isa = PBXTargetDependency;
			target = 1F19476E21E8255900D1599D /* share-extension */;
			targetProxy = 1F19477721E8255900D1599D /* PBXContainerItemProxy */;
		};
		1FACDAEF251675C5006B7E64 /* PBXTargetDependency */ = {
			isa = PBXTargetDependency;
			platformFilter = maccatalyst;
			target = 1FACDAB725164639006B7E64 /* safari-extension */;
			targetProxy = 1FACDAEE251675C5006B7E64 /* PBXContainerItemProxy */;
		};
/* End PBXTargetDependency section */

/* Begin PBXVariantGroup section */
		1F13B4C821CB167700EE6927 /* LaunchScreen.storyboard */ = {
			isa = PBXVariantGroup;
			children = (
				1F13B4C921CB167700EE6927 /* Base */,
			);
			name = LaunchScreen.storyboard;
			sourceTree = "<group>";
		};
		1F19477321E8255900D1599D /* MainInterface.storyboard */ = {
			isa = PBXVariantGroup;
			children = (
				1F19477421E8255900D1599D /* Base */,
			);
			name = MainInterface.storyboard;
			sourceTree = "<group>";
		};
/* End PBXVariantGroup section */

/* Begin XCBuildConfiguration section */
		1F13B4CC21CB167700EE6927 /* Debug */ = {
			isa = XCBuildConfiguration;
			buildSettings = {
				ALWAYS_SEARCH_USER_PATHS = NO;
				CLANG_ANALYZER_NONNULL = YES;
				CLANG_ANALYZER_NUMBER_OBJECT_CONVERSION = YES_AGGRESSIVE;
				CLANG_CXX_LANGUAGE_STANDARD = "gnu++14";
				CLANG_CXX_LIBRARY = "libc++";
				CLANG_ENABLE_MODULES = YES;
				CLANG_ENABLE_OBJC_ARC = YES;
				CLANG_ENABLE_OBJC_WEAK = YES;
				CLANG_WARN_BLOCK_CAPTURE_AUTORELEASING = YES;
				CLANG_WARN_BOOL_CONVERSION = YES;
				CLANG_WARN_COMMA = YES;
				CLANG_WARN_CONSTANT_CONVERSION = YES;
				CLANG_WARN_DEPRECATED_OBJC_IMPLEMENTATIONS = YES;
				CLANG_WARN_DIRECT_OBJC_ISA_USAGE = YES_ERROR;
				CLANG_WARN_DOCUMENTATION_COMMENTS = YES;
				CLANG_WARN_EMPTY_BODY = YES;
				CLANG_WARN_ENUM_CONVERSION = YES;
				CLANG_WARN_INFINITE_RECURSION = YES;
				CLANG_WARN_INT_CONVERSION = YES;
				CLANG_WARN_NON_LITERAL_NULL_CONVERSION = YES;
				CLANG_WARN_OBJC_IMPLICIT_RETAIN_SELF = YES;
				CLANG_WARN_OBJC_LITERAL_CONVERSION = YES;
				CLANG_WARN_OBJC_ROOT_CLASS = YES_ERROR;
				CLANG_WARN_QUOTED_INCLUDE_IN_FRAMEWORK_HEADER = YES;
				CLANG_WARN_RANGE_LOOP_ANALYSIS = YES;
				CLANG_WARN_STRICT_PROTOTYPES = YES;
				CLANG_WARN_SUSPICIOUS_MOVE = YES;
				CLANG_WARN_UNGUARDED_AVAILABILITY = YES_AGGRESSIVE;
				CLANG_WARN_UNREACHABLE_CODE = YES;
				CLANG_WARN__DUPLICATE_METHOD_MATCH = YES;
				CODE_SIGN_IDENTITY = "iPhone Developer";
				COPY_PHASE_STRIP = NO;
				DEBUG_INFORMATION_FORMAT = dwarf;
				ENABLE_STRICT_OBJC_MSGSEND = YES;
				ENABLE_TESTABILITY = YES;
				GCC_C_LANGUAGE_STANDARD = gnu11;
				GCC_DYNAMIC_NO_PIC = NO;
				GCC_NO_COMMON_BLOCKS = YES;
				GCC_OPTIMIZATION_LEVEL = 0;
				GCC_PREPROCESSOR_DEFINITIONS = (
					"DEBUG=1",
					"$(inherited)",
				);
				GCC_WARN_64_TO_32_BIT_CONVERSION = YES;
				GCC_WARN_ABOUT_RETURN_TYPE = YES_ERROR;
				GCC_WARN_UNDECLARED_SELECTOR = YES;
				GCC_WARN_UNINITIALIZED_AUTOS = YES_AGGRESSIVE;
				GCC_WARN_UNUSED_FUNCTION = YES;
				GCC_WARN_UNUSED_VARIABLE = YES;
				IPHONEOS_DEPLOYMENT_TARGET = 12.1;
				MTL_ENABLE_DEBUG_INFO = INCLUDE_SOURCE;
				MTL_FAST_MATH = YES;
				ONLY_ACTIVE_ARCH = YES;
				SDKROOT = iphoneos;
				SWIFT_ACTIVE_COMPILATION_CONDITIONS = DEBUG;
				SWIFT_OPTIMIZATION_LEVEL = "-Onone";
			};
			name = Debug;
		};
		1F13B4CD21CB167700EE6927 /* Release */ = {
			isa = XCBuildConfiguration;
			buildSettings = {
				ALWAYS_SEARCH_USER_PATHS = NO;
				CLANG_ANALYZER_NONNULL = YES;
				CLANG_ANALYZER_NUMBER_OBJECT_CONVERSION = YES_AGGRESSIVE;
				CLANG_CXX_LANGUAGE_STANDARD = "gnu++14";
				CLANG_CXX_LIBRARY = "libc++";
				CLANG_ENABLE_MODULES = YES;
				CLANG_ENABLE_OBJC_ARC = YES;
				CLANG_ENABLE_OBJC_WEAK = YES;
				CLANG_WARN_BLOCK_CAPTURE_AUTORELEASING = YES;
				CLANG_WARN_BOOL_CONVERSION = YES;
				CLANG_WARN_COMMA = YES;
				CLANG_WARN_CONSTANT_CONVERSION = YES;
				CLANG_WARN_DEPRECATED_OBJC_IMPLEMENTATIONS = YES;
				CLANG_WARN_DIRECT_OBJC_ISA_USAGE = YES_ERROR;
				CLANG_WARN_DOCUMENTATION_COMMENTS = YES;
				CLANG_WARN_EMPTY_BODY = YES;
				CLANG_WARN_ENUM_CONVERSION = YES;
				CLANG_WARN_INFINITE_RECURSION = YES;
				CLANG_WARN_INT_CONVERSION = YES;
				CLANG_WARN_NON_LITERAL_NULL_CONVERSION = YES;
				CLANG_WARN_OBJC_IMPLICIT_RETAIN_SELF = YES;
				CLANG_WARN_OBJC_LITERAL_CONVERSION = YES;
				CLANG_WARN_OBJC_ROOT_CLASS = YES_ERROR;
				CLANG_WARN_QUOTED_INCLUDE_IN_FRAMEWORK_HEADER = YES;
				CLANG_WARN_RANGE_LOOP_ANALYSIS = YES;
				CLANG_WARN_STRICT_PROTOTYPES = YES;
				CLANG_WARN_SUSPICIOUS_MOVE = YES;
				CLANG_WARN_UNGUARDED_AVAILABILITY = YES_AGGRESSIVE;
				CLANG_WARN_UNREACHABLE_CODE = YES;
				CLANG_WARN__DUPLICATE_METHOD_MATCH = YES;
				CODE_SIGN_IDENTITY = "iPhone Developer";
				COPY_PHASE_STRIP = NO;
				DEBUG_INFORMATION_FORMAT = "dwarf-with-dsym";
				ENABLE_NS_ASSERTIONS = NO;
				ENABLE_STRICT_OBJC_MSGSEND = YES;
				GCC_C_LANGUAGE_STANDARD = gnu11;
				GCC_NO_COMMON_BLOCKS = YES;
				GCC_WARN_64_TO_32_BIT_CONVERSION = YES;
				GCC_WARN_ABOUT_RETURN_TYPE = YES_ERROR;
				GCC_WARN_UNDECLARED_SELECTOR = YES;
				GCC_WARN_UNINITIALIZED_AUTOS = YES_AGGRESSIVE;
				GCC_WARN_UNUSED_FUNCTION = YES;
				GCC_WARN_UNUSED_VARIABLE = YES;
				IPHONEOS_DEPLOYMENT_TARGET = 12.1;
				MTL_ENABLE_DEBUG_INFO = NO;
				MTL_FAST_MATH = YES;
				SDKROOT = iphoneos;
				SWIFT_COMPILATION_MODE = wholemodule;
				SWIFT_OPTIMIZATION_LEVEL = "-O";
				VALIDATE_PRODUCT = YES;
			};
			name = Release;
		};
		1F13B4CF21CB167700EE6927 /* Debug */ = {
			isa = XCBuildConfiguration;
			buildSettings = {
				ALWAYS_EMBED_SWIFT_STANDARD_LIBRARIES = YES;
				ASSETCATALOG_COMPILER_APPICON_NAME = AppIcon;
				CODE_SIGN_ENTITLEMENTS = ios/ios.entitlements;
				CODE_SIGN_STYLE = Automatic;
				DEVELOPMENT_TEAM = PRH8B2NRNT;
				FRAMEWORK_SEARCH_PATHS = "$(inherited)";
				INFOPLIST_FILE = ios/Debug.plist;
				IPHONEOS_DEPLOYMENT_TARGET = 11.0;
				LD_RUNPATH_SEARCH_PATHS = (
					"$(inherited)",
					"@executable_path/Frameworks",
				);
				PRODUCT_BUNDLE_IDENTIFIER = it.reallyread.mobile;
				PRODUCT_NAME = "$(TARGET_NAME)";
				SUPPORTS_MACCATALYST = YES;
				SWIFT_VERSION = 5.0;
				TARGETED_DEVICE_FAMILY = "1,2";
			};
			name = Debug;
		};
		1F13B4D021CB167700EE6927 /* Release */ = {
			isa = XCBuildConfiguration;
			buildSettings = {
				ALWAYS_EMBED_SWIFT_STANDARD_LIBRARIES = YES;
				ASSETCATALOG_COMPILER_APPICON_NAME = AppIcon;
				CODE_SIGN_ENTITLEMENTS = ios/ios.entitlements;
				CODE_SIGN_STYLE = Automatic;
				DEVELOPMENT_TEAM = PRH8B2NRNT;
				FRAMEWORK_SEARCH_PATHS = "$(inherited)";
				INFOPLIST_FILE = ios/Release.plist;
				IPHONEOS_DEPLOYMENT_TARGET = 11.0;
				LD_RUNPATH_SEARCH_PATHS = (
					"$(inherited)",
					"@executable_path/Frameworks",
				);
				PRODUCT_BUNDLE_IDENTIFIER = it.reallyread.mobile;
				PRODUCT_NAME = "$(TARGET_NAME)";
				SUPPORTS_MACCATALYST = YES;
				SWIFT_VERSION = 5.0;
				TARGETED_DEVICE_FAMILY = "1,2";
			};
			name = Release;
		};
		1F19477B21E8255900D1599D /* Debug */ = {
			isa = XCBuildConfiguration;
			buildSettings = {
				CODE_SIGN_ENTITLEMENTS = "share-extension/share-extension.entitlements";
				CODE_SIGN_STYLE = Automatic;
				DEVELOPMENT_TEAM = PRH8B2NRNT;
				INFOPLIST_FILE = "share-extension/Debug.plist";
				LD_RUNPATH_SEARCH_PATHS = (
					"$(inherited)",
					"@executable_path/Frameworks",
					"@executable_path/../../Frameworks",
				);
				PRODUCT_BUNDLE_IDENTIFIER = "it.reallyread.mobile.share-extension";
				PRODUCT_NAME = "$(TARGET_NAME)";
				SKIP_INSTALL = YES;
				SUPPORTS_MACCATALYST = YES;
				SWIFT_VERSION = 5.0;
				TARGETED_DEVICE_FAMILY = "1,2";
			};
			name = Debug;
		};
		1F19477C21E8255900D1599D /* Release */ = {
			isa = XCBuildConfiguration;
			buildSettings = {
				CODE_SIGN_ENTITLEMENTS = "share-extension/share-extension.entitlements";
				CODE_SIGN_STYLE = Automatic;
				DEVELOPMENT_TEAM = PRH8B2NRNT;
				INFOPLIST_FILE = "share-extension/Release.plist";
				LD_RUNPATH_SEARCH_PATHS = (
					"$(inherited)",
					"@executable_path/Frameworks",
					"@executable_path/../../Frameworks",
				);
				PRODUCT_BUNDLE_IDENTIFIER = "it.reallyread.mobile.share-extension";
				PRODUCT_NAME = "$(TARGET_NAME)";
				SKIP_INSTALL = YES;
				SUPPORTS_MACCATALYST = YES;
				SWIFT_VERSION = 5.0;
				TARGETED_DEVICE_FAMILY = "1,2";
			};
			name = Release;
		};
		1FACDAD125164639006B7E64 /* Debug */ = {
			isa = XCBuildConfiguration;
			buildSettings = {
				CODE_SIGN_ENTITLEMENTS = "safari-extension/safari_extension.entitlements";
				CODE_SIGN_STYLE = Automatic;
				DEVELOPMENT_TEAM = PRH8B2NRNT;
				ENABLE_HARDENED_RUNTIME = YES;
				INFOPLIST_FILE = "safari-extension/Info.plist";
				LD_RUNPATH_SEARCH_PATHS = (
					"$(inherited)",
					"@executable_path/../Frameworks",
					"@executable_path/../../../../Frameworks",
				);
				MACOSX_DEPLOYMENT_TARGET = 10.15;
				PRODUCT_BUNDLE_IDENTIFIER = "it.reallyread.mobile.safari-extension";
				PRODUCT_NAME = "$(TARGET_NAME)";
				SDKROOT = macosx;
				SKIP_INSTALL = YES;
				SWIFT_VERSION = 5.0;
			};
			name = Debug;
		};
		1FACDAD225164639006B7E64 /* Release */ = {
			isa = XCBuildConfiguration;
			buildSettings = {
				CODE_SIGN_ENTITLEMENTS = "safari-extension/safari_extension.entitlements";
				CODE_SIGN_STYLE = Automatic;
				DEVELOPMENT_TEAM = PRH8B2NRNT;
				ENABLE_HARDENED_RUNTIME = YES;
				INFOPLIST_FILE = "safari-extension/Info.plist";
				LD_RUNPATH_SEARCH_PATHS = (
					"$(inherited)",
					"@executable_path/../Frameworks",
					"@executable_path/../../../../Frameworks",
				);
				MACOSX_DEPLOYMENT_TARGET = 10.15;
				PRODUCT_BUNDLE_IDENTIFIER = "it.reallyread.mobile.safari-extension";
				PRODUCT_NAME = "$(TARGET_NAME)";
				SDKROOT = macosx;
				SKIP_INSTALL = YES;
				SWIFT_VERSION = 5.0;
			};
			name = Release;
		};
/* End XCBuildConfiguration section */

/* Begin XCConfigurationList section */
		1F13B4B721CB167500EE6927 /* Build configuration list for PBXProject "ios" */ = {
			isa = XCConfigurationList;
			buildConfigurations = (
				1F13B4CC21CB167700EE6927 /* Debug */,
				1F13B4CD21CB167700EE6927 /* Release */,
			);
			defaultConfigurationIsVisible = 0;
			defaultConfigurationName = Release;
		};
		1F13B4CE21CB167700EE6927 /* Build configuration list for PBXNativeTarget "ios" */ = {
			isa = XCConfigurationList;
			buildConfigurations = (
				1F13B4CF21CB167700EE6927 /* Debug */,
				1F13B4D021CB167700EE6927 /* Release */,
			);
			defaultConfigurationIsVisible = 0;
			defaultConfigurationName = Release;
		};
		1F19477A21E8255900D1599D /* Build configuration list for PBXNativeTarget "share-extension" */ = {
			isa = XCConfigurationList;
			buildConfigurations = (
				1F19477B21E8255900D1599D /* Debug */,
				1F19477C21E8255900D1599D /* Release */,
			);
			defaultConfigurationIsVisible = 0;
			defaultConfigurationName = Release;
		};
		1FACDAD325164639006B7E64 /* Build configuration list for PBXNativeTarget "safari-extension" */ = {
			isa = XCConfigurationList;
			buildConfigurations = (
				1FACDAD125164639006B7E64 /* Debug */,
				1FACDAD225164639006B7E64 /* Release */,
			);
			defaultConfigurationIsVisible = 0;
			defaultConfigurationName = Release;
		};
/* End XCConfigurationList section */
	};
	rootObject = 1F13B4B421CB167500EE6927 /* Project object */;
}
