// !$*UTF8*$!
{
	archiveVersion = 1;
	classes = {
	};
	objectVersion = 50;
	objects = {

/* Begin PBXBuildFile section */
		1F12E66821D6A1B4001553F9 /* ProgressBarView.swift in Sources */ = {isa = PBXBuildFile; fileRef = 1F12E66721D6A1B4001553F9 /* ProgressBarView.swift */; };
		1F13B4C021CB167500EE6927 /* AppDelegate.swift in Sources */ = {isa = PBXBuildFile; fileRef = 1F13B4BF21CB167500EE6927 /* AppDelegate.swift */; };
		1F13B4C521CB167500EE6927 /* Main.storyboard in Resources */ = {isa = PBXBuildFile; fileRef = 1F13B4C321CB167500EE6927 /* Main.storyboard */; };
		1F13B4C721CB167700EE6927 /* Assets.xcassets in Resources */ = {isa = PBXBuildFile; fileRef = 1F13B4C621CB167700EE6927 /* Assets.xcassets */; };
		1F13B4CA21CB167700EE6927 /* LaunchScreen.storyboard in Resources */ = {isa = PBXBuildFile; fileRef = 1F13B4C821CB167700EE6927 /* LaunchScreen.storyboard */; };
		1F13B4D321CC117300EE6927 /* WebKit.framework in Frameworks */ = {isa = PBXBuildFile; fileRef = 1F13B4D221CC117300EE6927 /* WebKit.framework */; };
		1F13B4D821CC667D00EE6927 /* WebAppViewController.swift in Sources */ = {isa = PBXBuildFile; fileRef = 1F13B4D721CC667D00EE6927 /* WebAppViewController.swift */; };
		1F13B4E821D2906E00EE6927 /* ArticleViewController.swift in Sources */ = {isa = PBXBuildFile; fileRef = 1F13B4E721D2906E00EE6927 /* ArticleViewController.swift */; };
		1F13B4EB21D2AAA900EE6927 /* UserPage.swift in Sources */ = {isa = PBXBuildFile; fileRef = 1F13B4EA21D2AAA900EE6927 /* UserPage.swift */; };
		1F13B4ED21D2ABA300EE6927 /* Article.swift in Sources */ = {isa = PBXBuildFile; fileRef = 1F13B4EC21D2ABA300EE6927 /* Article.swift */; };
		1F13B4EF21D2B3DE00EE6927 /* ArticleLookupResult.swift in Sources */ = {isa = PBXBuildFile; fileRef = 1F13B4EE21D2B3DE00EE6927 /* ArticleLookupResult.swift */; };
		1F13B4F121D2B48200EE6927 /* PageParseResult.swift in Sources */ = {isa = PBXBuildFile; fileRef = 1F13B4F021D2B48200EE6927 /* PageParseResult.swift */; };
		1F13B4F321D2B58300EE6927 /* ArticleParseResult.swift in Sources */ = {isa = PBXBuildFile; fileRef = 1F13B4F221D2B58300EE6927 /* ArticleParseResult.swift */; };
		1F13B4F521D2B5A300EE6927 /* SourceParseResult.swift in Sources */ = {isa = PBXBuildFile; fileRef = 1F13B4F421D2B5A300EE6927 /* SourceParseResult.swift */; };
		1F13B4F721D2B5DA00EE6927 /* AuthorParseResult.swift in Sources */ = {isa = PBXBuildFile; fileRef = 1F13B4F621D2B5DA00EE6927 /* AuthorParseResult.swift */; };
		1F13B4F921D2B5E700EE6927 /* PageLinkParseResult.swift in Sources */ = {isa = PBXBuildFile; fileRef = 1F13B4F821D2B5E700EE6927 /* PageLinkParseResult.swift */; };
		1F13B4FB21D2D04900EE6927 /* ReadStateCommitData.swift in Sources */ = {isa = PBXBuildFile; fileRef = 1F13B4FA21D2D04900EE6927 /* ReadStateCommitData.swift */; };
		1F13B4FD21D2D0B500EE6927 /* ArticleViewControllerParams.swift in Sources */ = {isa = PBXBuildFile; fileRef = 1F13B4FC21D2D0B500EE6927 /* ArticleViewControllerParams.swift */; };
		1F19471821DEDA0800D1599D /* DateDecodingStrategy.swift in Sources */ = {isa = PBXBuildFile; fileRef = 1F19471721DEDA0800D1599D /* DateDecodingStrategy.swift */; };
		1F19471A21DEF3A700D1599D /* CommitReadStateEvent.swift in Sources */ = {isa = PBXBuildFile; fileRef = 1F19471921DEF3A700D1599D /* CommitReadStateEvent.swift */; };
		1F19471D21DF004A00D1599D /* Message.swift in Sources */ = {isa = PBXBuildFile; fileRef = 1F19471C21DF004A00D1599D /* Message.swift */; };
		1F19471F21DF005C00D1599D /* CallEnvelope.swift in Sources */ = {isa = PBXBuildFile; fileRef = 1F19471E21DF005C00D1599D /* CallEnvelope.swift */; };
		1F19472121DF006B00D1599D /* ResponseEnvelope.swift in Sources */ = {isa = PBXBuildFile; fileRef = 1F19472021DF006B00D1599D /* ResponseEnvelope.swift */; };
		1F19472321DF007A00D1599D /* ResponseCallback.swift in Sources */ = {isa = PBXBuildFile; fileRef = 1F19472221DF007A00D1599D /* ResponseCallback.swift */; };
		1F19472721DF0F4200D1599D /* ArticleUpdatedEvent.swift in Sources */ = {isa = PBXBuildFile; fileRef = 1F19472621DF0F4200D1599D /* ArticleUpdatedEvent.swift */; };
		1F19476621E4033200D1599D /* WebViewContainerState.swift in Sources */ = {isa = PBXBuildFile; fileRef = 1F19476521E4033200D1599D /* WebViewContainerState.swift */; };
		1F19477221E8255900D1599D /* ShareViewController.swift in Sources */ = {isa = PBXBuildFile; fileRef = 1F19477121E8255900D1599D /* ShareViewController.swift */; };
		1F19477521E8255900D1599D /* MainInterface.storyboard in Resources */ = {isa = PBXBuildFile; fileRef = 1F19477321E8255900D1599D /* MainInterface.storyboard */; };
		1F19477921E8255900D1599D /* share-extension.appex in Embed App Extensions */ = {isa = PBXBuildFile; fileRef = 1F19476F21E8255900D1599D /* share-extension.appex */; settings = {ATTRIBUTES = (RemoveHeadersOnCopy, ); }; };
		1F19479121EA98AC00D1599D /* ArticleProcessing.swift in Sources */ = {isa = PBXBuildFile; fileRef = 1F19479021EA98AC00D1599D /* ArticleProcessing.swift */; };
		1F19479421EA9C1900D1599D /* APIServer.swift in Sources */ = {isa = PBXBuildFile; fileRef = 1F19479321EA9C1900D1599D /* APIServer.swift */; };
		1F19479721EAA42E00D1599D /* MessageWebView.swift in Sources */ = {isa = PBXBuildFile; fileRef = 1F19479621EAA42E00D1599D /* MessageWebView.swift */; };
		1F19479A21EAA93B00D1599D /* MessageWebViewDelegate.swift in Sources */ = {isa = PBXBuildFile; fileRef = 1F19479921EAA93B00D1599D /* MessageWebViewDelegate.swift */; };
		1F19479F21EAAA9100D1599D /* WebViewContainer.swift in Sources */ = {isa = PBXBuildFile; fileRef = 1F19479E21EAAA9100D1599D /* WebViewContainer.swift */; };
		1F1947A121EAAF7200D1599D /* HTMLTagReplacement.swift in Sources */ = {isa = PBXBuildFile; fileRef = 1F1947A021EAAF7200D1599D /* HTMLTagReplacement.swift */; };
		1F1947A921EAB0FA00D1599D /* ArticleProcessing.swift in Sources */ = {isa = PBXBuildFile; fileRef = 1F19479021EA98AC00D1599D /* ArticleProcessing.swift */; };
		1F1947AA21EAB0FA00D1599D /* HTMLTagReplacement.swift in Sources */ = {isa = PBXBuildFile; fileRef = 1F1947A021EAAF7200D1599D /* HTMLTagReplacement.swift */; };
		1F1947AD21EAB0FA00D1599D /* Message.swift in Sources */ = {isa = PBXBuildFile; fileRef = 1F19471C21DF004A00D1599D /* Message.swift */; };
		1F1947AE21EAB0FA00D1599D /* CallEnvelope.swift in Sources */ = {isa = PBXBuildFile; fileRef = 1F19471E21DF005C00D1599D /* CallEnvelope.swift */; };
		1F1947AF21EAB0FA00D1599D /* ResponseEnvelope.swift in Sources */ = {isa = PBXBuildFile; fileRef = 1F19472021DF006B00D1599D /* ResponseEnvelope.swift */; };
		1F1947B021EAB0FA00D1599D /* ResponseCallback.swift in Sources */ = {isa = PBXBuildFile; fileRef = 1F19472221DF007A00D1599D /* ResponseCallback.swift */; };
		1F1947B221EAB0FA00D1599D /* MessageWebView.swift in Sources */ = {isa = PBXBuildFile; fileRef = 1F19479621EAA42E00D1599D /* MessageWebView.swift */; };
		1F1947B321EAB0FA00D1599D /* MessageWebViewDelegate.swift in Sources */ = {isa = PBXBuildFile; fileRef = 1F19479921EAA93B00D1599D /* MessageWebViewDelegate.swift */; };
		1F1947B421EAB0FA00D1599D /* APIServer.swift in Sources */ = {isa = PBXBuildFile; fileRef = 1F19479321EA9C1900D1599D /* APIServer.swift */; };
		1F1947B621EAB3E600D1599D /* WebViewContainerDelegate.swift in Sources */ = {isa = PBXBuildFile; fileRef = 1F1947B521EAB3E600D1599D /* WebViewContainerDelegate.swift */; };
		1F1947B721EABB0400D1599D /* DateDecodingStrategy.swift in Sources */ = {isa = PBXBuildFile; fileRef = 1F19471721DEDA0800D1599D /* DateDecodingStrategy.swift */; };
		1F1947B821EAC5A800D1599D /* UserPage.swift in Sources */ = {isa = PBXBuildFile; fileRef = 1F13B4EA21D2AAA900EE6927 /* UserPage.swift */; };
		1F1947B921EAC5A800D1599D /* Article.swift in Sources */ = {isa = PBXBuildFile; fileRef = 1F13B4EC21D2ABA300EE6927 /* Article.swift */; };
		1F1947BA21EAC5A800D1599D /* ArticleLookupResult.swift in Sources */ = {isa = PBXBuildFile; fileRef = 1F13B4EE21D2B3DE00EE6927 /* ArticleLookupResult.swift */; };
		1F1947BB21EAC5A800D1599D /* PageParseResult.swift in Sources */ = {isa = PBXBuildFile; fileRef = 1F13B4F021D2B48200EE6927 /* PageParseResult.swift */; };
		1F1947BC21EAC5A800D1599D /* ArticleParseResult.swift in Sources */ = {isa = PBXBuildFile; fileRef = 1F13B4F221D2B58300EE6927 /* ArticleParseResult.swift */; };
		1F1947BD21EAC5A800D1599D /* SourceParseResult.swift in Sources */ = {isa = PBXBuildFile; fileRef = 1F13B4F421D2B5A300EE6927 /* SourceParseResult.swift */; };
		1F1947BE21EAC5A800D1599D /* AuthorParseResult.swift in Sources */ = {isa = PBXBuildFile; fileRef = 1F13B4F621D2B5DA00EE6927 /* AuthorParseResult.swift */; };
		1F1947BF21EAC5A800D1599D /* PageLinkParseResult.swift in Sources */ = {isa = PBXBuildFile; fileRef = 1F13B4F821D2B5E700EE6927 /* PageLinkParseResult.swift */; };
		1F1947C021EAC5A800D1599D /* ReadStateCommitData.swift in Sources */ = {isa = PBXBuildFile; fileRef = 1F13B4FA21D2D04900EE6927 /* ReadStateCommitData.swift */; };
		1F1947C521EAC5A800D1599D /* CommitReadStateEvent.swift in Sources */ = {isa = PBXBuildFile; fileRef = 1F19471921DEF3A700D1599D /* CommitReadStateEvent.swift */; };
		1F1947C621EAC5A800D1599D /* ArticleUpdatedEvent.swift in Sources */ = {isa = PBXBuildFile; fileRef = 1F19472621DF0F4200D1599D /* ArticleUpdatedEvent.swift */; };
		1F1947C721EBA49E00D1599D /* WebKit.framework in Frameworks */ = {isa = PBXBuildFile; fileRef = 1F13B4D221CC117300EE6927 /* WebKit.framework */; };
		1F2E54D122C50129002D52E6 /* LeaderboardBadge.swift in Sources */ = {isa = PBXBuildFile; fileRef = 1F2E54D022C50129002D52E6 /* LeaderboardBadge.swift */; };
		1F2E54D222C50129002D52E6 /* LeaderboardBadge.swift in Sources */ = {isa = PBXBuildFile; fileRef = 1F2E54D022C50129002D52E6 /* LeaderboardBadge.swift */; };
		1F4D985922FF0AFA009076D1 /* ArticleProcessingMode.swift in Sources */ = {isa = PBXBuildFile; fileRef = 1F4D985822FF0AFA009076D1 /* ArticleProcessingMode.swift */; };
		1F4D985A22FF0AFA009076D1 /* ArticleProcessingMode.swift in Sources */ = {isa = PBXBuildFile; fileRef = 1F4D985822FF0AFA009076D1 /* ArticleProcessingMode.swift */; };
		1F53AAEB2200B9DD0002C6FB /* ArticleReference.swift in Sources */ = {isa = PBXBuildFile; fileRef = 1F53AAEA2200B9DD0002C6FB /* ArticleReference.swift */; };
		1F53AAED220115710002C6FB /* SharedCookieStore.swift in Sources */ = {isa = PBXBuildFile; fileRef = 1F53AAEC220115710002C6FB /* SharedCookieStore.swift */; };
		1F53AAEE220115710002C6FB /* SharedCookieStore.swift in Sources */ = {isa = PBXBuildFile; fileRef = 1F53AAEC220115710002C6FB /* SharedCookieStore.swift */; };
		1F7870712295B88A003493DE /* WebViewScript.swift in Sources */ = {isa = PBXBuildFile; fileRef = 1FDBBC7322109CED00E03051 /* WebViewScript.swift */; };
		1F80C94D21ED53AF0060819F /* AlertViewController.swift in Sources */ = {isa = PBXBuildFile; fileRef = 1F80C94C21ED53AF0060819F /* AlertViewController.swift */; };
		1F8768B3223187BB002B5D16 /* SemanticVersion.swift in Sources */ = {isa = PBXBuildFile; fileRef = 1FDBBC7722109D0F00E03051 /* SemanticVersion.swift */; };
		1F8768B522318829002B5D16 /* SharedBundleInfo.swift in Sources */ = {isa = PBXBuildFile; fileRef = 1F8768B422318829002B5D16 /* SharedBundleInfo.swift */; };
		1F8768B622318829002B5D16 /* SharedBundleInfo.swift in Sources */ = {isa = PBXBuildFile; fileRef = 1F8768B422318829002B5D16 /* SharedBundleInfo.swift */; };
		1F8768B822318B54002B5D16 /* AppBundleInfo.swift in Sources */ = {isa = PBXBuildFile; fileRef = 1F8768B722318B54002B5D16 /* AppBundleInfo.swift */; };
		1F8768BA2231AC0D002B5D16 /* ShareData.swift in Sources */ = {isa = PBXBuildFile; fileRef = 1F8768B92231AC0D002B5D16 /* ShareData.swift */; };
		1F8768BC22381137002B5D16 /* ClipboardReferrer.swift in Sources */ = {isa = PBXBuildFile; fileRef = 1F8768BB22381137002B5D16 /* ClipboardReferrer.swift */; };
		1F8768C02239C04B002B5D16 /* ShareDataStringSource.swift in Sources */ = {isa = PBXBuildFile; fileRef = 1F8768BF2239C04B002B5D16 /* ShareDataStringSource.swift */; };
		1F8768C22239CD70002B5D16 /* EmailShareData.swift in Sources */ = {isa = PBXBuildFile; fileRef = 1F8768C12239CD70002B5D16 /* EmailShareData.swift */; };
		1F8768C4223AE0B0002B5D16 /* ShareBlockerSource.swift in Sources */ = {isa = PBXBuildFile; fileRef = 1F8768C3223AE0B0002B5D16 /* ShareBlockerSource.swift */; };
		1F8768C6223AF9B6002B5D16 /* ShareDataURLSource.swift in Sources */ = {isa = PBXBuildFile; fileRef = 1F8768C5223AF9B6002B5D16 /* ShareDataURLSource.swift */; };
		1F8768D0225F9EA4002B5D16 /* UIViewControllerExtension.swift in Sources */ = {isa = PBXBuildFile; fileRef = 1F8768CF225F9EA4002B5D16 /* UIViewControllerExtension.swift */; };
		1F8768D222692AB8002B5D16 /* PostCommentForm.swift in Sources */ = {isa = PBXBuildFile; fileRef = 1F8768D122692AB8002B5D16 /* PostCommentForm.swift */; };
		1F8768D322692AB8002B5D16 /* PostCommentForm.swift in Sources */ = {isa = PBXBuildFile; fileRef = 1F8768D122692AB8002B5D16 /* PostCommentForm.swift */; };
		1F8768D522692B7F002B5D16 /* CommentThread.swift in Sources */ = {isa = PBXBuildFile; fileRef = 1F8768D422692B7F002B5D16 /* CommentThread.swift */; };
		1F8768D622692B7F002B5D16 /* CommentThread.swift in Sources */ = {isa = PBXBuildFile; fileRef = 1F8768D422692B7F002B5D16 /* CommentThread.swift */; };
		1F8768D822693700002B5D16 /* UserAccount.swift in Sources */ = {isa = PBXBuildFile; fileRef = 1F8768D722693700002B5D16 /* UserAccount.swift */; };
		1F8768D922693700002B5D16 /* UserAccount.swift in Sources */ = {isa = PBXBuildFile; fileRef = 1F8768D722693700002B5D16 /* UserAccount.swift */; };
		1F8768DB2269390D002B5D16 /* UserAccountRole.swift in Sources */ = {isa = PBXBuildFile; fileRef = 1F8768DA2269390D002B5D16 /* UserAccountRole.swift */; };
		1F8768DC2269390D002B5D16 /* UserAccountRole.swift in Sources */ = {isa = PBXBuildFile; fileRef = 1F8768DA2269390D002B5D16 /* UserAccountRole.swift */; };
		1F8768DE2270C4B5002B5D16 /* PostCommentResult.swift in Sources */ = {isa = PBXBuildFile; fileRef = 1F8768DD2270C4B5002B5D16 /* PostCommentResult.swift */; };
		1F8768DF2270C4B5002B5D16 /* PostCommentResult.swift in Sources */ = {isa = PBXBuildFile; fileRef = 1F8768DD2270C4B5002B5D16 /* PostCommentResult.swift */; };
		1FC0D616231AD1C200E4DD9A /* PostComment.swift in Sources */ = {isa = PBXBuildFile; fileRef = 1FC0D615231AD1C200E4DD9A /* PostComment.swift */; };
		1FC0D617231AD1C200E4DD9A /* PostComment.swift in Sources */ = {isa = PBXBuildFile; fileRef = 1FC0D615231AD1C200E4DD9A /* PostComment.swift */; };
		1FC0D619231AD23100E4DD9A /* Post.swift in Sources */ = {isa = PBXBuildFile; fileRef = 1FC0D618231AD23100E4DD9A /* Post.swift */; };
		1FC0D61A231AD23100E4DD9A /* Post.swift in Sources */ = {isa = PBXBuildFile; fileRef = 1FC0D618231AD23100E4DD9A /* Post.swift */; };
		1FC0D61C231AD29500E4DD9A /* PostForm.swift in Sources */ = {isa = PBXBuildFile; fileRef = 1FC0D61B231AD29500E4DD9A /* PostForm.swift */; };
		1FC0D61D231AD29500E4DD9A /* PostForm.swift in Sources */ = {isa = PBXBuildFile; fileRef = 1FC0D61B231AD29500E4DD9A /* PostForm.swift */; };
		1FDBBC7422109CED00E03051 /* WebViewScript.swift in Sources */ = {isa = PBXBuildFile; fileRef = 1FDBBC7322109CED00E03051 /* WebViewScript.swift */; };
		1FDBBC7622109CFA00E03051 /* ScriptUpdater.swift in Sources */ = {isa = PBXBuildFile; fileRef = 1FDBBC7522109CFA00E03051 /* ScriptUpdater.swift */; };
		1FDBBC7822109D0F00E03051 /* SemanticVersion.swift in Sources */ = {isa = PBXBuildFile; fileRef = 1FDBBC7722109D0F00E03051 /* SemanticVersion.swift */; };
		1FDBBC7B2210E31300E03051 /* share-extension.js in Resources */ = {isa = PBXBuildFile; fileRef = 1FDBBC7A2210E31300E03051 /* share-extension.js */; };
		1FDBBC7D221229B500E03051 /* reader.js in Resources */ = {isa = PBXBuildFile; fileRef = 1FDBBC7C221229B500E03051 /* reader.js */; };
		1FDBBC8522173D9400E03051 /* Rating.swift in Sources */ = {isa = PBXBuildFile; fileRef = 1FDBBC8422173D9400E03051 /* Rating.swift */; };
		1FDBBC8622173D9400E03051 /* Rating.swift in Sources */ = {isa = PBXBuildFile; fileRef = 1FDBBC8422173D9400E03051 /* Rating.swift */; };
/* End PBXBuildFile section */

/* Begin PBXContainerItemProxy section */
		1F19477721E8255900D1599D /* PBXContainerItemProxy */ = {
			isa = PBXContainerItemProxy;
			containerPortal = 1F13B4B421CB167500EE6927 /* Project object */;
			proxyType = 1;
			remoteGlobalIDString = 1F19476E21E8255900D1599D;
			remoteInfo = "share-extension";
		};
/* End PBXContainerItemProxy section */

/* Begin PBXCopyFilesBuildPhase section */
		1F19477D21E8255900D1599D /* Embed App Extensions */ = {
			isa = PBXCopyFilesBuildPhase;
			buildActionMask = 2147483647;
			dstPath = "";
			dstSubfolderSpec = 13;
			files = (
				1F19477921E8255900D1599D /* share-extension.appex in Embed App Extensions */,
			);
			name = "Embed App Extensions";
			runOnlyForDeploymentPostprocessing = 0;
		};
/* End PBXCopyFilesBuildPhase section */

/* Begin PBXFileReference section */
		1F12E66721D6A1B4001553F9 /* ProgressBarView.swift */ = {isa = PBXFileReference; lastKnownFileType = sourcecode.swift; path = ProgressBarView.swift; sourceTree = "<group>"; };
		1F13B4BC21CB167500EE6927 /* ios.app */ = {isa = PBXFileReference; explicitFileType = wrapper.application; includeInIndex = 0; path = ios.app; sourceTree = BUILT_PRODUCTS_DIR; };
		1F13B4BF21CB167500EE6927 /* AppDelegate.swift */ = {isa = PBXFileReference; lastKnownFileType = sourcecode.swift; path = AppDelegate.swift; sourceTree = "<group>"; };
		1F13B4C421CB167500EE6927 /* Base */ = {isa = PBXFileReference; lastKnownFileType = file.storyboard; name = Base; path = Base.lproj/Main.storyboard; sourceTree = "<group>"; };
		1F13B4C621CB167700EE6927 /* Assets.xcassets */ = {isa = PBXFileReference; lastKnownFileType = folder.assetcatalog; path = Assets.xcassets; sourceTree = "<group>"; };
		1F13B4C921CB167700EE6927 /* Base */ = {isa = PBXFileReference; lastKnownFileType = file.storyboard; name = Base; path = Base.lproj/LaunchScreen.storyboard; sourceTree = "<group>"; };
		1F13B4D221CC117300EE6927 /* WebKit.framework */ = {isa = PBXFileReference; lastKnownFileType = wrapper.framework; name = WebKit.framework; path = System/Library/Frameworks/WebKit.framework; sourceTree = SDKROOT; };
		1F13B4D721CC667D00EE6927 /* WebAppViewController.swift */ = {isa = PBXFileReference; lastKnownFileType = sourcecode.swift; path = WebAppViewController.swift; sourceTree = "<group>"; };
		1F13B4E721D2906E00EE6927 /* ArticleViewController.swift */ = {isa = PBXFileReference; lastKnownFileType = sourcecode.swift; path = ArticleViewController.swift; sourceTree = "<group>"; };
		1F13B4EA21D2AAA900EE6927 /* UserPage.swift */ = {isa = PBXFileReference; lastKnownFileType = sourcecode.swift; path = UserPage.swift; sourceTree = "<group>"; };
		1F13B4EC21D2ABA300EE6927 /* Article.swift */ = {isa = PBXFileReference; lastKnownFileType = sourcecode.swift; path = Article.swift; sourceTree = "<group>"; };
		1F13B4EE21D2B3DE00EE6927 /* ArticleLookupResult.swift */ = {isa = PBXFileReference; lastKnownFileType = sourcecode.swift; path = ArticleLookupResult.swift; sourceTree = "<group>"; };
		1F13B4F021D2B48200EE6927 /* PageParseResult.swift */ = {isa = PBXFileReference; lastKnownFileType = sourcecode.swift; path = PageParseResult.swift; sourceTree = "<group>"; };
		1F13B4F221D2B58300EE6927 /* ArticleParseResult.swift */ = {isa = PBXFileReference; lastKnownFileType = sourcecode.swift; path = ArticleParseResult.swift; sourceTree = "<group>"; };
		1F13B4F421D2B5A300EE6927 /* SourceParseResult.swift */ = {isa = PBXFileReference; lastKnownFileType = sourcecode.swift; path = SourceParseResult.swift; sourceTree = "<group>"; };
		1F13B4F621D2B5DA00EE6927 /* AuthorParseResult.swift */ = {isa = PBXFileReference; lastKnownFileType = sourcecode.swift; path = AuthorParseResult.swift; sourceTree = "<group>"; };
		1F13B4F821D2B5E700EE6927 /* PageLinkParseResult.swift */ = {isa = PBXFileReference; lastKnownFileType = sourcecode.swift; path = PageLinkParseResult.swift; sourceTree = "<group>"; };
		1F13B4FA21D2D04900EE6927 /* ReadStateCommitData.swift */ = {isa = PBXFileReference; lastKnownFileType = sourcecode.swift; path = ReadStateCommitData.swift; sourceTree = "<group>"; };
		1F13B4FC21D2D0B500EE6927 /* ArticleViewControllerParams.swift */ = {isa = PBXFileReference; lastKnownFileType = sourcecode.swift; path = ArticleViewControllerParams.swift; sourceTree = "<group>"; };
		1F19471721DEDA0800D1599D /* DateDecodingStrategy.swift */ = {isa = PBXFileReference; lastKnownFileType = sourcecode.swift; path = DateDecodingStrategy.swift; sourceTree = "<group>"; };
		1F19471921DEF3A700D1599D /* CommitReadStateEvent.swift */ = {isa = PBXFileReference; lastKnownFileType = sourcecode.swift; path = CommitReadStateEvent.swift; sourceTree = "<group>"; };
		1F19471C21DF004A00D1599D /* Message.swift */ = {isa = PBXFileReference; lastKnownFileType = sourcecode.swift; path = Message.swift; sourceTree = "<group>"; };
		1F19471E21DF005C00D1599D /* CallEnvelope.swift */ = {isa = PBXFileReference; lastKnownFileType = sourcecode.swift; path = CallEnvelope.swift; sourceTree = "<group>"; };
		1F19472021DF006B00D1599D /* ResponseEnvelope.swift */ = {isa = PBXFileReference; lastKnownFileType = sourcecode.swift; path = ResponseEnvelope.swift; sourceTree = "<group>"; };
		1F19472221DF007A00D1599D /* ResponseCallback.swift */ = {isa = PBXFileReference; lastKnownFileType = sourcecode.swift; path = ResponseCallback.swift; sourceTree = "<group>"; };
		1F19472621DF0F4200D1599D /* ArticleUpdatedEvent.swift */ = {isa = PBXFileReference; lastKnownFileType = sourcecode.swift; path = ArticleUpdatedEvent.swift; sourceTree = "<group>"; };
		1F19473A21E105C100D1599D /* ios.entitlements */ = {isa = PBXFileReference; lastKnownFileType = text.plist.entitlements; path = ios.entitlements; sourceTree = "<group>"; };
		1F19476521E4033200D1599D /* WebViewContainerState.swift */ = {isa = PBXFileReference; lastKnownFileType = sourcecode.swift; path = WebViewContainerState.swift; sourceTree = "<group>"; };
		1F19476721E5552900D1599D /* Debug.plist */ = {isa = PBXFileReference; fileEncoding = 4; lastKnownFileType = text.plist.xml; path = Debug.plist; sourceTree = "<group>"; };
		1F19476821E5552900D1599D /* Release.plist */ = {isa = PBXFileReference; fileEncoding = 4; lastKnownFileType = text.plist.xml; path = Release.plist; sourceTree = "<group>"; };
		1F19476F21E8255900D1599D /* share-extension.appex */ = {isa = PBXFileReference; explicitFileType = "wrapper.app-extension"; includeInIndex = 0; path = "share-extension.appex"; sourceTree = BUILT_PRODUCTS_DIR; };
		1F19477121E8255900D1599D /* ShareViewController.swift */ = {isa = PBXFileReference; lastKnownFileType = sourcecode.swift; path = ShareViewController.swift; sourceTree = "<group>"; };
		1F19477421E8255900D1599D /* Base */ = {isa = PBXFileReference; lastKnownFileType = file.storyboard; name = Base; path = Base.lproj/MainInterface.storyboard; sourceTree = "<group>"; };
		1F19477E21E90C2900D1599D /* Release.plist */ = {isa = PBXFileReference; fileEncoding = 4; lastKnownFileType = text.plist.xml; path = Release.plist; sourceTree = "<group>"; };
		1F19477F21E90C2900D1599D /* Debug.plist */ = {isa = PBXFileReference; fileEncoding = 4; lastKnownFileType = text.plist.xml; path = Debug.plist; sourceTree = "<group>"; };
		1F19478221E9545D00D1599D /* share-extension.entitlements */ = {isa = PBXFileReference; lastKnownFileType = text.plist.entitlements; path = "share-extension.entitlements"; sourceTree = "<group>"; };
		1F19479021EA98AC00D1599D /* ArticleProcessing.swift */ = {isa = PBXFileReference; lastKnownFileType = sourcecode.swift; path = ArticleProcessing.swift; sourceTree = "<group>"; };
		1F19479321EA9C1900D1599D /* APIServer.swift */ = {isa = PBXFileReference; lastKnownFileType = sourcecode.swift; path = APIServer.swift; sourceTree = "<group>"; };
		1F19479621EAA42E00D1599D /* MessageWebView.swift */ = {isa = PBXFileReference; lastKnownFileType = sourcecode.swift; path = MessageWebView.swift; sourceTree = "<group>"; };
		1F19479921EAA93B00D1599D /* MessageWebViewDelegate.swift */ = {isa = PBXFileReference; lastKnownFileType = sourcecode.swift; path = MessageWebViewDelegate.swift; sourceTree = "<group>"; };
		1F19479E21EAAA9100D1599D /* WebViewContainer.swift */ = {isa = PBXFileReference; lastKnownFileType = sourcecode.swift; path = WebViewContainer.swift; sourceTree = "<group>"; };
		1F1947A021EAAF7200D1599D /* HTMLTagReplacement.swift */ = {isa = PBXFileReference; lastKnownFileType = sourcecode.swift; path = HTMLTagReplacement.swift; sourceTree = "<group>"; };
		1F1947B521EAB3E600D1599D /* WebViewContainerDelegate.swift */ = {isa = PBXFileReference; lastKnownFileType = sourcecode.swift; path = WebViewContainerDelegate.swift; sourceTree = "<group>"; };
		1F2E54D022C50129002D52E6 /* LeaderboardBadge.swift */ = {isa = PBXFileReference; lastKnownFileType = sourcecode.swift; path = LeaderboardBadge.swift; sourceTree = "<group>"; };
		1F4D985822FF0AFA009076D1 /* ArticleProcessingMode.swift */ = {isa = PBXFileReference; lastKnownFileType = sourcecode.swift; path = ArticleProcessingMode.swift; sourceTree = "<group>"; };
		1F53AAEA2200B9DD0002C6FB /* ArticleReference.swift */ = {isa = PBXFileReference; lastKnownFileType = sourcecode.swift; path = ArticleReference.swift; sourceTree = "<group>"; };
		1F53AAEC220115710002C6FB /* SharedCookieStore.swift */ = {isa = PBXFileReference; lastKnownFileType = sourcecode.swift; path = SharedCookieStore.swift; sourceTree = "<group>"; };
		1F80C94C21ED53AF0060819F /* AlertViewController.swift */ = {isa = PBXFileReference; lastKnownFileType = sourcecode.swift; path = AlertViewController.swift; sourceTree = "<group>"; };
		1F8768B422318829002B5D16 /* SharedBundleInfo.swift */ = {isa = PBXFileReference; lastKnownFileType = sourcecode.swift; path = SharedBundleInfo.swift; sourceTree = "<group>"; };
		1F8768B722318B54002B5D16 /* AppBundleInfo.swift */ = {isa = PBXFileReference; lastKnownFileType = sourcecode.swift; path = AppBundleInfo.swift; sourceTree = "<group>"; };
		1F8768B92231AC0D002B5D16 /* ShareData.swift */ = {isa = PBXFileReference; lastKnownFileType = sourcecode.swift; path = ShareData.swift; sourceTree = "<group>"; };
		1F8768BB22381137002B5D16 /* ClipboardReferrer.swift */ = {isa = PBXFileReference; lastKnownFileType = sourcecode.swift; path = ClipboardReferrer.swift; sourceTree = "<group>"; };
		1F8768BF2239C04B002B5D16 /* ShareDataStringSource.swift */ = {isa = PBXFileReference; lastKnownFileType = sourcecode.swift; path = ShareDataStringSource.swift; sourceTree = "<group>"; };
		1F8768C12239CD70002B5D16 /* EmailShareData.swift */ = {isa = PBXFileReference; lastKnownFileType = sourcecode.swift; path = EmailShareData.swift; sourceTree = "<group>"; };
		1F8768C3223AE0B0002B5D16 /* ShareBlockerSource.swift */ = {isa = PBXFileReference; lastKnownFileType = sourcecode.swift; path = ShareBlockerSource.swift; sourceTree = "<group>"; };
		1F8768C5223AF9B6002B5D16 /* ShareDataURLSource.swift */ = {isa = PBXFileReference; lastKnownFileType = sourcecode.swift; path = ShareDataURLSource.swift; sourceTree = "<group>"; };
		1F8768CF225F9EA4002B5D16 /* UIViewControllerExtension.swift */ = {isa = PBXFileReference; lastKnownFileType = sourcecode.swift; path = UIViewControllerExtension.swift; sourceTree = "<group>"; };
		1F8768D122692AB8002B5D16 /* PostCommentForm.swift */ = {isa = PBXFileReference; lastKnownFileType = sourcecode.swift; path = PostCommentForm.swift; sourceTree = "<group>"; };
		1F8768D422692B7F002B5D16 /* CommentThread.swift */ = {isa = PBXFileReference; lastKnownFileType = sourcecode.swift; path = CommentThread.swift; sourceTree = "<group>"; };
		1F8768D722693700002B5D16 /* UserAccount.swift */ = {isa = PBXFileReference; lastKnownFileType = sourcecode.swift; path = UserAccount.swift; sourceTree = "<group>"; };
		1F8768DA2269390D002B5D16 /* UserAccountRole.swift */ = {isa = PBXFileReference; lastKnownFileType = sourcecode.swift; path = UserAccountRole.swift; sourceTree = "<group>"; };
		1F8768DD2270C4B5002B5D16 /* PostCommentResult.swift */ = {isa = PBXFileReference; lastKnownFileType = sourcecode.swift; path = PostCommentResult.swift; sourceTree = "<group>"; };
		1FC0D615231AD1C200E4DD9A /* PostComment.swift */ = {isa = PBXFileReference; lastKnownFileType = sourcecode.swift; path = PostComment.swift; sourceTree = "<group>"; };
		1FC0D618231AD23100E4DD9A /* Post.swift */ = {isa = PBXFileReference; lastKnownFileType = sourcecode.swift; path = Post.swift; sourceTree = "<group>"; };
		1FC0D61B231AD29500E4DD9A /* PostForm.swift */ = {isa = PBXFileReference; lastKnownFileType = sourcecode.swift; path = PostForm.swift; sourceTree = "<group>"; };
		1FDBBC7322109CED00E03051 /* WebViewScript.swift */ = {isa = PBXFileReference; lastKnownFileType = sourcecode.swift; path = WebViewScript.swift; sourceTree = "<group>"; };
		1FDBBC7522109CFA00E03051 /* ScriptUpdater.swift */ = {isa = PBXFileReference; lastKnownFileType = sourcecode.swift; name = ScriptUpdater.swift; path = Scripts/ScriptUpdater.swift; sourceTree = "<group>"; };
		1FDBBC7722109D0F00E03051 /* SemanticVersion.swift */ = {isa = PBXFileReference; lastKnownFileType = sourcecode.swift; path = SemanticVersion.swift; sourceTree = "<group>"; };
		1FDBBC7A2210E31300E03051 /* share-extension.js */ = {isa = PBXFileReference; fileEncoding = 4; lastKnownFileType = sourcecode.javascript; path = "share-extension.js"; sourceTree = "<group>"; };
		1FDBBC7C221229B500E03051 /* reader.js */ = {isa = PBXFileReference; fileEncoding = 4; lastKnownFileType = sourcecode.javascript; path = reader.js; sourceTree = "<group>"; };
		1FDBBC8422173D9400E03051 /* Rating.swift */ = {isa = PBXFileReference; lastKnownFileType = sourcecode.swift; path = Rating.swift; sourceTree = "<group>"; };
/* End PBXFileReference section */

/* Begin PBXFrameworksBuildPhase section */
		1F13B4B921CB167500EE6927 /* Frameworks */ = {
			isa = PBXFrameworksBuildPhase;
			buildActionMask = 2147483647;
			files = (
				1F13B4D321CC117300EE6927 /* WebKit.framework in Frameworks */,
			);
			runOnlyForDeploymentPostprocessing = 0;
		};
		1F19476C21E8255900D1599D /* Frameworks */ = {
			isa = PBXFrameworksBuildPhase;
			buildActionMask = 2147483647;
			files = (
				1F1947C721EBA49E00D1599D /* WebKit.framework in Frameworks */,
			);
			runOnlyForDeploymentPostprocessing = 0;
		};
/* End PBXFrameworksBuildPhase section */

/* Begin PBXGroup section */
		1F12E66421D6A16B001553F9 /* Views */ = {
			isa = PBXGroup;
			children = (
				1F12E66721D6A1B4001553F9 /* ProgressBarView.swift */,
			);
			path = Views;
			sourceTree = "<group>";
		};
		1F13B4B321CB167500EE6927 = {
			isa = PBXGroup;
			children = (
				1F19478621EA747E00D1599D /* common */,
				1F13B4D121CC117300EE6927 /* Frameworks */,
				1F13B4BE21CB167500EE6927 /* ios */,
				1F13B4BD21CB167500EE6927 /* Products */,
				1F19477021E8255900D1599D /* share-extension */,
			);
			sourceTree = "<group>";
		};
		1F13B4BD21CB167500EE6927 /* Products */ = {
			isa = PBXGroup;
			children = (
				1F13B4BC21CB167500EE6927 /* ios.app */,
				1F19476F21E8255900D1599D /* share-extension.appex */,
			);
			name = Products;
			sourceTree = "<group>";
		};
		1F13B4BE21CB167500EE6927 /* ios */ = {
			isa = PBXGroup;
			children = (
				1F13B4D421CC334400EE6927 /* ViewControllers */,
				1F12E66421D6A16B001553F9 /* Views */,
				1F19479D21EAAA6E00D1599D /* WebViewUI */,
				1F8768B722318B54002B5D16 /* AppBundleInfo.swift */,
				1F13B4BF21CB167500EE6927 /* AppDelegate.swift */,
				1F13B4C621CB167700EE6927 /* Assets.xcassets */,
				1F19476721E5552900D1599D /* Debug.plist */,
				1F19473A21E105C100D1599D /* ios.entitlements */,
				1F13B4C821CB167700EE6927 /* LaunchScreen.storyboard */,
				1F13B4C321CB167500EE6927 /* Main.storyboard */,
				1FDBBC7C221229B500E03051 /* reader.js */,
				1F19476821E5552900D1599D /* Release.plist */,
				1FDBBC7522109CFA00E03051 /* ScriptUpdater.swift */,
			);
			path = ios;
			sourceTree = "<group>";
		};
		1F13B4D121CC117300EE6927 /* Frameworks */ = {
			isa = PBXGroup;
			children = (
				1F13B4D221CC117300EE6927 /* WebKit.framework */,
			);
			name = Frameworks;
			sourceTree = "<group>";
		};
		1F13B4D421CC334400EE6927 /* ViewControllers */ = {
			isa = PBXGroup;
			children = (
				1F8768CE225F9E84002B5D16 /* Sharing */,
				1F53AAEA2200B9DD0002C6FB /* ArticleReference.swift */,
				1F13B4E721D2906E00EE6927 /* ArticleViewController.swift */,
				1F13B4FC21D2D0B500EE6927 /* ArticleViewControllerParams.swift */,
				1F8768BB22381137002B5D16 /* ClipboardReferrer.swift */,
				1F13B4D721CC667D00EE6927 /* WebAppViewController.swift */,
			);
			path = ViewControllers;
			sourceTree = "<group>";
		};
		1F13B4E921D2AA9500EE6927 /* Models */ = {
			isa = PBXGroup;
			children = (
				1F13B4EC21D2ABA300EE6927 /* Article.swift */,
				1F13B4EE21D2B3DE00EE6927 /* ArticleLookupResult.swift */,
				1F13B4F221D2B58300EE6927 /* ArticleParseResult.swift */,
				1F19472621DF0F4200D1599D /* ArticleUpdatedEvent.swift */,
				1F13B4F621D2B5DA00EE6927 /* AuthorParseResult.swift */,
				1F8768D422692B7F002B5D16 /* CommentThread.swift */,
				1F19471921DEF3A700D1599D /* CommitReadStateEvent.swift */,
				1F2E54D022C50129002D52E6 /* LeaderboardBadge.swift */,
				1F13B4F821D2B5E700EE6927 /* PageLinkParseResult.swift */,
				1F13B4F021D2B48200EE6927 /* PageParseResult.swift */,
				1FC0D618231AD23100E4DD9A /* Post.swift */,
				1FC0D615231AD1C200E4DD9A /* PostComment.swift */,
				1F8768D122692AB8002B5D16 /* PostCommentForm.swift */,
				1F8768DD2270C4B5002B5D16 /* PostCommentResult.swift */,
				1FC0D61B231AD29500E4DD9A /* PostForm.swift */,
				1FDBBC8422173D9400E03051 /* Rating.swift */,
				1F13B4FA21D2D04900EE6927 /* ReadStateCommitData.swift */,
				1F13B4F421D2B5A300EE6927 /* SourceParseResult.swift */,
				1F8768D722693700002B5D16 /* UserAccount.swift */,
				1F8768DA2269390D002B5D16 /* UserAccountRole.swift */,
				1F13B4EA21D2AAA900EE6927 /* UserPage.swift */,
			);
			path = Models;
			sourceTree = "<group>";
		};
		1F19471621DED9DE00D1599D /* JSONDecoder */ = {
			isa = PBXGroup;
			children = (
				1F19471721DEDA0800D1599D /* DateDecodingStrategy.swift */,
			);
			path = JSONDecoder;
			sourceTree = "<group>";
		};
		1F19471B21DF003800D1599D /* WebViewMessaging */ = {
			isa = PBXGroup;
			children = (
				1F19471E21DF005C00D1599D /* CallEnvelope.swift */,
				1F19471C21DF004A00D1599D /* Message.swift */,
				1F19479621EAA42E00D1599D /* MessageWebView.swift */,
				1F19479921EAA93B00D1599D /* MessageWebViewDelegate.swift */,
				1F19472221DF007A00D1599D /* ResponseCallback.swift */,
				1F19472021DF006B00D1599D /* ResponseEnvelope.swift */,
			);
			path = WebViewMessaging;
			sourceTree = "<group>";
		};
		1F19477021E8255900D1599D /* share-extension */ = {
			isa = PBXGroup;
			children = (
				1F80C94C21ED53AF0060819F /* AlertViewController.swift */,
				1F19477F21E90C2900D1599D /* Debug.plist */,
				1F19477321E8255900D1599D /* MainInterface.storyboard */,
				1F19477E21E90C2900D1599D /* Release.plist */,
				1FDBBC7A2210E31300E03051 /* share-extension.js */,
				1F19478221E9545D00D1599D /* share-extension.entitlements */,
				1F19477121E8255900D1599D /* ShareViewController.swift */,
			);
			path = "share-extension";
			sourceTree = "<group>";
		};
		1F19478621EA747E00D1599D /* common */ = {
			isa = PBXGroup;
			children = (
				1F19478F21EA7BC500D1599D /* ArticleProcessing */,
				1F19471621DED9DE00D1599D /* JSONDecoder */,
				1F13B4E921D2AA9500EE6927 /* Models */,
				1F19471B21DF003800D1599D /* WebViewMessaging */,
				1F19479321EA9C1900D1599D /* APIServer.swift */,
				1FDBBC7722109D0F00E03051 /* SemanticVersion.swift */,
				1F8768B422318829002B5D16 /* SharedBundleInfo.swift */,
				1F53AAEC220115710002C6FB /* SharedCookieStore.swift */,
				1FDBBC7322109CED00E03051 /* WebViewScript.swift */,
			);
			path = common;
			sourceTree = "<group>";
		};
		1F19478F21EA7BC500D1599D /* ArticleProcessing */ = {
			isa = PBXGroup;
			children = (
				1F19479021EA98AC00D1599D /* ArticleProcessing.swift */,
				1F4D985822FF0AFA009076D1 /* ArticleProcessingMode.swift */,
				1F1947A021EAAF7200D1599D /* HTMLTagReplacement.swift */,
			);
			path = ArticleProcessing;
			sourceTree = "<group>";
		};
		1F19479D21EAAA6E00D1599D /* WebViewUI */ = {
			isa = PBXGroup;
			children = (
				1F19479E21EAAA9100D1599D /* WebViewContainer.swift */,
				1F1947B521EAB3E600D1599D /* WebViewContainerDelegate.swift */,
				1F19476521E4033200D1599D /* WebViewContainerState.swift */,
			);
			path = WebViewUI;
			sourceTree = "<group>";
		};
		1F8768CE225F9E84002B5D16 /* Sharing */ = {
			isa = PBXGroup;
			children = (
				1F8768C12239CD70002B5D16 /* EmailShareData.swift */,
				1F8768C3223AE0B0002B5D16 /* ShareBlockerSource.swift */,
				1F8768B92231AC0D002B5D16 /* ShareData.swift */,
				1F8768BF2239C04B002B5D16 /* ShareDataStringSource.swift */,
				1F8768C5223AF9B6002B5D16 /* ShareDataURLSource.swift */,
				1F8768CF225F9EA4002B5D16 /* UIViewControllerExtension.swift */,
			);
			path = Sharing;
			sourceTree = "<group>";
		};
/* End PBXGroup section */

/* Begin PBXNativeTarget section */
		1F13B4BB21CB167500EE6927 /* ios */ = {
			isa = PBXNativeTarget;
			buildConfigurationList = 1F13B4CE21CB167700EE6927 /* Build configuration list for PBXNativeTarget "ios" */;
			buildPhases = (
				1F13B4B821CB167500EE6927 /* Sources */,
				1F13B4B921CB167500EE6927 /* Frameworks */,
				1F13B4BA21CB167500EE6927 /* Resources */,
				1F19477D21E8255900D1599D /* Embed App Extensions */,
			);
			buildRules = (
			);
			dependencies = (
				1F19477821E8255900D1599D /* PBXTargetDependency */,
			);
			name = ios;
			productName = ios;
			productReference = 1F13B4BC21CB167500EE6927 /* ios.app */;
			productType = "com.apple.product-type.application";
		};
		1F19476E21E8255900D1599D /* share-extension */ = {
			isa = PBXNativeTarget;
			buildConfigurationList = 1F19477A21E8255900D1599D /* Build configuration list for PBXNativeTarget "share-extension" */;
			buildPhases = (
				1F19476B21E8255900D1599D /* Sources */,
				1F19476C21E8255900D1599D /* Frameworks */,
				1F19476D21E8255900D1599D /* Resources */,
			);
			buildRules = (
			);
			dependencies = (
			);
			name = "share-extension";
			productName = "share-extension";
			productReference = 1F19476F21E8255900D1599D /* share-extension.appex */;
			productType = "com.apple.product-type.app-extension";
		};
/* End PBXNativeTarget section */

/* Begin PBXProject section */
		1F13B4B421CB167500EE6927 /* Project object */ = {
			isa = PBXProject;
			attributes = {
				LastSwiftUpdateCheck = 1010;
				LastUpgradeCheck = 1010;
				ORGANIZATIONNAME = "reallyread.it, inc.";
				TargetAttributes = {
					1F13B4BB21CB167500EE6927 = {
						CreatedOnToolsVersion = 10.1;
						SystemCapabilities = {
							com.apple.ApplicationGroups.iOS = {
								enabled = 1;
							};
							com.apple.SafariKeychain = {
								enabled = 1;
							};
						};
					};
					1F19476E21E8255900D1599D = {
						CreatedOnToolsVersion = 10.1;
						SystemCapabilities = {
							com.apple.ApplicationGroups.iOS = {
								enabled = 1;
							};
						};
					};
				};
			};
			buildConfigurationList = 1F13B4B721CB167500EE6927 /* Build configuration list for PBXProject "ios" */;
			compatibilityVersion = "Xcode 9.3";
			developmentRegion = en;
			hasScannedForEncodings = 0;
			knownRegions = (
				en,
				Base,
			);
			mainGroup = 1F13B4B321CB167500EE6927;
			productRefGroup = 1F13B4BD21CB167500EE6927 /* Products */;
			projectDirPath = "";
			projectRoot = "";
			targets = (
				1F13B4BB21CB167500EE6927 /* ios */,
				1F19476E21E8255900D1599D /* share-extension */,
			);
		};
/* End PBXProject section */

/* Begin PBXResourcesBuildPhase section */
		1F13B4BA21CB167500EE6927 /* Resources */ = {
			isa = PBXResourcesBuildPhase;
			buildActionMask = 2147483647;
			files = (
				1F13B4CA21CB167700EE6927 /* LaunchScreen.storyboard in Resources */,
				1F13B4C721CB167700EE6927 /* Assets.xcassets in Resources */,
				1F13B4C521CB167500EE6927 /* Main.storyboard in Resources */,
				1FDBBC7D221229B500E03051 /* reader.js in Resources */,
			);
			runOnlyForDeploymentPostprocessing = 0;
		};
		1F19476D21E8255900D1599D /* Resources */ = {
			isa = PBXResourcesBuildPhase;
			buildActionMask = 2147483647;
			files = (
				1FDBBC7B2210E31300E03051 /* share-extension.js in Resources */,
				1F19477521E8255900D1599D /* MainInterface.storyboard in Resources */,
			);
			runOnlyForDeploymentPostprocessing = 0;
		};
/* End PBXResourcesBuildPhase section */

/* Begin PBXSourcesBuildPhase section */
		1F13B4B821CB167500EE6927 /* Sources */ = {
			isa = PBXSourcesBuildPhase;
			buildActionMask = 2147483647;
			files = (
				1F13B4F521D2B5A300EE6927 /* SourceParseResult.swift in Sources */,
				1F13B4F721D2B5DA00EE6927 /* AuthorParseResult.swift in Sources */,
				1F8768D0225F9EA4002B5D16 /* UIViewControllerExtension.swift in Sources */,
				1F8768D222692AB8002B5D16 /* PostCommentForm.swift in Sources */,
				1F12E66821D6A1B4001553F9 /* ProgressBarView.swift in Sources */,
				1F8768B822318B54002B5D16 /* AppBundleInfo.swift in Sources */,
				1F13B4D821CC667D00EE6927 /* WebAppViewController.swift in Sources */,
				1F8768B522318829002B5D16 /* SharedBundleInfo.swift in Sources */,
				1F8768DB2269390D002B5D16 /* UserAccountRole.swift in Sources */,
				1F8768D822693700002B5D16 /* UserAccount.swift in Sources */,
				1F19479F21EAAA9100D1599D /* WebViewContainer.swift in Sources */,
				1F8768C4223AE0B0002B5D16 /* ShareBlockerSource.swift in Sources */,
				1F8768BC22381137002B5D16 /* ClipboardReferrer.swift in Sources */,
				1F19476621E4033200D1599D /* WebViewContainerState.swift in Sources */,
				1F19471A21DEF3A700D1599D /* CommitReadStateEvent.swift in Sources */,
				1F8768D522692B7F002B5D16 /* CommentThread.swift in Sources */,
				1F8768DE2270C4B5002B5D16 /* PostCommentResult.swift in Sources */,
				1F19471F21DF005C00D1599D /* CallEnvelope.swift in Sources */,
				1F8768C02239C04B002B5D16 /* ShareDataStringSource.swift in Sources */,
				1FDBBC8522173D9400E03051 /* Rating.swift in Sources */,
				1F13B4F321D2B58300EE6927 /* ArticleParseResult.swift in Sources */,
				1F13B4FB21D2D04900EE6927 /* ReadStateCommitData.swift in Sources */,
				1F8768C6223AF9B6002B5D16 /* ShareDataURLSource.swift in Sources */,
				1F53AAEB2200B9DD0002C6FB /* ArticleReference.swift in Sources */,
				1F19479121EA98AC00D1599D /* ArticleProcessing.swift in Sources */,
				1F13B4EB21D2AAA900EE6927 /* UserPage.swift in Sources */,
				1FC0D61C231AD29500E4DD9A /* PostForm.swift in Sources */,
				1F13B4E821D2906E00EE6927 /* ArticleViewController.swift in Sources */,
				1F19472321DF007A00D1599D /* ResponseCallback.swift in Sources */,
				1FDBBC7622109CFA00E03051 /* ScriptUpdater.swift in Sources */,
				1F53AAED220115710002C6FB /* SharedCookieStore.swift in Sources */,
				1F8768BA2231AC0D002B5D16 /* ShareData.swift in Sources */,
				1F19479A21EAA93B00D1599D /* MessageWebViewDelegate.swift in Sources */,
				1F8768C22239CD70002B5D16 /* EmailShareData.swift in Sources */,
				1FC0D619231AD23100E4DD9A /* Post.swift in Sources */,
				1FDBBC7422109CED00E03051 /* WebViewScript.swift in Sources */,
				1F19471821DEDA0800D1599D /* DateDecodingStrategy.swift in Sources */,
				1F13B4EF21D2B3DE00EE6927 /* ArticleLookupResult.swift in Sources */,
				1FDBBC7822109D0F00E03051 /* SemanticVersion.swift in Sources */,
				1F19479721EAA42E00D1599D /* MessageWebView.swift in Sources */,
				1F19479421EA9C1900D1599D /* APIServer.swift in Sources */,
				1F1947A121EAAF7200D1599D /* HTMLTagReplacement.swift in Sources */,
				1F13B4C021CB167500EE6927 /* AppDelegate.swift in Sources */,
				1F13B4F121D2B48200EE6927 /* PageParseResult.swift in Sources */,
				1F19472721DF0F4200D1599D /* ArticleUpdatedEvent.swift in Sources */,
				1F4D985922FF0AFA009076D1 /* ArticleProcessingMode.swift in Sources */,
				1F2E54D122C50129002D52E6 /* LeaderboardBadge.swift in Sources */,
				1F19471D21DF004A00D1599D /* Message.swift in Sources */,
				1F13B4F921D2B5E700EE6927 /* PageLinkParseResult.swift in Sources */,
				1F13B4ED21D2ABA300EE6927 /* Article.swift in Sources */,
				1F1947B621EAB3E600D1599D /* WebViewContainerDelegate.swift in Sources */,
				1F19472121DF006B00D1599D /* ResponseEnvelope.swift in Sources */,
				1F13B4FD21D2D0B500EE6927 /* ArticleViewControllerParams.swift in Sources */,
				1FC0D616231AD1C200E4DD9A /* PostComment.swift in Sources */,
			);
			runOnlyForDeploymentPostprocessing = 0;
		};
		1F19476B21E8255900D1599D /* Sources */ = {
			isa = PBXSourcesBuildPhase;
			buildActionMask = 2147483647;
			files = (
				1F1947AA21EAB0FA00D1599D /* HTMLTagReplacement.swift in Sources */,
				1F1947C521EAC5A800D1599D /* CommitReadStateEvent.swift in Sources */,
				1F53AAEE220115710002C6FB /* SharedCookieStore.swift in Sources */,
				1F8768D322692AB8002B5D16 /* PostCommentForm.swift in Sources */,
				1F1947BF21EAC5A800D1599D /* PageLinkParseResult.swift in Sources */,
				1F1947B821EAC5A800D1599D /* UserPage.swift in Sources */,
				1F1947AF21EAB0FA00D1599D /* ResponseEnvelope.swift in Sources */,
				1F1947A921EAB0FA00D1599D /* ArticleProcessing.swift in Sources */,
				1F1947B221EAB0FA00D1599D /* MessageWebView.swift in Sources */,
				1F1947AD21EAB0FA00D1599D /* Message.swift in Sources */,
				1F1947BA21EAC5A800D1599D /* ArticleLookupResult.swift in Sources */,
				1FDBBC8622173D9400E03051 /* Rating.swift in Sources */,
				1F1947BB21EAC5A800D1599D /* PageParseResult.swift in Sources */,
				1F8768DC2269390D002B5D16 /* UserAccountRole.swift in Sources */,
				1F1947AE21EAB0FA00D1599D /* CallEnvelope.swift in Sources */,
				1F2E54D222C50129002D52E6 /* LeaderboardBadge.swift in Sources */,
				1F8768D922693700002B5D16 /* UserAccount.swift in Sources */,
				1FC0D61D231AD29500E4DD9A /* PostForm.swift in Sources */,
				1FC0D617231AD1C200E4DD9A /* PostComment.swift in Sources */,
				1F8768B622318829002B5D16 /* SharedBundleInfo.swift in Sources */,
				1F1947BD21EAC5A800D1599D /* SourceParseResult.swift in Sources */,
				1F80C94D21ED53AF0060819F /* AlertViewController.swift in Sources */,
				1F4D985A22FF0AFA009076D1 /* ArticleProcessingMode.swift in Sources */,
				1F1947BC21EAC5A800D1599D /* ArticleParseResult.swift in Sources */,
				1F8768B3223187BB002B5D16 /* SemanticVersion.swift in Sources */,
				1F1947B021EAB0FA00D1599D /* ResponseCallback.swift in Sources */,
				1F1947BE21EAC5A800D1599D /* AuthorParseResult.swift in Sources */,
				1F1947C621EAC5A800D1599D /* ArticleUpdatedEvent.swift in Sources */,
				1F8768DF2270C4B5002B5D16 /* PostCommentResult.swift in Sources */,
				1FC0D61A231AD23100E4DD9A /* Post.swift in Sources */,
				1F1947B721EABB0400D1599D /* DateDecodingStrategy.swift in Sources */,
				1F1947B321EAB0FA00D1599D /* MessageWebViewDelegate.swift in Sources */,
				1F7870712295B88A003493DE /* WebViewScript.swift in Sources */,
				1F1947C021EAC5A800D1599D /* ReadStateCommitData.swift in Sources */,
				1F1947B921EAC5A800D1599D /* Article.swift in Sources */,
				1F8768D622692B7F002B5D16 /* CommentThread.swift in Sources */,
				1F19477221E8255900D1599D /* ShareViewController.swift in Sources */,
				1F1947B421EAB0FA00D1599D /* APIServer.swift in Sources */,
			);
			runOnlyForDeploymentPostprocessing = 0;
		};
/* End PBXSourcesBuildPhase section */

/* Begin PBXTargetDependency section */
		1F19477821E8255900D1599D /* PBXTargetDependency */ = {
			isa = PBXTargetDependency;
			target = 1F19476E21E8255900D1599D /* share-extension */;
			targetProxy = 1F19477721E8255900D1599D /* PBXContainerItemProxy */;
		};
/* End PBXTargetDependency section */

/* Begin PBXVariantGroup section */
		1F13B4C321CB167500EE6927 /* Main.storyboard */ = {
			isa = PBXVariantGroup;
			children = (
				1F13B4C421CB167500EE6927 /* Base */,
			);
			name = Main.storyboard;
			sourceTree = "<group>";
		};
		1F13B4C821CB167700EE6927 /* LaunchScreen.storyboard */ = {
			isa = PBXVariantGroup;
			children = (
				1F13B4C921CB167700EE6927 /* Base */,
			);
			name = LaunchScreen.storyboard;
			sourceTree = "<group>";
		};
		1F19477321E8255900D1599D /* MainInterface.storyboard */ = {
			isa = PBXVariantGroup;
			children = (
				1F19477421E8255900D1599D /* Base */,
			);
			name = MainInterface.storyboard;
			sourceTree = "<group>";
		};
/* End PBXVariantGroup section */

/* Begin XCBuildConfiguration section */
		1F13B4CC21CB167700EE6927 /* Debug */ = {
			isa = XCBuildConfiguration;
			buildSettings = {
				ALWAYS_SEARCH_USER_PATHS = NO;
				CLANG_ANALYZER_NONNULL = YES;
				CLANG_ANALYZER_NUMBER_OBJECT_CONVERSION = YES_AGGRESSIVE;
				CLANG_CXX_LANGUAGE_STANDARD = "gnu++14";
				CLANG_CXX_LIBRARY = "libc++";
				CLANG_ENABLE_MODULES = YES;
				CLANG_ENABLE_OBJC_ARC = YES;
				CLANG_ENABLE_OBJC_WEAK = YES;
				CLANG_WARN_BLOCK_CAPTURE_AUTORELEASING = YES;
				CLANG_WARN_BOOL_CONVERSION = YES;
				CLANG_WARN_COMMA = YES;
				CLANG_WARN_CONSTANT_CONVERSION = YES;
				CLANG_WARN_DEPRECATED_OBJC_IMPLEMENTATIONS = YES;
				CLANG_WARN_DIRECT_OBJC_ISA_USAGE = YES_ERROR;
				CLANG_WARN_DOCUMENTATION_COMMENTS = YES;
				CLANG_WARN_EMPTY_BODY = YES;
				CLANG_WARN_ENUM_CONVERSION = YES;
				CLANG_WARN_INFINITE_RECURSION = YES;
				CLANG_WARN_INT_CONVERSION = YES;
				CLANG_WARN_NON_LITERAL_NULL_CONVERSION = YES;
				CLANG_WARN_OBJC_IMPLICIT_RETAIN_SELF = YES;
				CLANG_WARN_OBJC_LITERAL_CONVERSION = YES;
				CLANG_WARN_OBJC_ROOT_CLASS = YES_ERROR;
				CLANG_WARN_RANGE_LOOP_ANALYSIS = YES;
				CLANG_WARN_STRICT_PROTOTYPES = YES;
				CLANG_WARN_SUSPICIOUS_MOVE = YES;
				CLANG_WARN_UNGUARDED_AVAILABILITY = YES_AGGRESSIVE;
				CLANG_WARN_UNREACHABLE_CODE = YES;
				CLANG_WARN__DUPLICATE_METHOD_MATCH = YES;
				CODE_SIGN_IDENTITY = "iPhone Developer";
				COPY_PHASE_STRIP = NO;
				DEBUG_INFORMATION_FORMAT = dwarf;
				ENABLE_STRICT_OBJC_MSGSEND = YES;
				ENABLE_TESTABILITY = YES;
				GCC_C_LANGUAGE_STANDARD = gnu11;
				GCC_DYNAMIC_NO_PIC = NO;
				GCC_NO_COMMON_BLOCKS = YES;
				GCC_OPTIMIZATION_LEVEL = 0;
				GCC_PREPROCESSOR_DEFINITIONS = (
					"DEBUG=1",
					"$(inherited)",
				);
				GCC_WARN_64_TO_32_BIT_CONVERSION = YES;
				GCC_WARN_ABOUT_RETURN_TYPE = YES_ERROR;
				GCC_WARN_UNDECLARED_SELECTOR = YES;
				GCC_WARN_UNINITIALIZED_AUTOS = YES_AGGRESSIVE;
				GCC_WARN_UNUSED_FUNCTION = YES;
				GCC_WARN_UNUSED_VARIABLE = YES;
				IPHONEOS_DEPLOYMENT_TARGET = 12.1;
				MTL_ENABLE_DEBUG_INFO = INCLUDE_SOURCE;
				MTL_FAST_MATH = YES;
				ONLY_ACTIVE_ARCH = YES;
				SDKROOT = iphoneos;
				SWIFT_ACTIVE_COMPILATION_CONDITIONS = DEBUG;
				SWIFT_OPTIMIZATION_LEVEL = "-Onone";
			};
			name = Debug;
		};
		1F13B4CD21CB167700EE6927 /* Release */ = {
			isa = XCBuildConfiguration;
			buildSettings = {
				ALWAYS_SEARCH_USER_PATHS = NO;
				CLANG_ANALYZER_NONNULL = YES;
				CLANG_ANALYZER_NUMBER_OBJECT_CONVERSION = YES_AGGRESSIVE;
				CLANG_CXX_LANGUAGE_STANDARD = "gnu++14";
				CLANG_CXX_LIBRARY = "libc++";
				CLANG_ENABLE_MODULES = YES;
				CLANG_ENABLE_OBJC_ARC = YES;
				CLANG_ENABLE_OBJC_WEAK = YES;
				CLANG_WARN_BLOCK_CAPTURE_AUTORELEASING = YES;
				CLANG_WARN_BOOL_CONVERSION = YES;
				CLANG_WARN_COMMA = YES;
				CLANG_WARN_CONSTANT_CONVERSION = YES;
				CLANG_WARN_DEPRECATED_OBJC_IMPLEMENTATIONS = YES;
				CLANG_WARN_DIRECT_OBJC_ISA_USAGE = YES_ERROR;
				CLANG_WARN_DOCUMENTATION_COMMENTS = YES;
				CLANG_WARN_EMPTY_BODY = YES;
				CLANG_WARN_ENUM_CONVERSION = YES;
				CLANG_WARN_INFINITE_RECURSION = YES;
				CLANG_WARN_INT_CONVERSION = YES;
				CLANG_WARN_NON_LITERAL_NULL_CONVERSION = YES;
				CLANG_WARN_OBJC_IMPLICIT_RETAIN_SELF = YES;
				CLANG_WARN_OBJC_LITERAL_CONVERSION = YES;
				CLANG_WARN_OBJC_ROOT_CLASS = YES_ERROR;
				CLANG_WARN_RANGE_LOOP_ANALYSIS = YES;
				CLANG_WARN_STRICT_PROTOTYPES = YES;
				CLANG_WARN_SUSPICIOUS_MOVE = YES;
				CLANG_WARN_UNGUARDED_AVAILABILITY = YES_AGGRESSIVE;
				CLANG_WARN_UNREACHABLE_CODE = YES;
				CLANG_WARN__DUPLICATE_METHOD_MATCH = YES;
				CODE_SIGN_IDENTITY = "iPhone Developer";
				COPY_PHASE_STRIP = NO;
				DEBUG_INFORMATION_FORMAT = "dwarf-with-dsym";
				ENABLE_NS_ASSERTIONS = NO;
				ENABLE_STRICT_OBJC_MSGSEND = YES;
				GCC_C_LANGUAGE_STANDARD = gnu11;
				GCC_NO_COMMON_BLOCKS = YES;
				GCC_WARN_64_TO_32_BIT_CONVERSION = YES;
				GCC_WARN_ABOUT_RETURN_TYPE = YES_ERROR;
				GCC_WARN_UNDECLARED_SELECTOR = YES;
				GCC_WARN_UNINITIALIZED_AUTOS = YES_AGGRESSIVE;
				GCC_WARN_UNUSED_FUNCTION = YES;
				GCC_WARN_UNUSED_VARIABLE = YES;
				IPHONEOS_DEPLOYMENT_TARGET = 12.1;
				MTL_ENABLE_DEBUG_INFO = NO;
				MTL_FAST_MATH = YES;
				SDKROOT = iphoneos;
				SWIFT_COMPILATION_MODE = wholemodule;
				SWIFT_OPTIMIZATION_LEVEL = "-O";
				VALIDATE_PRODUCT = YES;
			};
			name = Release;
		};
		1F13B4CF21CB167700EE6927 /* Debug */ = {
			isa = XCBuildConfiguration;
			buildSettings = {
				ALWAYS_EMBED_SWIFT_STANDARD_LIBRARIES = YES;
				ASSETCATALOG_COMPILER_APPICON_NAME = AppIcon;
				CODE_SIGN_ENTITLEMENTS = ios/ios.entitlements;
				CODE_SIGN_STYLE = Automatic;
				DEVELOPMENT_TEAM = PRH8B2NRNT;
				FRAMEWORK_SEARCH_PATHS = "$(inherited)";
				INFOPLIST_FILE = ios/Debug.plist;
				IPHONEOS_DEPLOYMENT_TARGET = 11.0;
				LD_RUNPATH_SEARCH_PATHS = (
					"$(inherited)",
					"@executable_path/Frameworks",
				);
				PRODUCT_BUNDLE_IDENTIFIER = it.reallyread.mobile;
				PRODUCT_NAME = "$(TARGET_NAME)";
				SWIFT_VERSION = 4.2;
				TARGETED_DEVICE_FAMILY = "1,2";
			};
			name = Debug;
		};
		1F13B4D021CB167700EE6927 /* Release */ = {
			isa = XCBuildConfiguration;
			buildSettings = {
				ALWAYS_EMBED_SWIFT_STANDARD_LIBRARIES = YES;
				ASSETCATALOG_COMPILER_APPICON_NAME = AppIcon;
				CODE_SIGN_ENTITLEMENTS = ios/ios.entitlements;
				CODE_SIGN_STYLE = Automatic;
				DEVELOPMENT_TEAM = PRH8B2NRNT;
				FRAMEWORK_SEARCH_PATHS = "$(inherited)";
				INFOPLIST_FILE = ios/Release.plist;
				IPHONEOS_DEPLOYMENT_TARGET = 11.0;
				LD_RUNPATH_SEARCH_PATHS = (
					"$(inherited)",
					"@executable_path/Frameworks",
				);
				PRODUCT_BUNDLE_IDENTIFIER = it.reallyread.mobile;
				PRODUCT_NAME = "$(TARGET_NAME)";
				SWIFT_VERSION = 4.2;
				TARGETED_DEVICE_FAMILY = "1,2";
			};
			name = Release;
		};
		1F19477B21E8255900D1599D /* Debug */ = {
			isa = XCBuildConfiguration;
			buildSettings = {
				CODE_SIGN_ENTITLEMENTS = "share-extension/share-extension.entitlements";
				CODE_SIGN_STYLE = Automatic;
				DEVELOPMENT_TEAM = PRH8B2NRNT;
				INFOPLIST_FILE = "share-extension/Debug.plist";
				LD_RUNPATH_SEARCH_PATHS = (
					"$(inherited)",
					"@executable_path/Frameworks",
					"@executable_path/../../Frameworks",
				);
				PRODUCT_BUNDLE_IDENTIFIER = "it.reallyread.mobile.share-extension";
				PRODUCT_NAME = "$(TARGET_NAME)";
				SKIP_INSTALL = YES;
				SWIFT_VERSION = 4.2;
				TARGETED_DEVICE_FAMILY = "1,2";
			};
			name = Debug;
		};
		1F19477C21E8255900D1599D /* Release */ = {
			isa = XCBuildConfiguration;
			buildSettings = {
				CODE_SIGN_ENTITLEMENTS = "share-extension/share-extension.entitlements";
				CODE_SIGN_STYLE = Automatic;
				DEVELOPMENT_TEAM = PRH8B2NRNT;
				INFOPLIST_FILE = "share-extension/Release.plist";
				LD_RUNPATH_SEARCH_PATHS = (
					"$(inherited)",
					"@executable_path/Frameworks",
					"@executable_path/../../Frameworks",
				);
				PRODUCT_BUNDLE_IDENTIFIER = "it.reallyread.mobile.share-extension";
				PRODUCT_NAME = "$(TARGET_NAME)";
				SKIP_INSTALL = YES;
				SWIFT_VERSION = 4.2;
				TARGETED_DEVICE_FAMILY = "1,2";
			};
			name = Release;
		};
/* End XCBuildConfiguration section */

/* Begin XCConfigurationList section */
		1F13B4B721CB167500EE6927 /* Build configuration list for PBXProject "ios" */ = {
			isa = XCConfigurationList;
			buildConfigurations = (
				1F13B4CC21CB167700EE6927 /* Debug */,
				1F13B4CD21CB167700EE6927 /* Release */,
			);
			defaultConfigurationIsVisible = 0;
			defaultConfigurationName = Release;
		};
		1F13B4CE21CB167700EE6927 /* Build configuration list for PBXNativeTarget "ios" */ = {
			isa = XCConfigurationList;
			buildConfigurations = (
				1F13B4CF21CB167700EE6927 /* Debug */,
				1F13B4D021CB167700EE6927 /* Release */,
			);
			defaultConfigurationIsVisible = 0;
			defaultConfigurationName = Release;
		};
		1F19477A21E8255900D1599D /* Build configuration list for PBXNativeTarget "share-extension" */ = {
			isa = XCConfigurationList;
			buildConfigurations = (
				1F19477B21E8255900D1599D /* Debug */,
				1F19477C21E8255900D1599D /* Release */,
			);
			defaultConfigurationIsVisible = 0;
			defaultConfigurationName = Release;
		};
/* End XCConfigurationList section */
	};
	rootObject = 1F13B4B421CB167500EE6927 /* Project object */;
}
