// !$*UTF8*$!
{
	archiveVersion = 1;
	classes = {
	};
	objectVersion = 50;
	objects = {

/* Begin PBXBuildFile section */
		1F13B4C021CB167500EE6927 /* AppDelegate.swift in Sources */ = {isa = PBXBuildFile; fileRef = 1F13B4BF21CB167500EE6927 /* AppDelegate.swift */; };
		1F13B4C521CB167500EE6927 /* Main.storyboard in Resources */ = {isa = PBXBuildFile; fileRef = 1F13B4C321CB167500EE6927 /* Main.storyboard */; };
		1F13B4C721CB167700EE6927 /* Assets.xcassets in Resources */ = {isa = PBXBuildFile; fileRef = 1F13B4C621CB167700EE6927 /* Assets.xcassets */; };
		1F13B4CA21CB167700EE6927 /* LaunchScreen.storyboard in Resources */ = {isa = PBXBuildFile; fileRef = 1F13B4C821CB167700EE6927 /* LaunchScreen.storyboard */; };
		1F13B4D321CC117300EE6927 /* WebKit.framework in Frameworks */ = {isa = PBXBuildFile; fileRef = 1F13B4D221CC117300EE6927 /* WebKit.framework */; };
		1F13B4D821CC667D00EE6927 /* WebAppViewController.swift in Sources */ = {isa = PBXBuildFile; fileRef = 1F13B4D721CC667D00EE6927 /* WebAppViewController.swift */; };
		1F13B4E821D2906E00EE6927 /* ArticleViewController.swift in Sources */ = {isa = PBXBuildFile; fileRef = 1F13B4E721D2906E00EE6927 /* ArticleViewController.swift */; };
		1F13B4EB21D2AAA900EE6927 /* UserPage.swift in Sources */ = {isa = PBXBuildFile; fileRef = 1F13B4EA21D2AAA900EE6927 /* UserPage.swift */; };
		1F13B4ED21D2ABA300EE6927 /* UserArticle.swift in Sources */ = {isa = PBXBuildFile; fileRef = 1F13B4EC21D2ABA300EE6927 /* UserArticle.swift */; };
		1F13B4EF21D2B3DE00EE6927 /* ArticleLookupResult.swift in Sources */ = {isa = PBXBuildFile; fileRef = 1F13B4EE21D2B3DE00EE6927 /* ArticleLookupResult.swift */; };
		1F13B4F121D2B48200EE6927 /* PageParseResult.swift in Sources */ = {isa = PBXBuildFile; fileRef = 1F13B4F021D2B48200EE6927 /* PageParseResult.swift */; };
		1F13B4F321D2B58300EE6927 /* ArticleParseResult.swift in Sources */ = {isa = PBXBuildFile; fileRef = 1F13B4F221D2B58300EE6927 /* ArticleParseResult.swift */; };
		1F13B4F521D2B5A300EE6927 /* SourceParseResult.swift in Sources */ = {isa = PBXBuildFile; fileRef = 1F13B4F421D2B5A300EE6927 /* SourceParseResult.swift */; };
		1F13B4F721D2B5DA00EE6927 /* AuthorParseResult.swift in Sources */ = {isa = PBXBuildFile; fileRef = 1F13B4F621D2B5DA00EE6927 /* AuthorParseResult.swift */; };
		1F13B4F921D2B5E700EE6927 /* PageLinkParseResult.swift in Sources */ = {isa = PBXBuildFile; fileRef = 1F13B4F821D2B5E700EE6927 /* PageLinkParseResult.swift */; };
		1F13B4FB21D2D04900EE6927 /* ReadStateCommitData.swift in Sources */ = {isa = PBXBuildFile; fileRef = 1F13B4FA21D2D04900EE6927 /* ReadStateCommitData.swift */; };
		1F13B4FD21D2D0B500EE6927 /* ArticleViewControllerParams.swift in Sources */ = {isa = PBXBuildFile; fileRef = 1F13B4FC21D2D0B500EE6927 /* ArticleViewControllerParams.swift */; };
		1F13B4FF21D2D10C00EE6927 /* ArticleViewControllerArticleParam.swift in Sources */ = {isa = PBXBuildFile; fileRef = 1F13B4FE21D2D10C00EE6927 /* ArticleViewControllerArticleParam.swift */; };
		1F13B50821D4445F00EE6927 /* ContentScript.js in Resources */ = {isa = PBXBuildFile; fileRef = 1F13B50721D4445F00EE6927 /* ContentScript.js */; };
		1F13B50A21D4480700EE6927 /* ContentScriptMessagingShim.js in Resources */ = {isa = PBXBuildFile; fileRef = 1F13B50921D4480700EE6927 /* ContentScriptMessagingShim.js */; };
		1F13B50C21D5298A00EE6927 /* WebViewMessagingContext.js in Resources */ = {isa = PBXBuildFile; fileRef = 1F13B50B21D5298900EE6927 /* WebViewMessagingContext.js */; };
		1F13B50E21D52B6700EE6927 /* WebViewMessagingContextAmdModuleShim.js in Resources */ = {isa = PBXBuildFile; fileRef = 1F13B50D21D52B6700EE6927 /* WebViewMessagingContextAmdModuleShim.js */; };
		1F13B51021D58E6D00EE6927 /* ContentScriptConfig.swift in Sources */ = {isa = PBXBuildFile; fileRef = 1F13B50F21D58E6D00EE6927 /* ContentScriptConfig.swift */; };
		1F13B51221D58EB900EE6927 /* ContentScriptInitData.swift in Sources */ = {isa = PBXBuildFile; fileRef = 1F13B51121D58EB900EE6927 /* ContentScriptInitData.swift */; };
		1F13B51421D58F5000EE6927 /* SourceRuleAction.swift in Sources */ = {isa = PBXBuildFile; fileRef = 1F13B51321D58F5000EE6927 /* SourceRuleAction.swift */; };
		1F13B51621D5901D00EE6927 /* SourceRule.swift in Sources */ = {isa = PBXBuildFile; fileRef = 1F13B51521D5901D00EE6927 /* SourceRule.swift */; };
/* End PBXBuildFile section */

/* Begin PBXFileReference section */
		1F13B4BC21CB167500EE6927 /* ios.app */ = {isa = PBXFileReference; explicitFileType = wrapper.application; includeInIndex = 0; path = ios.app; sourceTree = BUILT_PRODUCTS_DIR; };
		1F13B4BF21CB167500EE6927 /* AppDelegate.swift */ = {isa = PBXFileReference; lastKnownFileType = sourcecode.swift; path = AppDelegate.swift; sourceTree = "<group>"; };
		1F13B4C421CB167500EE6927 /* Base */ = {isa = PBXFileReference; lastKnownFileType = file.storyboard; name = Base; path = Base.lproj/Main.storyboard; sourceTree = "<group>"; };
		1F13B4C621CB167700EE6927 /* Assets.xcassets */ = {isa = PBXFileReference; lastKnownFileType = folder.assetcatalog; path = Assets.xcassets; sourceTree = "<group>"; };
		1F13B4C921CB167700EE6927 /* Base */ = {isa = PBXFileReference; lastKnownFileType = file.storyboard; name = Base; path = Base.lproj/LaunchScreen.storyboard; sourceTree = "<group>"; };
		1F13B4CB21CB167700EE6927 /* Info.plist */ = {isa = PBXFileReference; lastKnownFileType = text.plist.xml; path = Info.plist; sourceTree = "<group>"; };
		1F13B4D221CC117300EE6927 /* WebKit.framework */ = {isa = PBXFileReference; lastKnownFileType = wrapper.framework; name = WebKit.framework; path = System/Library/Frameworks/WebKit.framework; sourceTree = SDKROOT; };
		1F13B4D721CC667D00EE6927 /* WebAppViewController.swift */ = {isa = PBXFileReference; lastKnownFileType = sourcecode.swift; path = WebAppViewController.swift; sourceTree = "<group>"; };
		1F13B4E721D2906E00EE6927 /* ArticleViewController.swift */ = {isa = PBXFileReference; lastKnownFileType = sourcecode.swift; path = ArticleViewController.swift; sourceTree = "<group>"; };
		1F13B4EA21D2AAA900EE6927 /* UserPage.swift */ = {isa = PBXFileReference; lastKnownFileType = sourcecode.swift; path = UserPage.swift; sourceTree = "<group>"; };
		1F13B4EC21D2ABA300EE6927 /* UserArticle.swift */ = {isa = PBXFileReference; lastKnownFileType = sourcecode.swift; path = UserArticle.swift; sourceTree = "<group>"; };
		1F13B4EE21D2B3DE00EE6927 /* ArticleLookupResult.swift */ = {isa = PBXFileReference; lastKnownFileType = sourcecode.swift; path = ArticleLookupResult.swift; sourceTree = "<group>"; };
		1F13B4F021D2B48200EE6927 /* PageParseResult.swift */ = {isa = PBXFileReference; lastKnownFileType = sourcecode.swift; path = PageParseResult.swift; sourceTree = "<group>"; };
		1F13B4F221D2B58300EE6927 /* ArticleParseResult.swift */ = {isa = PBXFileReference; lastKnownFileType = sourcecode.swift; path = ArticleParseResult.swift; sourceTree = "<group>"; };
		1F13B4F421D2B5A300EE6927 /* SourceParseResult.swift */ = {isa = PBXFileReference; lastKnownFileType = sourcecode.swift; path = SourceParseResult.swift; sourceTree = "<group>"; };
		1F13B4F621D2B5DA00EE6927 /* AuthorParseResult.swift */ = {isa = PBXFileReference; lastKnownFileType = sourcecode.swift; path = AuthorParseResult.swift; sourceTree = "<group>"; };
		1F13B4F821D2B5E700EE6927 /* PageLinkParseResult.swift */ = {isa = PBXFileReference; lastKnownFileType = sourcecode.swift; path = PageLinkParseResult.swift; sourceTree = "<group>"; };
		1F13B4FA21D2D04900EE6927 /* ReadStateCommitData.swift */ = {isa = PBXFileReference; lastKnownFileType = sourcecode.swift; path = ReadStateCommitData.swift; sourceTree = "<group>"; };
		1F13B4FC21D2D0B500EE6927 /* ArticleViewControllerParams.swift */ = {isa = PBXFileReference; lastKnownFileType = sourcecode.swift; path = ArticleViewControllerParams.swift; sourceTree = "<group>"; };
		1F13B4FE21D2D10C00EE6927 /* ArticleViewControllerArticleParam.swift */ = {isa = PBXFileReference; lastKnownFileType = sourcecode.swift; path = ArticleViewControllerArticleParam.swift; sourceTree = "<group>"; };
		1F13B50721D4445F00EE6927 /* ContentScript.js */ = {isa = PBXFileReference; fileEncoding = 4; lastKnownFileType = sourcecode.javascript; path = ContentScript.js; sourceTree = "<group>"; };
		1F13B50921D4480700EE6927 /* ContentScriptMessagingShim.js */ = {isa = PBXFileReference; lastKnownFileType = sourcecode.javascript; path = ContentScriptMessagingShim.js; sourceTree = "<group>"; };
		1F13B50B21D5298900EE6927 /* WebViewMessagingContext.js */ = {isa = PBXFileReference; fileEncoding = 4; lastKnownFileType = sourcecode.javascript; path = WebViewMessagingContext.js; sourceTree = "<group>"; };
		1F13B50D21D52B6700EE6927 /* WebViewMessagingContextAmdModuleShim.js */ = {isa = PBXFileReference; lastKnownFileType = sourcecode.javascript; path = WebViewMessagingContextAmdModuleShim.js; sourceTree = "<group>"; };
		1F13B50F21D58E6D00EE6927 /* ContentScriptConfig.swift */ = {isa = PBXFileReference; lastKnownFileType = sourcecode.swift; path = ContentScriptConfig.swift; sourceTree = "<group>"; };
		1F13B51121D58EB900EE6927 /* ContentScriptInitData.swift */ = {isa = PBXFileReference; lastKnownFileType = sourcecode.swift; path = ContentScriptInitData.swift; sourceTree = "<group>"; };
		1F13B51321D58F5000EE6927 /* SourceRuleAction.swift */ = {isa = PBXFileReference; lastKnownFileType = sourcecode.swift; path = SourceRuleAction.swift; sourceTree = "<group>"; };
		1F13B51521D5901D00EE6927 /* SourceRule.swift */ = {isa = PBXFileReference; lastKnownFileType = sourcecode.swift; path = SourceRule.swift; sourceTree = "<group>"; };
/* End PBXFileReference section */

/* Begin PBXFrameworksBuildPhase section */
		1F13B4B921CB167500EE6927 /* Frameworks */ = {
			isa = PBXFrameworksBuildPhase;
			buildActionMask = 2147483647;
			files = (
				1F13B4D321CC117300EE6927 /* WebKit.framework in Frameworks */,
			);
			runOnlyForDeploymentPostprocessing = 0;
		};
/* End PBXFrameworksBuildPhase section */

/* Begin PBXGroup section */
		1F13B4B321CB167500EE6927 = {
			isa = PBXGroup;
			children = (
				1F13B4BE21CB167500EE6927 /* ios */,
				1F13B4BD21CB167500EE6927 /* Products */,
				1F13B4D121CC117300EE6927 /* Frameworks */,
			);
			sourceTree = "<group>";
		};
		1F13B4BD21CB167500EE6927 /* Products */ = {
			isa = PBXGroup;
			children = (
				1F13B4BC21CB167500EE6927 /* ios.app */,
			);
			name = Products;
			sourceTree = "<group>";
		};
		1F13B4BE21CB167500EE6927 /* ios */ = {
			isa = PBXGroup;
			children = (
				1F13B50421D443CC00EE6927 /* Resources */,
				1F13B4E921D2AA9500EE6927 /* Models */,
				1F13B4D421CC334400EE6927 /* ViewControllers */,
				1F13B4BF21CB167500EE6927 /* AppDelegate.swift */,
				1F13B4C321CB167500EE6927 /* Main.storyboard */,
				1F13B4C621CB167700EE6927 /* Assets.xcassets */,
				1F13B4C821CB167700EE6927 /* LaunchScreen.storyboard */,
				1F13B4CB21CB167700EE6927 /* Info.plist */,
			);
			path = ios;
			sourceTree = "<group>";
		};
		1F13B4D121CC117300EE6927 /* Frameworks */ = {
			isa = PBXGroup;
			children = (
				1F13B4D221CC117300EE6927 /* WebKit.framework */,
			);
			name = Frameworks;
			sourceTree = "<group>";
		};
		1F13B4D421CC334400EE6927 /* ViewControllers */ = {
			isa = PBXGroup;
			children = (
				1F13B4D721CC667D00EE6927 /* WebAppViewController.swift */,
				1F13B4E721D2906E00EE6927 /* ArticleViewController.swift */,
				1F13B4FC21D2D0B500EE6927 /* ArticleViewControllerParams.swift */,
				1F13B4FE21D2D10C00EE6927 /* ArticleViewControllerArticleParam.swift */,
			);
			path = ViewControllers;
			sourceTree = "<group>";
		};
		1F13B4E921D2AA9500EE6927 /* Models */ = {
			isa = PBXGroup;
			children = (
				1F13B4EA21D2AAA900EE6927 /* UserPage.swift */,
				1F13B4EC21D2ABA300EE6927 /* UserArticle.swift */,
				1F13B4EE21D2B3DE00EE6927 /* ArticleLookupResult.swift */,
				1F13B4F021D2B48200EE6927 /* PageParseResult.swift */,
				1F13B4F221D2B58300EE6927 /* ArticleParseResult.swift */,
				1F13B4F421D2B5A300EE6927 /* SourceParseResult.swift */,
				1F13B4F621D2B5DA00EE6927 /* AuthorParseResult.swift */,
				1F13B4F821D2B5E700EE6927 /* PageLinkParseResult.swift */,
				1F13B4FA21D2D04900EE6927 /* ReadStateCommitData.swift */,
				1F13B50F21D58E6D00EE6927 /* ContentScriptConfig.swift */,
				1F13B51121D58EB900EE6927 /* ContentScriptInitData.swift */,
				1F13B51321D58F5000EE6927 /* SourceRuleAction.swift */,
				1F13B51521D5901D00EE6927 /* SourceRule.swift */,
			);
			path = Models;
			sourceTree = "<group>";
		};
		1F13B50421D443CC00EE6927 /* Resources */ = {
			isa = PBXGroup;
			children = (
				1F13B50B21D5298900EE6927 /* WebViewMessagingContext.js */,
				1F13B50721D4445F00EE6927 /* ContentScript.js */,
				1F13B50921D4480700EE6927 /* ContentScriptMessagingShim.js */,
				1F13B50D21D52B6700EE6927 /* WebViewMessagingContextAmdModuleShim.js */,
			);
			path = Resources;
			sourceTree = "<group>";
		};
/* End PBXGroup section */

/* Begin PBXNativeTarget section */
		1F13B4BB21CB167500EE6927 /* ios */ = {
			isa = PBXNativeTarget;
			buildConfigurationList = 1F13B4CE21CB167700EE6927 /* Build configuration list for PBXNativeTarget "ios" */;
			buildPhases = (
				1F13B4B821CB167500EE6927 /* Sources */,
				1F13B4B921CB167500EE6927 /* Frameworks */,
				1F13B4BA21CB167500EE6927 /* Resources */,
			);
			buildRules = (
			);
			dependencies = (
			);
			name = ios;
			productName = ios;
			productReference = 1F13B4BC21CB167500EE6927 /* ios.app */;
			productType = "com.apple.product-type.application";
		};
/* End PBXNativeTarget section */

/* Begin PBXProject section */
		1F13B4B421CB167500EE6927 /* Project object */ = {
			isa = PBXProject;
			attributes = {
				LastSwiftUpdateCheck = 1010;
				LastUpgradeCheck = 1010;
				ORGANIZATIONNAME = "reallyread.it, inc.";
				TargetAttributes = {
					1F13B4BB21CB167500EE6927 = {
						CreatedOnToolsVersion = 10.1;
					};
				};
			};
			buildConfigurationList = 1F13B4B721CB167500EE6927 /* Build configuration list for PBXProject "ios" */;
			compatibilityVersion = "Xcode 9.3";
			developmentRegion = en;
			hasScannedForEncodings = 0;
			knownRegions = (
				en,
				Base,
			);
			mainGroup = 1F13B4B321CB167500EE6927;
			productRefGroup = 1F13B4BD21CB167500EE6927 /* Products */;
			projectDirPath = "";
			projectRoot = "";
			targets = (
				1F13B4BB21CB167500EE6927 /* ios */,
			);
		};
/* End PBXProject section */

/* Begin PBXResourcesBuildPhase section */
		1F13B4BA21CB167500EE6927 /* Resources */ = {
			isa = PBXResourcesBuildPhase;
			buildActionMask = 2147483647;
			files = (
				1F13B4CA21CB167700EE6927 /* LaunchScreen.storyboard in Resources */,
				1F13B50E21D52B6700EE6927 /* WebViewMessagingContextAmdModuleShim.js in Resources */,
				1F13B50A21D4480700EE6927 /* ContentScriptMessagingShim.js in Resources */,
				1F13B4C721CB167700EE6927 /* Assets.xcassets in Resources */,
				1F13B50821D4445F00EE6927 /* ContentScript.js in Resources */,
				1F13B4C521CB167500EE6927 /* Main.storyboard in Resources */,
				1F13B50C21D5298A00EE6927 /* WebViewMessagingContext.js in Resources */,
			);
			runOnlyForDeploymentPostprocessing = 0;
		};
/* End PBXResourcesBuildPhase section */

/* Begin PBXSourcesBuildPhase section */
		1F13B4B821CB167500EE6927 /* Sources */ = {
			isa = PBXSourcesBuildPhase;
			buildActionMask = 2147483647;
			files = (
				1F13B4F521D2B5A300EE6927 /* SourceParseResult.swift in Sources */,
				1F13B4F721D2B5DA00EE6927 /* AuthorParseResult.swift in Sources */,
				1F13B4D821CC667D00EE6927 /* WebAppViewController.swift in Sources */,
				1F13B51021D58E6D00EE6927 /* ContentScriptConfig.swift in Sources */,
				1F13B51621D5901D00EE6927 /* SourceRule.swift in Sources */,
				1F13B51221D58EB900EE6927 /* ContentScriptInitData.swift in Sources */,
				1F13B51421D58F5000EE6927 /* SourceRuleAction.swift in Sources */,
				1F13B4F321D2B58300EE6927 /* ArticleParseResult.swift in Sources */,
				1F13B4FB21D2D04900EE6927 /* ReadStateCommitData.swift in Sources */,
				1F13B4EB21D2AAA900EE6927 /* UserPage.swift in Sources */,
				1F13B4E821D2906E00EE6927 /* ArticleViewController.swift in Sources */,
				1F13B4EF21D2B3DE00EE6927 /* ArticleLookupResult.swift in Sources */,
				1F13B4C021CB167500EE6927 /* AppDelegate.swift in Sources */,
				1F13B4F121D2B48200EE6927 /* PageParseResult.swift in Sources */,
				1F13B4FF21D2D10C00EE6927 /* ArticleViewControllerArticleParam.swift in Sources */,
				1F13B4F921D2B5E700EE6927 /* PageLinkParseResult.swift in Sources */,
				1F13B4ED21D2ABA300EE6927 /* UserArticle.swift in Sources */,
				1F13B4FD21D2D0B500EE6927 /* ArticleViewControllerParams.swift in Sources */,
			);
			runOnlyForDeploymentPostprocessing = 0;
		};
/* End PBXSourcesBuildPhase section */

/* Begin PBXVariantGroup section */
		1F13B4C321CB167500EE6927 /* Main.storyboard */ = {
			isa = PBXVariantGroup;
			children = (
				1F13B4C421CB167500EE6927 /* Base */,
			);
			name = Main.storyboard;
			sourceTree = "<group>";
		};
		1F13B4C821CB167700EE6927 /* LaunchScreen.storyboard */ = {
			isa = PBXVariantGroup;
			children = (
				1F13B4C921CB167700EE6927 /* Base */,
			);
			name = LaunchScreen.storyboard;
			sourceTree = "<group>";
		};
/* End PBXVariantGroup section */

/* Begin XCBuildConfiguration section */
		1F13B4CC21CB167700EE6927 /* Debug */ = {
			isa = XCBuildConfiguration;
			buildSettings = {
				ALWAYS_SEARCH_USER_PATHS = NO;
				CLANG_ANALYZER_NONNULL = YES;
				CLANG_ANALYZER_NUMBER_OBJECT_CONVERSION = YES_AGGRESSIVE;
				CLANG_CXX_LANGUAGE_STANDARD = "gnu++14";
				CLANG_CXX_LIBRARY = "libc++";
				CLANG_ENABLE_MODULES = YES;
				CLANG_ENABLE_OBJC_ARC = YES;
				CLANG_ENABLE_OBJC_WEAK = YES;
				CLANG_WARN_BLOCK_CAPTURE_AUTORELEASING = YES;
				CLANG_WARN_BOOL_CONVERSION = YES;
				CLANG_WARN_COMMA = YES;
				CLANG_WARN_CONSTANT_CONVERSION = YES;
				CLANG_WARN_DEPRECATED_OBJC_IMPLEMENTATIONS = YES;
				CLANG_WARN_DIRECT_OBJC_ISA_USAGE = YES_ERROR;
				CLANG_WARN_DOCUMENTATION_COMMENTS = YES;
				CLANG_WARN_EMPTY_BODY = YES;
				CLANG_WARN_ENUM_CONVERSION = YES;
				CLANG_WARN_INFINITE_RECURSION = YES;
				CLANG_WARN_INT_CONVERSION = YES;
				CLANG_WARN_NON_LITERAL_NULL_CONVERSION = YES;
				CLANG_WARN_OBJC_IMPLICIT_RETAIN_SELF = YES;
				CLANG_WARN_OBJC_LITERAL_CONVERSION = YES;
				CLANG_WARN_OBJC_ROOT_CLASS = YES_ERROR;
				CLANG_WARN_RANGE_LOOP_ANALYSIS = YES;
				CLANG_WARN_STRICT_PROTOTYPES = YES;
				CLANG_WARN_SUSPICIOUS_MOVE = YES;
				CLANG_WARN_UNGUARDED_AVAILABILITY = YES_AGGRESSIVE;
				CLANG_WARN_UNREACHABLE_CODE = YES;
				CLANG_WARN__DUPLICATE_METHOD_MATCH = YES;
				CODE_SIGN_IDENTITY = "iPhone Developer";
				COPY_PHASE_STRIP = NO;
				DEBUG_INFORMATION_FORMAT = dwarf;
				ENABLE_STRICT_OBJC_MSGSEND = YES;
				ENABLE_TESTABILITY = YES;
				GCC_C_LANGUAGE_STANDARD = gnu11;
				GCC_DYNAMIC_NO_PIC = NO;
				GCC_NO_COMMON_BLOCKS = YES;
				GCC_OPTIMIZATION_LEVEL = 0;
				GCC_PREPROCESSOR_DEFINITIONS = (
					"DEBUG=1",
					"$(inherited)",
				);
				GCC_WARN_64_TO_32_BIT_CONVERSION = YES;
				GCC_WARN_ABOUT_RETURN_TYPE = YES_ERROR;
				GCC_WARN_UNDECLARED_SELECTOR = YES;
				GCC_WARN_UNINITIALIZED_AUTOS = YES_AGGRESSIVE;
				GCC_WARN_UNUSED_FUNCTION = YES;
				GCC_WARN_UNUSED_VARIABLE = YES;
				IPHONEOS_DEPLOYMENT_TARGET = 12.1;
				MTL_ENABLE_DEBUG_INFO = INCLUDE_SOURCE;
				MTL_FAST_MATH = YES;
				ONLY_ACTIVE_ARCH = YES;
				SDKROOT = iphoneos;
				SWIFT_ACTIVE_COMPILATION_CONDITIONS = DEBUG;
				SWIFT_OPTIMIZATION_LEVEL = "-Onone";
			};
			name = Debug;
		};
		1F13B4CD21CB167700EE6927 /* Release */ = {
			isa = XCBuildConfiguration;
			buildSettings = {
				ALWAYS_SEARCH_USER_PATHS = NO;
				CLANG_ANALYZER_NONNULL = YES;
				CLANG_ANALYZER_NUMBER_OBJECT_CONVERSION = YES_AGGRESSIVE;
				CLANG_CXX_LANGUAGE_STANDARD = "gnu++14";
				CLANG_CXX_LIBRARY = "libc++";
				CLANG_ENABLE_MODULES = YES;
				CLANG_ENABLE_OBJC_ARC = YES;
				CLANG_ENABLE_OBJC_WEAK = YES;
				CLANG_WARN_BLOCK_CAPTURE_AUTORELEASING = YES;
				CLANG_WARN_BOOL_CONVERSION = YES;
				CLANG_WARN_COMMA = YES;
				CLANG_WARN_CONSTANT_CONVERSION = YES;
				CLANG_WARN_DEPRECATED_OBJC_IMPLEMENTATIONS = YES;
				CLANG_WARN_DIRECT_OBJC_ISA_USAGE = YES_ERROR;
				CLANG_WARN_DOCUMENTATION_COMMENTS = YES;
				CLANG_WARN_EMPTY_BODY = YES;
				CLANG_WARN_ENUM_CONVERSION = YES;
				CLANG_WARN_INFINITE_RECURSION = YES;
				CLANG_WARN_INT_CONVERSION = YES;
				CLANG_WARN_NON_LITERAL_NULL_CONVERSION = YES;
				CLANG_WARN_OBJC_IMPLICIT_RETAIN_SELF = YES;
				CLANG_WARN_OBJC_LITERAL_CONVERSION = YES;
				CLANG_WARN_OBJC_ROOT_CLASS = YES_ERROR;
				CLANG_WARN_RANGE_LOOP_ANALYSIS = YES;
				CLANG_WARN_STRICT_PROTOTYPES = YES;
				CLANG_WARN_SUSPICIOUS_MOVE = YES;
				CLANG_WARN_UNGUARDED_AVAILABILITY = YES_AGGRESSIVE;
				CLANG_WARN_UNREACHABLE_CODE = YES;
				CLANG_WARN__DUPLICATE_METHOD_MATCH = YES;
				CODE_SIGN_IDENTITY = "iPhone Developer";
				COPY_PHASE_STRIP = NO;
				DEBUG_INFORMATION_FORMAT = "dwarf-with-dsym";
				ENABLE_NS_ASSERTIONS = NO;
				ENABLE_STRICT_OBJC_MSGSEND = YES;
				GCC_C_LANGUAGE_STANDARD = gnu11;
				GCC_NO_COMMON_BLOCKS = YES;
				GCC_WARN_64_TO_32_BIT_CONVERSION = YES;
				GCC_WARN_ABOUT_RETURN_TYPE = YES_ERROR;
				GCC_WARN_UNDECLARED_SELECTOR = YES;
				GCC_WARN_UNINITIALIZED_AUTOS = YES_AGGRESSIVE;
				GCC_WARN_UNUSED_FUNCTION = YES;
				GCC_WARN_UNUSED_VARIABLE = YES;
				IPHONEOS_DEPLOYMENT_TARGET = 12.1;
				MTL_ENABLE_DEBUG_INFO = NO;
				MTL_FAST_MATH = YES;
				SDKROOT = iphoneos;
				SWIFT_COMPILATION_MODE = wholemodule;
				SWIFT_OPTIMIZATION_LEVEL = "-O";
				VALIDATE_PRODUCT = YES;
			};
			name = Release;
		};
		1F13B4CF21CB167700EE6927 /* Debug */ = {
			isa = XCBuildConfiguration;
			buildSettings = {
				ASSETCATALOG_COMPILER_APPICON_NAME = AppIcon;
				CODE_SIGN_STYLE = Automatic;
				DEVELOPMENT_TEAM = PRH8B2NRNT;
				INFOPLIST_FILE = ios/Info.plist;
				LD_RUNPATH_SEARCH_PATHS = (
					"$(inherited)",
					"@executable_path/Frameworks",
				);
				PRODUCT_BUNDLE_IDENTIFIER = reallyread.it.ios;
				PRODUCT_NAME = "$(TARGET_NAME)";
				SWIFT_VERSION = 4.2;
				TARGETED_DEVICE_FAMILY = "1,2";
			};
			name = Debug;
		};
		1F13B4D021CB167700EE6927 /* Release */ = {
			isa = XCBuildConfiguration;
			buildSettings = {
				ASSETCATALOG_COMPILER_APPICON_NAME = AppIcon;
				CODE_SIGN_STYLE = Automatic;
				DEVELOPMENT_TEAM = PRH8B2NRNT;
				INFOPLIST_FILE = ios/Info.plist;
				LD_RUNPATH_SEARCH_PATHS = (
					"$(inherited)",
					"@executable_path/Frameworks",
				);
				PRODUCT_BUNDLE_IDENTIFIER = reallyread.it.ios;
				PRODUCT_NAME = "$(TARGET_NAME)";
				SWIFT_VERSION = 4.2;
				TARGETED_DEVICE_FAMILY = "1,2";
			};
			name = Release;
		};
/* End XCBuildConfiguration section */

/* Begin XCConfigurationList section */
		1F13B4B721CB167500EE6927 /* Build configuration list for PBXProject "ios" */ = {
			isa = XCConfigurationList;
			buildConfigurations = (
				1F13B4CC21CB167700EE6927 /* Debug */,
				1F13B4CD21CB167700EE6927 /* Release */,
			);
			defaultConfigurationIsVisible = 0;
			defaultConfigurationName = Release;
		};
		1F13B4CE21CB167700EE6927 /* Build configuration list for PBXNativeTarget "ios" */ = {
			isa = XCConfigurationList;
			buildConfigurations = (
				1F13B4CF21CB167700EE6927 /* Debug */,
				1F13B4D021CB167700EE6927 /* Release */,
			);
			defaultConfigurationIsVisible = 0;
			defaultConfigurationName = Release;
		};
/* End XCConfigurationList section */
	};
	rootObject = 1F13B4B421CB167500EE6927 /* Project object */;
}
